// !$*UTF8*$!
{
	archiveVersion = 1;
	classes = {
	};
	objectVersion = 51;
	objects = {

/* Begin PBXBuildFile section */
		223CB8777BF3B1F04F665350 /* StoriesPresenterTests.swift in Sources */ = {isa = PBXBuildFile; fileRef = 5B0973524E7C669B5C27E93D /* StoriesPresenterTests.swift */; };
		2C5287CA0F51E7CC0998F056 /* StoriesRouter.swift in Sources */ = {isa = PBXBuildFile; fileRef = 75288D891967908B4B1CF34C /* StoriesRouter.swift */; };
		2EA036539C9497D818D984D6 /* StoriesConfigurator.swift in Sources */ = {isa = PBXBuildFile; fileRef = B7FD324542D9451B28E97A13 /* StoriesConfigurator.swift */; };
		381A4BCC216800790084F05B /* TopStories.storyboard in Resources */ = {isa = PBXBuildFile; fileRef = 381A4BCB216800790084F05B /* TopStories.storyboard */; };
		381A4BCE2168009F0084F05B /* TopStoriesViewController.swift in Sources */ = {isa = PBXBuildFile; fileRef = 381A4BCD2168009F0084F05B /* TopStoriesViewController.swift */; };
		381A4BD3216806ED0084F05B /* RootViewController.swift in Sources */ = {isa = PBXBuildFile; fileRef = 381A4BD2216806ED0084F05B /* RootViewController.swift */; };
		381A4BD921680ADE0084F05B /* NewsStories.storyboard in Resources */ = {isa = PBXBuildFile; fileRef = 381A4BD821680ADE0084F05B /* NewsStories.storyboard */; };
		381A4BDB21680AEF0084F05B /* NewsStoriesViewController.swift in Sources */ = {isa = PBXBuildFile; fileRef = 381A4BDA21680AEF0084F05B /* NewsStoriesViewController.swift */; };
		381A4BE021680CEF0084F05B /* AskStories.storyboard in Resources */ = {isa = PBXBuildFile; fileRef = 381A4BDF21680CEF0084F05B /* AskStories.storyboard */; };
		381A4BE221680CFB0084F05B /* AskStoriesViewController.swift in Sources */ = {isa = PBXBuildFile; fileRef = 381A4BE121680CFB0084F05B /* AskStoriesViewController.swift */; };
		381A4BE7216810340084F05B /* ShowStoriesViewController.swift in Sources */ = {isa = PBXBuildFile; fileRef = 381A4BE6216810340084F05B /* ShowStoriesViewController.swift */; };
		381A4BEA216810520084F05B /* ShowStories.storyboard in Resources */ = {isa = PBXBuildFile; fileRef = 381A4BE9216810520084F05B /* ShowStories.storyboard */; };
		382F1AAD217E70E4001D89A4 /* CommentsViewController.swift in Sources */ = {isa = PBXBuildFile; fileRef = 382F1AAC217E70E4001D89A4 /* CommentsViewController.swift */; };
		382F1AB1217E7105001D89A4 /* Comments.storyboard in Resources */ = {isa = PBXBuildFile; fileRef = 382F1AB0217E7105001D89A4 /* Comments.storyboard */; };
		382F1AB4217E7201001D89A4 /* CommentTableViewCell.xib in Resources */ = {isa = PBXBuildFile; fileRef = 382F1AB3217E7201001D89A4 /* CommentTableViewCell.xib */; };
		382F1AB6217E7225001D89A4 /* CommentTableViewCell.swift in Sources */ = {isa = PBXBuildFile; fileRef = 382F1AB5217E7225001D89A4 /* CommentTableViewCell.swift */; };
		384F0821219E07D30029ADDD /* Alertable.swift in Sources */ = {isa = PBXBuildFile; fileRef = 384F0820219E07D30029ADDD /* Alertable.swift */; };
		385CCA5E2188F23A0025AC42 /* LoadingTableViewCell.swift in Sources */ = {isa = PBXBuildFile; fileRef = 385CCA5D2188F23A0025AC42 /* LoadingTableViewCell.swift */; };
		385CCA602188F24F0025AC42 /* LoadingTableViewCell.xib in Resources */ = {isa = PBXBuildFile; fileRef = 385CCA5F2188F24F0025AC42 /* LoadingTableViewCell.xib */; };
		3860B559219F2DD800D2CC03 /* fabric.buildsecret in Resources */ = {isa = PBXBuildFile; fileRef = 3860B557219F2DD800D2CC03 /* fabric.buildsecret */; };
		3860B55A219F2DD800D2CC03 /* fabric.apikey in Resources */ = {isa = PBXBuildFile; fileRef = 3860B558219F2DD800D2CC03 /* fabric.apikey */; };
		3867CB6F215FB264003C0658 /* Date+.swift in Sources */ = {isa = PBXBuildFile; fileRef = 3867CB6E215FB264003C0658 /* Date+.swift */; };
		389F80AB218F8EC8003F2A55 /* StoriesListDataSource.swift in Sources */ = {isa = PBXBuildFile; fileRef = 389F80AA218F8EC8003F2A55 /* StoriesListDataSource.swift */; };
		38BF9C07215D494F0080C57C /* NetworkManager.framework in Frameworks */ = {isa = PBXBuildFile; fileRef = 38BF9C06215D494F0080C57C /* NetworkManager.framework */; };
		38BF9C08215D494F0080C57C /* NetworkManager.framework in Embed Frameworks */ = {isa = PBXBuildFile; fileRef = 38BF9C06215D494F0080C57C /* NetworkManager.framework */; settings = {ATTRIBUTES = (CodeSignOnCopy, RemoveHeadersOnCopy, ); }; };
		38DF2B58218B9ACA00F03B9E /* StoriesLoader.swift in Sources */ = {isa = PBXBuildFile; fileRef = 38DF2B57218B9ACA00F03B9E /* StoriesLoader.swift */; };
		38F7969A2198A2710083EFEF /* String+.swift in Sources */ = {isa = PBXBuildFile; fileRef = 38F796992198A2710083EFEF /* String+.swift */; };
		3C63C91DAA87693F4AF304FD /* StoriesConfiguratorTests.swift in Sources */ = {isa = PBXBuildFile; fileRef = BB7D49B681E9B168FE7B4F96 /* StoriesConfiguratorTests.swift */; };
		4FBF586447B5D27D3FFE8695 /* StoriesViewInput.swift in Sources */ = {isa = PBXBuildFile; fileRef = 6C54504D79E3203454D65767 /* StoriesViewInput.swift */; };
		5A6FF6C124182107003F9B9D /* ApplicationAssembler.swift in Sources */ = {isa = PBXBuildFile; fileRef = 5A6FF6C024182107003F9B9D /* ApplicationAssembler.swift */; };
		5A6FF6C324182BDF003F9B9D /* StoriesAssembler.swift in Sources */ = {isa = PBXBuildFile; fileRef = 5A6FF6C224182BDF003F9B9D /* StoriesAssembler.swift */; };
		5AE2EDCD24103C9B0011A198 /* RootModuleAssembly.swift in Sources */ = {isa = PBXBuildFile; fileRef = 5AE2EDCC24103C9B0011A198 /* RootModuleAssembly.swift */; };
		5AE2EDD024103CDB0011A198 /* RootConfigurator.swift in Sources */ = {isa = PBXBuildFile; fileRef = 5AE2EDCF24103CDB0011A198 /* RootConfigurator.swift */; };
		5AE2EDD424103EED0011A198 /* MainTabBarConfigurator.swift in Sources */ = {isa = PBXBuildFile; fileRef = 5AE2EDD324103EED0011A198 /* MainTabBarConfigurator.swift */; };
		5AE2EDD724103F1D0011A198 /* MainTabBarAssembly.swift in Sources */ = {isa = PBXBuildFile; fileRef = 5AE2EDD624103F1D0011A198 /* MainTabBarAssembly.swift */; };
		5AE2EDDA241040420011A198 /* TabBarViewProtocol.swift in Sources */ = {isa = PBXBuildFile; fileRef = 5AE2EDD9241040420011A198 /* TabBarViewProtocol.swift */; };
		5AE2EDDD241040A40011A198 /* MainTabBarViewController.swift in Sources */ = {isa = PBXBuildFile; fileRef = 5AE2EDDC241040A40011A198 /* MainTabBarViewController.swift */; };
		5AE2EDE0241045D60011A198 /* Presentable.swift in Sources */ = {isa = PBXBuildFile; fileRef = 5AE2EDDF241045D60011A198 /* Presentable.swift */; };
		5AE2EDE2241046210011A198 /* UINavigationController+.swift in Sources */ = {isa = PBXBuildFile; fileRef = 5AE2EDE1241046210011A198 /* UINavigationController+.swift */; };
		5AE2EDE4241046730011A198 /* TransitionHandler.swift in Sources */ = {isa = PBXBuildFile; fileRef = 5AE2EDE3241046730011A198 /* TransitionHandler.swift */; };
		5AE2EDE8241047660011A198 /* R.generated.swift in Sources */ = {isa = PBXBuildFile; fileRef = 5AE2EDE7241047650011A198 /* R.generated.swift */; };
		5AE2EDEA241048000011A198 /* Stories.storyboard in Resources */ = {isa = PBXBuildFile; fileRef = 5AE2EDE9241048000011A198 /* Stories.storyboard */; };
		7ACEA30CDD9C2EC5E4304163 /* StoriesRouterTests.swift in Sources */ = {isa = PBXBuildFile; fileRef = 98EAC67E1A9739CA65400E95 /* StoriesRouterTests.swift */; };
		87235FA1D54F1BBD55496993 /* StoriesViewTests.swift in Sources */ = {isa = PBXBuildFile; fileRef = E25768042F1949ED23D54DF4 /* StoriesViewTests.swift */; };
		8E22CEE5F617BD33744CA6BA /* Pods_HackerNews.framework in Frameworks */ = {isa = PBXBuildFile; fileRef = 02D7A99805FD981F4437D9A7 /* Pods_HackerNews.framework */; };
		9217DDCCAA0BF7EACAFA0B62 /* StoriesInteractorInput.swift in Sources */ = {isa = PBXBuildFile; fileRef = 5688482AF43266B89E7A0A7B /* StoriesInteractorInput.swift */; };
		A2973A58E5B273EFDDA3199A /* StoriesRouterInput.swift in Sources */ = {isa = PBXBuildFile; fileRef = C58FA4A86F5D21BC625349CD /* StoriesRouterInput.swift */; };
		B2A18F8423F3459CE46FDCE1 /* StoriesInteractorOutput.swift in Sources */ = {isa = PBXBuildFile; fileRef = 6EED532098A8A2AF98ED6E80 /* StoriesInteractorOutput.swift */; };
		C72C67A3801D1099E2E78982 /* StoriesAssembly.swift in Sources */ = {isa = PBXBuildFile; fileRef = A8A4FDD125295BD464D56161 /* StoriesAssembly.swift */; };
		CB02B826066E9E278B544AB0 /* StoriesViewController.swift in Sources */ = {isa = PBXBuildFile; fileRef = 2BD9175C3D9C3474F09BEE4F /* StoriesViewController.swift */; };
		D026E85D2131AB1E00512C32 /* NewsTableViewCell.xib in Resources */ = {isa = PBXBuildFile; fileRef = D026E85C2131AB1E00512C32 /* NewsTableViewCell.xib */; };
		D026E85F2131AB3500512C32 /* NewsTableViewCell.swift in Sources */ = {isa = PBXBuildFile; fileRef = D026E85E2131AB3500512C32 /* NewsTableViewCell.swift */; };
		D026E8622131ADED00512C32 /* AppStyles.swift in Sources */ = {isa = PBXBuildFile; fileRef = D026E8612131ADED00512C32 /* AppStyles.swift */; };
		D07204F421309FC600E4B1ED /* AppDelegate.swift in Sources */ = {isa = PBXBuildFile; fileRef = D07204F321309FC600E4B1ED /* AppDelegate.swift */; };
		D07204F921309FC600E4B1ED /* Main.storyboard in Resources */ = {isa = PBXBuildFile; fileRef = D07204F721309FC600E4B1ED /* Main.storyboard */; };
		D07204FB21309FC900E4B1ED /* Assets.xcassets in Resources */ = {isa = PBXBuildFile; fileRef = D07204FA21309FC900E4B1ED /* Assets.xcassets */; };
		D07204FE21309FC900E4B1ED /* LaunchScreen.storyboard in Resources */ = {isa = PBXBuildFile; fileRef = D07204FC21309FC900E4B1ED /* LaunchScreen.storyboard */; };
		D072050921309FC900E4B1ED /* HackerNewsTests.swift in Sources */ = {isa = PBXBuildFile; fileRef = D072050821309FC900E4B1ED /* HackerNewsTests.swift */; };
		D072051421309FC900E4B1ED /* HackerNewsUITests.swift in Sources */ = {isa = PBXBuildFile; fileRef = D072051321309FC900E4B1ED /* HackerNewsUITests.swift */; };
		D07205252130A09C00E4B1ED /* Color+.swift in Sources */ = {isa = PBXBuildFile; fileRef = D07205242130A09C00E4B1ED /* Color+.swift */; };
		D07205272130A0AF00E4B1ED /* UIImage+.swift in Sources */ = {isa = PBXBuildFile; fileRef = D07205262130A0AF00E4B1ED /* UIImage+.swift */; };
		D07205292130A10400E4B1ED /* NibLoadableView.swift in Sources */ = {isa = PBXBuildFile; fileRef = D07205282130A10400E4B1ED /* NibLoadableView.swift */; };
		D072052B2130A11A00E4B1ED /* ReusableView.swift in Sources */ = {isa = PBXBuildFile; fileRef = D072052A2130A11A00E4B1ED /* ReusableView.swift */; };
		D072052D2130A13800E4B1ED /* UITableView+.swift in Sources */ = {isa = PBXBuildFile; fileRef = D072052C2130A13800E4B1ED /* UITableView+.swift */; };
		D072052F2130A15200E4B1ED /* UITableViewCell+.swift in Sources */ = {isa = PBXBuildFile; fileRef = D072052E2130A15200E4B1ED /* UITableViewCell+.swift */; };
		D07205312130A17100E4B1ED /* UIViewControllerFactory.swift in Sources */ = {isa = PBXBuildFile; fileRef = D07205302130A17100E4B1ED /* UIViewControllerFactory.swift */; };
		D072053E2130ABE600E4B1ED /* OpenSans-Bold.ttf in Resources */ = {isa = PBXBuildFile; fileRef = D072053B2130ABE500E4B1ED /* OpenSans-Bold.ttf */; };
		D072053F2130ABE600E4B1ED /* OpenSans-Light.ttf in Resources */ = {isa = PBXBuildFile; fileRef = D072053C2130ABE500E4B1ED /* OpenSans-Light.ttf */; };
		D07205402130ABE600E4B1ED /* OpenSans-Regular.ttf in Resources */ = {isa = PBXBuildFile; fileRef = D072053D2130ABE500E4B1ED /* OpenSans-Regular.ttf */; };
		D07205422130AC6300E4B1ED /* OpenSans-Semibold.ttf in Resources */ = {isa = PBXBuildFile; fileRef = D07205412130AC6300E4B1ED /* OpenSans-Semibold.ttf */; };
		D078561297ACC3EAD4FC08EA /* StoriesPresenter.swift in Sources */ = {isa = PBXBuildFile; fileRef = DCED8BB0967B1933D8335489 /* StoriesPresenter.swift */; };
		D746902D625B40CF3177A9A3 /* StoriesViewOutput.swift in Sources */ = {isa = PBXBuildFile; fileRef = 5263AF6EF05EEDA880DA524F /* StoriesViewOutput.swift */; };
		EDE03E5231E7355B1352B22D /* StoriesAssemblyTests.swift in Sources */ = {isa = PBXBuildFile; fileRef = C465F457451BB047F53DF5D7 /* StoriesAssemblyTests.swift */; };
		EF595E98A7E35C576C647499 /* StoriesInteractorTests.swift in Sources */ = {isa = PBXBuildFile; fileRef = 7AD3B924ABCD34C1BE81504C /* StoriesInteractorTests.swift */; };
		FA64EEDFCB663C6BD8C1E200 /* Pods_HackerNewsTests.framework in Frameworks */ = {isa = PBXBuildFile; fileRef = 5A0E81CDA4A0FF01D6CCD1E8 /* Pods_HackerNewsTests.framework */; };
		FAEE86FF44686D0C9C73A091 /* StoriesInteractor.swift in Sources */ = {isa = PBXBuildFile; fileRef = B3A76C4A1BBE4B4F8C6FCEC3 /* StoriesInteractor.swift */; };
/* End PBXBuildFile section */

/* Begin PBXContainerItemProxy section */
		D072050521309FC900E4B1ED /* PBXContainerItemProxy */ = {
			isa = PBXContainerItemProxy;
			containerPortal = D07204E821309FC600E4B1ED /* Project object */;
			proxyType = 1;
			remoteGlobalIDString = D07204EF21309FC600E4B1ED;
			remoteInfo = HackerNews;
		};
		D072051021309FC900E4B1ED /* PBXContainerItemProxy */ = {
			isa = PBXContainerItemProxy;
			containerPortal = D07204E821309FC600E4B1ED /* Project object */;
			proxyType = 1;
			remoteGlobalIDString = D07204EF21309FC600E4B1ED;
			remoteInfo = HackerNews;
		};
/* End PBXContainerItemProxy section */

/* Begin PBXCopyFilesBuildPhase section */
		D02555AC213C6F7400822BFE /* Embed Frameworks */ = {
			isa = PBXCopyFilesBuildPhase;
			buildActionMask = 2147483647;
			dstPath = "";
			dstSubfolderSpec = 10;
			files = (
				38BF9C08215D494F0080C57C /* NetworkManager.framework in Embed Frameworks */,
			);
			name = "Embed Frameworks";
			runOnlyForDeploymentPostprocessing = 0;
		};
/* End PBXCopyFilesBuildPhase section */

/* Begin PBXFileReference section */
		02D7A99805FD981F4437D9A7 /* Pods_HackerNews.framework */ = {isa = PBXFileReference; explicitFileType = wrapper.framework; includeInIndex = 0; path = Pods_HackerNews.framework; sourceTree = BUILT_PRODUCTS_DIR; };
		299EE547094A059831FA6535 /* Pods-HackerNews.debug.xcconfig */ = {isa = PBXFileReference; includeInIndex = 1; lastKnownFileType = text.xcconfig; name = "Pods-HackerNews.debug.xcconfig"; path = "Pods/Target Support Files/Pods-HackerNews/Pods-HackerNews.debug.xcconfig"; sourceTree = "<group>"; };
		2BD9175C3D9C3474F09BEE4F /* StoriesViewController.swift */ = {isa = PBXFileReference; includeInIndex = 1; lastKnownFileType = sourcecode.swift; path = StoriesViewController.swift; sourceTree = "<group>"; };
		381A4BCB216800790084F05B /* TopStories.storyboard */ = {isa = PBXFileReference; lastKnownFileType = file.storyboard; path = TopStories.storyboard; sourceTree = "<group>"; };
		381A4BCD2168009F0084F05B /* TopStoriesViewController.swift */ = {isa = PBXFileReference; lastKnownFileType = sourcecode.swift; path = TopStoriesViewController.swift; sourceTree = "<group>"; };
		381A4BD2216806ED0084F05B /* RootViewController.swift */ = {isa = PBXFileReference; lastKnownFileType = sourcecode.swift; path = RootViewController.swift; sourceTree = "<group>"; };
		381A4BD821680ADE0084F05B /* NewsStories.storyboard */ = {isa = PBXFileReference; lastKnownFileType = file.storyboard; path = NewsStories.storyboard; sourceTree = "<group>"; };
		381A4BDA21680AEF0084F05B /* NewsStoriesViewController.swift */ = {isa = PBXFileReference; lastKnownFileType = sourcecode.swift; path = NewsStoriesViewController.swift; sourceTree = "<group>"; };
		381A4BDF21680CEF0084F05B /* AskStories.storyboard */ = {isa = PBXFileReference; lastKnownFileType = file.storyboard; path = AskStories.storyboard; sourceTree = "<group>"; };
		381A4BE121680CFB0084F05B /* AskStoriesViewController.swift */ = {isa = PBXFileReference; lastKnownFileType = sourcecode.swift; path = AskStoriesViewController.swift; sourceTree = "<group>"; };
		381A4BE6216810340084F05B /* ShowStoriesViewController.swift */ = {isa = PBXFileReference; lastKnownFileType = sourcecode.swift; path = ShowStoriesViewController.swift; sourceTree = "<group>"; };
		381A4BE9216810520084F05B /* ShowStories.storyboard */ = {isa = PBXFileReference; lastKnownFileType = file.storyboard; path = ShowStories.storyboard; sourceTree = "<group>"; };
		382F1AAC217E70E4001D89A4 /* CommentsViewController.swift */ = {isa = PBXFileReference; lastKnownFileType = sourcecode.swift; path = CommentsViewController.swift; sourceTree = "<group>"; };
		382F1AB0217E7105001D89A4 /* Comments.storyboard */ = {isa = PBXFileReference; fileEncoding = 4; lastKnownFileType = file.storyboard; path = Comments.storyboard; sourceTree = "<group>"; };
		382F1AB3217E7201001D89A4 /* CommentTableViewCell.xib */ = {isa = PBXFileReference; lastKnownFileType = file.xib; path = CommentTableViewCell.xib; sourceTree = "<group>"; };
		382F1AB5217E7225001D89A4 /* CommentTableViewCell.swift */ = {isa = PBXFileReference; lastKnownFileType = sourcecode.swift; path = CommentTableViewCell.swift; sourceTree = "<group>"; };
		384F0820219E07D30029ADDD /* Alertable.swift */ = {isa = PBXFileReference; lastKnownFileType = sourcecode.swift; path = Alertable.swift; sourceTree = "<group>"; };
		385CCA5D2188F23A0025AC42 /* LoadingTableViewCell.swift */ = {isa = PBXFileReference; lastKnownFileType = sourcecode.swift; path = LoadingTableViewCell.swift; sourceTree = "<group>"; };
		385CCA5F2188F24F0025AC42 /* LoadingTableViewCell.xib */ = {isa = PBXFileReference; lastKnownFileType = file.xib; path = LoadingTableViewCell.xib; sourceTree = "<group>"; };
		3860B557219F2DD800D2CC03 /* fabric.buildsecret */ = {isa = PBXFileReference; fileEncoding = 4; lastKnownFileType = text; path = fabric.buildsecret; sourceTree = "<group>"; };
		3860B558219F2DD800D2CC03 /* fabric.apikey */ = {isa = PBXFileReference; fileEncoding = 4; lastKnownFileType = text; path = fabric.apikey; sourceTree = "<group>"; };
		3867CB6E215FB264003C0658 /* Date+.swift */ = {isa = PBXFileReference; lastKnownFileType = sourcecode.swift; path = "Date+.swift"; sourceTree = "<group>"; };
		389F80AA218F8EC8003F2A55 /* StoriesListDataSource.swift */ = {isa = PBXFileReference; lastKnownFileType = sourcecode.swift; path = StoriesListDataSource.swift; sourceTree = "<group>"; };
		38BF9C06215D494F0080C57C /* NetworkManager.framework */ = {isa = PBXFileReference; explicitFileType = wrapper.framework; path = NetworkManager.framework; sourceTree = BUILT_PRODUCTS_DIR; };
		38DF2B57218B9ACA00F03B9E /* StoriesLoader.swift */ = {isa = PBXFileReference; lastKnownFileType = sourcecode.swift; path = StoriesLoader.swift; sourceTree = "<group>"; };
		38F796992198A2710083EFEF /* String+.swift */ = {isa = PBXFileReference; lastKnownFileType = sourcecode.swift; path = "String+.swift"; sourceTree = "<group>"; };
		5263AF6EF05EEDA880DA524F /* StoriesViewOutput.swift */ = {isa = PBXFileReference; includeInIndex = 1; lastKnownFileType = sourcecode.swift; path = StoriesViewOutput.swift; sourceTree = "<group>"; };
		5688482AF43266B89E7A0A7B /* StoriesInteractorInput.swift */ = {isa = PBXFileReference; includeInIndex = 1; lastKnownFileType = sourcecode.swift; path = StoriesInteractorInput.swift; sourceTree = "<group>"; };
		5A0E81CDA4A0FF01D6CCD1E8 /* Pods_HackerNewsTests.framework */ = {isa = PBXFileReference; explicitFileType = wrapper.framework; includeInIndex = 0; path = Pods_HackerNewsTests.framework; sourceTree = BUILT_PRODUCTS_DIR; };
		5A6FF6C024182107003F9B9D /* ApplicationAssembler.swift */ = {isa = PBXFileReference; lastKnownFileType = sourcecode.swift; path = ApplicationAssembler.swift; sourceTree = "<group>"; };
		5A6FF6C224182BDF003F9B9D /* StoriesAssembler.swift */ = {isa = PBXFileReference; lastKnownFileType = sourcecode.swift; path = StoriesAssembler.swift; sourceTree = "<group>"; };
		5AE2EDCC24103C9B0011A198 /* RootModuleAssembly.swift */ = {isa = PBXFileReference; lastKnownFileType = sourcecode.swift; path = RootModuleAssembly.swift; sourceTree = "<group>"; };
		5AE2EDCF24103CDB0011A198 /* RootConfigurator.swift */ = {isa = PBXFileReference; lastKnownFileType = sourcecode.swift; path = RootConfigurator.swift; sourceTree = "<group>"; };
		5AE2EDD324103EED0011A198 /* MainTabBarConfigurator.swift */ = {isa = PBXFileReference; lastKnownFileType = sourcecode.swift; path = MainTabBarConfigurator.swift; sourceTree = "<group>"; };
		5AE2EDD624103F1D0011A198 /* MainTabBarAssembly.swift */ = {isa = PBXFileReference; lastKnownFileType = sourcecode.swift; path = MainTabBarAssembly.swift; sourceTree = "<group>"; };
		5AE2EDD9241040420011A198 /* TabBarViewProtocol.swift */ = {isa = PBXFileReference; lastKnownFileType = sourcecode.swift; path = TabBarViewProtocol.swift; sourceTree = "<group>"; };
		5AE2EDDC241040A40011A198 /* MainTabBarViewController.swift */ = {isa = PBXFileReference; lastKnownFileType = sourcecode.swift; path = MainTabBarViewController.swift; sourceTree = "<group>"; };
		5AE2EDDF241045D60011A198 /* Presentable.swift */ = {isa = PBXFileReference; lastKnownFileType = sourcecode.swift; path = Presentable.swift; sourceTree = "<group>"; };
		5AE2EDE1241046210011A198 /* UINavigationController+.swift */ = {isa = PBXFileReference; lastKnownFileType = sourcecode.swift; path = "UINavigationController+.swift"; sourceTree = "<group>"; };
		5AE2EDE3241046730011A198 /* TransitionHandler.swift */ = {isa = PBXFileReference; lastKnownFileType = sourcecode.swift; path = TransitionHandler.swift; sourceTree = "<group>"; };
		5AE2EDE7241047650011A198 /* R.generated.swift */ = {isa = PBXFileReference; fileEncoding = 4; lastKnownFileType = sourcecode.swift; path = R.generated.swift; sourceTree = "<group>"; };
		5AE2EDE9241048000011A198 /* Stories.storyboard */ = {isa = PBXFileReference; fileEncoding = 4; lastKnownFileType = file.storyboard; path = Stories.storyboard; sourceTree = "<group>"; };
		5B0973524E7C669B5C27E93D /* StoriesPresenterTests.swift */ = {isa = PBXFileReference; includeInIndex = 1; lastKnownFileType = sourcecode.swift; path = StoriesPresenterTests.swift; sourceTree = "<group>"; };
		63100782525D8A733AA59448 /* Pods-HackerNews.release.xcconfig */ = {isa = PBXFileReference; includeInIndex = 1; lastKnownFileType = text.xcconfig; name = "Pods-HackerNews.release.xcconfig"; path = "Pods/Target Support Files/Pods-HackerNews/Pods-HackerNews.release.xcconfig"; sourceTree = "<group>"; };
		6C54504D79E3203454D65767 /* StoriesViewInput.swift */ = {isa = PBXFileReference; includeInIndex = 1; lastKnownFileType = sourcecode.swift; path = StoriesViewInput.swift; sourceTree = "<group>"; };
		6EED532098A8A2AF98ED6E80 /* StoriesInteractorOutput.swift */ = {isa = PBXFileReference; includeInIndex = 1; lastKnownFileType = sourcecode.swift; path = StoriesInteractorOutput.swift; sourceTree = "<group>"; };
		75288D891967908B4B1CF34C /* StoriesRouter.swift */ = {isa = PBXFileReference; includeInIndex = 1; lastKnownFileType = sourcecode.swift; path = StoriesRouter.swift; sourceTree = "<group>"; };
		7AD3B924ABCD34C1BE81504C /* StoriesInteractorTests.swift */ = {isa = PBXFileReference; includeInIndex = 1; lastKnownFileType = sourcecode.swift; path = StoriesInteractorTests.swift; sourceTree = "<group>"; };
		80C50257A3CF7985CE1154CA /* Pods-HackerNewsTests.debug.xcconfig */ = {isa = PBXFileReference; includeInIndex = 1; lastKnownFileType = text.xcconfig; name = "Pods-HackerNewsTests.debug.xcconfig"; path = "Pods/Target Support Files/Pods-HackerNewsTests/Pods-HackerNewsTests.debug.xcconfig"; sourceTree = "<group>"; };
		8F48832D434CE5F88A42D814 /* Pods-HackerNewsTests.release.xcconfig */ = {isa = PBXFileReference; includeInIndex = 1; lastKnownFileType = text.xcconfig; name = "Pods-HackerNewsTests.release.xcconfig"; path = "Pods/Target Support Files/Pods-HackerNewsTests/Pods-HackerNewsTests.release.xcconfig"; sourceTree = "<group>"; };
		98EAC67E1A9739CA65400E95 /* StoriesRouterTests.swift */ = {isa = PBXFileReference; includeInIndex = 1; lastKnownFileType = sourcecode.swift; path = StoriesRouterTests.swift; sourceTree = "<group>"; };
		A8A4FDD125295BD464D56161 /* StoriesAssembly.swift */ = {isa = PBXFileReference; includeInIndex = 1; lastKnownFileType = sourcecode.swift; path = StoriesAssembly.swift; sourceTree = "<group>"; };
		B3A76C4A1BBE4B4F8C6FCEC3 /* StoriesInteractor.swift */ = {isa = PBXFileReference; includeInIndex = 1; lastKnownFileType = sourcecode.swift; path = StoriesInteractor.swift; sourceTree = "<group>"; };
		B7FD324542D9451B28E97A13 /* StoriesConfigurator.swift */ = {isa = PBXFileReference; includeInIndex = 1; lastKnownFileType = sourcecode.swift; path = StoriesConfigurator.swift; sourceTree = "<group>"; };
		BB7D49B681E9B168FE7B4F96 /* StoriesConfiguratorTests.swift */ = {isa = PBXFileReference; includeInIndex = 1; lastKnownFileType = sourcecode.swift; path = StoriesConfiguratorTests.swift; sourceTree = "<group>"; };
		C465F457451BB047F53DF5D7 /* StoriesAssemblyTests.swift */ = {isa = PBXFileReference; includeInIndex = 1; lastKnownFileType = sourcecode.swift; path = StoriesAssemblyTests.swift; sourceTree = "<group>"; };
		C58FA4A86F5D21BC625349CD /* StoriesRouterInput.swift */ = {isa = PBXFileReference; includeInIndex = 1; lastKnownFileType = sourcecode.swift; path = StoriesRouterInput.swift; sourceTree = "<group>"; };
		D026E85C2131AB1E00512C32 /* NewsTableViewCell.xib */ = {isa = PBXFileReference; lastKnownFileType = file.xib; path = NewsTableViewCell.xib; sourceTree = "<group>"; };
		D026E85E2131AB3500512C32 /* NewsTableViewCell.swift */ = {isa = PBXFileReference; lastKnownFileType = sourcecode.swift; path = NewsTableViewCell.swift; sourceTree = "<group>"; };
		D026E8612131ADED00512C32 /* AppStyles.swift */ = {isa = PBXFileReference; lastKnownFileType = sourcecode.swift; path = AppStyles.swift; sourceTree = "<group>"; };
		D07204F021309FC600E4B1ED /* Hacker News.app */ = {isa = PBXFileReference; explicitFileType = wrapper.application; includeInIndex = 0; path = "Hacker News.app"; sourceTree = BUILT_PRODUCTS_DIR; };
		D07204F321309FC600E4B1ED /* AppDelegate.swift */ = {isa = PBXFileReference; lastKnownFileType = sourcecode.swift; path = AppDelegate.swift; sourceTree = "<group>"; };
		D07204F821309FC600E4B1ED /* Base */ = {isa = PBXFileReference; lastKnownFileType = file.storyboard; name = Base; path = Base.lproj/Main.storyboard; sourceTree = "<group>"; };
		D07204FA21309FC900E4B1ED /* Assets.xcassets */ = {isa = PBXFileReference; lastKnownFileType = folder.assetcatalog; path = Assets.xcassets; sourceTree = "<group>"; };
		D07204FD21309FC900E4B1ED /* Base */ = {isa = PBXFileReference; lastKnownFileType = file.storyboard; name = Base; path = Base.lproj/LaunchScreen.storyboard; sourceTree = "<group>"; };
		D07204FF21309FC900E4B1ED /* Info.plist */ = {isa = PBXFileReference; lastKnownFileType = text.plist.xml; path = Info.plist; sourceTree = "<group>"; };
		D072050421309FC900E4B1ED /* HackerNewsTests.xctest */ = {isa = PBXFileReference; explicitFileType = wrapper.cfbundle; includeInIndex = 0; path = HackerNewsTests.xctest; sourceTree = BUILT_PRODUCTS_DIR; };
		D072050821309FC900E4B1ED /* HackerNewsTests.swift */ = {isa = PBXFileReference; lastKnownFileType = sourcecode.swift; path = HackerNewsTests.swift; sourceTree = "<group>"; };
		D072050A21309FC900E4B1ED /* Info.plist */ = {isa = PBXFileReference; lastKnownFileType = text.plist.xml; path = Info.plist; sourceTree = "<group>"; };
		D072050F21309FC900E4B1ED /* HackerNewsUITests.xctest */ = {isa = PBXFileReference; explicitFileType = wrapper.cfbundle; includeInIndex = 0; path = HackerNewsUITests.xctest; sourceTree = BUILT_PRODUCTS_DIR; };
		D072051321309FC900E4B1ED /* HackerNewsUITests.swift */ = {isa = PBXFileReference; lastKnownFileType = sourcecode.swift; path = HackerNewsUITests.swift; sourceTree = "<group>"; };
		D072051521309FC900E4B1ED /* Info.plist */ = {isa = PBXFileReference; lastKnownFileType = text.plist.xml; path = Info.plist; sourceTree = "<group>"; };
		D07205242130A09C00E4B1ED /* Color+.swift */ = {isa = PBXFileReference; lastKnownFileType = sourcecode.swift; path = "Color+.swift"; sourceTree = "<group>"; };
		D07205262130A0AF00E4B1ED /* UIImage+.swift */ = {isa = PBXFileReference; lastKnownFileType = sourcecode.swift; path = "UIImage+.swift"; sourceTree = "<group>"; };
		D07205282130A10400E4B1ED /* NibLoadableView.swift */ = {isa = PBXFileReference; lastKnownFileType = sourcecode.swift; path = NibLoadableView.swift; sourceTree = "<group>"; };
		D072052A2130A11A00E4B1ED /* ReusableView.swift */ = {isa = PBXFileReference; lastKnownFileType = sourcecode.swift; path = ReusableView.swift; sourceTree = "<group>"; };
		D072052C2130A13800E4B1ED /* UITableView+.swift */ = {isa = PBXFileReference; lastKnownFileType = sourcecode.swift; path = "UITableView+.swift"; sourceTree = "<group>"; };
		D072052E2130A15200E4B1ED /* UITableViewCell+.swift */ = {isa = PBXFileReference; lastKnownFileType = sourcecode.swift; path = "UITableViewCell+.swift"; sourceTree = "<group>"; };
		D07205302130A17100E4B1ED /* UIViewControllerFactory.swift */ = {isa = PBXFileReference; lastKnownFileType = sourcecode.swift; path = UIViewControllerFactory.swift; sourceTree = "<group>"; };
		D072053B2130ABE500E4B1ED /* OpenSans-Bold.ttf */ = {isa = PBXFileReference; lastKnownFileType = file; path = "OpenSans-Bold.ttf"; sourceTree = "<group>"; };
		D072053C2130ABE500E4B1ED /* OpenSans-Light.ttf */ = {isa = PBXFileReference; lastKnownFileType = file; path = "OpenSans-Light.ttf"; sourceTree = "<group>"; };
		D072053D2130ABE500E4B1ED /* OpenSans-Regular.ttf */ = {isa = PBXFileReference; lastKnownFileType = file; path = "OpenSans-Regular.ttf"; sourceTree = "<group>"; };
		D07205412130AC6300E4B1ED /* OpenSans-Semibold.ttf */ = {isa = PBXFileReference; lastKnownFileType = file; path = "OpenSans-Semibold.ttf"; sourceTree = "<group>"; };
		DCED8BB0967B1933D8335489 /* StoriesPresenter.swift */ = {isa = PBXFileReference; includeInIndex = 1; lastKnownFileType = sourcecode.swift; path = StoriesPresenter.swift; sourceTree = "<group>"; };
		E25768042F1949ED23D54DF4 /* StoriesViewTests.swift */ = {isa = PBXFileReference; includeInIndex = 1; lastKnownFileType = sourcecode.swift; path = StoriesViewTests.swift; sourceTree = "<group>"; };
/* End PBXFileReference section */

/* Begin PBXFrameworksBuildPhase section */
		D07204ED21309FC600E4B1ED /* Frameworks */ = {
			isa = PBXFrameworksBuildPhase;
			buildActionMask = 2147483647;
			files = (
				8E22CEE5F617BD33744CA6BA /* Pods_HackerNews.framework in Frameworks */,
				38BF9C07215D494F0080C57C /* NetworkManager.framework in Frameworks */,
			);
			runOnlyForDeploymentPostprocessing = 0;
		};
		D072050121309FC900E4B1ED /* Frameworks */ = {
			isa = PBXFrameworksBuildPhase;
			buildActionMask = 2147483647;
			files = (
				FA64EEDFCB663C6BD8C1E200 /* Pods_HackerNewsTests.framework in Frameworks */,
			);
			runOnlyForDeploymentPostprocessing = 0;
		};
		D072050C21309FC900E4B1ED /* Frameworks */ = {
			isa = PBXFrameworksBuildPhase;
			buildActionMask = 2147483647;
			files = (
			);
			runOnlyForDeploymentPostprocessing = 0;
		};
/* End PBXFrameworksBuildPhase section */

/* Begin PBXGroup section */
		06EB26021A911C3F1836ECC3 /* View */ = {
			isa = PBXGroup;
			children = (
				5AE2EDE9241048000011A198 /* Stories.storyboard */,
				6C54504D79E3203454D65767 /* StoriesViewInput.swift */,
				5263AF6EF05EEDA880DA524F /* StoriesViewOutput.swift */,
				2BD9175C3D9C3474F09BEE4F /* StoriesViewController.swift */,
			);
			path = View;
			sourceTree = "<group>";
		};
		10AF3DE3F260614A7751A18D /* Presenter */ = {
			isa = PBXGroup;
			children = (
				5B0973524E7C669B5C27E93D /* StoriesPresenterTests.swift */,
			);
			path = Presenter;
			sourceTree = "<group>";
		};
		27CAA8E598609BB737AD30ED /* Configurator */ = {
			isa = PBXGroup;
			children = (
				B7FD324542D9451B28E97A13 /* StoriesConfigurator.swift */,
			);
			path = Configurator;
			sourceTree = "<group>";
		};
		2CEA7D26636B60D4D590C779 /* Stories */ = {
			isa = PBXGroup;
			children = (
				06EB26021A911C3F1836ECC3 /* View */,
				7D87A71A50611BAFAE9E4AAF /* Presenter */,
				2F14444915C298B8F325B11F /* Interactor */,
				F7BBA7FD73C0C57982AF8E1E /* Router */,
				9949B397CEE3E580720BE48F /* Assembly */,
				27CAA8E598609BB737AD30ED /* Configurator */,
			);
			path = Stories;
			sourceTree = "<group>";
		};
		2F14444915C298B8F325B11F /* Interactor */ = {
			isa = PBXGroup;
			children = (
				5688482AF43266B89E7A0A7B /* StoriesInteractorInput.swift */,
				6EED532098A8A2AF98ED6E80 /* StoriesInteractorOutput.swift */,
				B3A76C4A1BBE4B4F8C6FCEC3 /* StoriesInteractor.swift */,
			);
			path = Interactor;
			sourceTree = "<group>";
		};
		381A4BC8216800390084F05B /* TopStories */ = {
			isa = PBXGroup;
			children = (
				381A4BCA216800500084F05B /* Controller */,
				381A4BC9216800460084F05B /* View */,
			);
			path = TopStories;
			sourceTree = "<group>";
		};
		381A4BC9216800460084F05B /* View */ = {
			isa = PBXGroup;
			children = (
				381A4BCB216800790084F05B /* TopStories.storyboard */,
			);
			path = View;
			sourceTree = "<group>";
		};
		381A4BCA216800500084F05B /* Controller */ = {
			isa = PBXGroup;
			children = (
				381A4BCD2168009F0084F05B /* TopStoriesViewController.swift */,
			);
			path = Controller;
			sourceTree = "<group>";
		};
		381A4BD4216809300084F05B /* TableViewCells */ = {
			isa = PBXGroup;
			children = (
				385CCA5C2188F2180025AC42 /* LoadingTableViewCell */,
				382F1AB2217E71E9001D89A4 /* CommentTableViewCell */,
				D026E85B2131AAB400512C32 /* NewsTableViewCell */,
			);
			path = TableViewCells;
			sourceTree = "<group>";
		};
		381A4BD521680AA00084F05B /* NewsStories */ = {
			isa = PBXGroup;
			children = (
				381A4BD721680AC70084F05B /* Controller */,
				381A4BD621680AC20084F05B /* View */,
			);
			path = NewsStories;
			sourceTree = "<group>";
		};
		381A4BD621680AC20084F05B /* View */ = {
			isa = PBXGroup;
			children = (
				381A4BD821680ADE0084F05B /* NewsStories.storyboard */,
			);
			path = View;
			sourceTree = "<group>";
		};
		381A4BD721680AC70084F05B /* Controller */ = {
			isa = PBXGroup;
			children = (
				381A4BDA21680AEF0084F05B /* NewsStoriesViewController.swift */,
			);
			path = Controller;
			sourceTree = "<group>";
		};
		381A4BDC21680CBF0084F05B /* AskStories */ = {
			isa = PBXGroup;
			children = (
				381A4BDE21680CD60084F05B /* Controller */,
				381A4BDD21680CD00084F05B /* View */,
			);
			path = AskStories;
			sourceTree = "<group>";
		};
		381A4BDD21680CD00084F05B /* View */ = {
			isa = PBXGroup;
			children = (
				381A4BDF21680CEF0084F05B /* AskStories.storyboard */,
			);
			path = View;
			sourceTree = "<group>";
		};
		381A4BDE21680CD60084F05B /* Controller */ = {
			isa = PBXGroup;
			children = (
				381A4BE121680CFB0084F05B /* AskStoriesViewController.swift */,
			);
			path = Controller;
			sourceTree = "<group>";
		};
		381A4BE3216810080084F05B /* ShowStories */ = {
			isa = PBXGroup;
			children = (
				381A4BE4216810160084F05B /* Controller */,
				381A4BE52168101D0084F05B /* View */,
			);
			path = ShowStories;
			sourceTree = "<group>";
		};
		381A4BE4216810160084F05B /* Controller */ = {
			isa = PBXGroup;
			children = (
				381A4BE6216810340084F05B /* ShowStoriesViewController.swift */,
			);
			path = Controller;
			sourceTree = "<group>";
		};
		381A4BE52168101D0084F05B /* View */ = {
			isa = PBXGroup;
			children = (
				381A4BE9216810520084F05B /* ShowStories.storyboard */,
			);
			path = View;
			sourceTree = "<group>";
		};
		382F1AA9217E70B1001D89A4 /* Comments */ = {
			isa = PBXGroup;
			children = (
				382F1AAA217E70C8001D89A4 /* Controller */,
				382F1AAB217E70CC001D89A4 /* View */,
			);
			path = Comments;
			sourceTree = "<group>";
		};
		382F1AAA217E70C8001D89A4 /* Controller */ = {
			isa = PBXGroup;
			children = (
				382F1AAC217E70E4001D89A4 /* CommentsViewController.swift */,
			);
			path = Controller;
			sourceTree = "<group>";
		};
		382F1AAB217E70CC001D89A4 /* View */ = {
			isa = PBXGroup;
			children = (
				382F1AB0217E7105001D89A4 /* Comments.storyboard */,
			);
			path = View;
			sourceTree = "<group>";
		};
		382F1AB2217E71E9001D89A4 /* CommentTableViewCell */ = {
			isa = PBXGroup;
			children = (
				382F1AB3217E7201001D89A4 /* CommentTableViewCell.xib */,
				382F1AB5217E7225001D89A4 /* CommentTableViewCell.swift */,
			);
			path = CommentTableViewCell;
			sourceTree = "<group>";
		};
		385CCA5C2188F2180025AC42 /* LoadingTableViewCell */ = {
			isa = PBXGroup;
			children = (
				385CCA5F2188F24F0025AC42 /* LoadingTableViewCell.xib */,
				385CCA5D2188F23A0025AC42 /* LoadingTableViewCell.swift */,
			);
			path = LoadingTableViewCell;
			sourceTree = "<group>";
		};
		3860B556219F2DD800D2CC03 /* Keys */ = {
			isa = PBXGroup;
			children = (
				3860B557219F2DD800D2CC03 /* fabric.buildsecret */,
				3860B558219F2DD800D2CC03 /* fabric.apikey */,
			);
			path = Keys;
			sourceTree = "<group>";
		};
		38DF2B56218B9AAA00F03B9E /* Helpers */ = {
			isa = PBXGroup;
			children = (
				38DF2B57218B9ACA00F03B9E /* StoriesLoader.swift */,
				389F80AA218F8EC8003F2A55 /* StoriesListDataSource.swift */,
			);
			path = Helpers;
			sourceTree = "<group>";
		};
		3F8D45DA94E05083F9573FC9 /* Assembly */ = {
			isa = PBXGroup;
			children = (
				C465F457451BB047F53DF5D7 /* StoriesAssemblyTests.swift */,
			);
			path = Assembly;
			sourceTree = "<group>";
		};
		408D06C99C4F8E674CC20AC6 /* Router */ = {
			isa = PBXGroup;
			children = (
				98EAC67E1A9739CA65400E95 /* StoriesRouterTests.swift */,
			);
			path = Router;
			sourceTree = "<group>";
		};
		4C574C5FE4CA041CD42B23BD /* Pods */ = {
			isa = PBXGroup;
			children = (
				299EE547094A059831FA6535 /* Pods-HackerNews.debug.xcconfig */,
				63100782525D8A733AA59448 /* Pods-HackerNews.release.xcconfig */,
				80C50257A3CF7985CE1154CA /* Pods-HackerNewsTests.debug.xcconfig */,
				8F48832D434CE5F88A42D814 /* Pods-HackerNewsTests.release.xcconfig */,
			);
			name = Pods;
			sourceTree = "<group>";
		};
		5AE2EDC424103B450011A198 /* Classes */ = {
			isa = PBXGroup;
			children = (
				5AE2EDC524103B510011A198 /* ApplicationLayer */,
				5AE2EDC724103C220011A198 /* BusinessLayer */,
				5AE2EDC624103C0C0011A198 /* PresentationLayer */,
			);
			path = Classes;
			sourceTree = "<group>";
		};
		5AE2EDC524103B510011A198 /* ApplicationLayer */ = {
			isa = PBXGroup;
			children = (
				D07204F321309FC600E4B1ED /* AppDelegate.swift */,
				5A6FF6C024182107003F9B9D /* ApplicationAssembler.swift */,
			);
			path = ApplicationLayer;
			sourceTree = "<group>";
		};
		5AE2EDC624103C0C0011A198 /* PresentationLayer */ = {
			isa = PBXGroup;
			children = (
				5AE2EDC824103C330011A198 /* Main */,
				2CEA7D26636B60D4D590C779 /* Stories */,
			);
			path = PresentationLayer;
			sourceTree = "<group>";
		};
		5AE2EDC724103C220011A198 /* BusinessLayer */ = {
			isa = PBXGroup;
			children = (
			);
			path = BusinessLayer;
			sourceTree = "<group>";
		};
		5AE2EDC824103C330011A198 /* Main */ = {
			isa = PBXGroup;
			children = (
				5AE2EDC924103C3B0011A198 /* Modules */,
			);
			path = Main;
			sourceTree = "<group>";
		};
		5AE2EDC924103C3B0011A198 /* Modules */ = {
			isa = PBXGroup;
			children = (
				5AE2EDCA24103C400011A198 /* Root */,
			);
			path = Modules;
			sourceTree = "<group>";
		};
		5AE2EDCA24103C400011A198 /* Root */ = {
			isa = PBXGroup;
			children = (
				5AE2EDCE24103CCC0011A198 /* Configurator */,
				5AE2EDCB24103C520011A198 /* Assembly */,
			);
			path = Root;
			sourceTree = "<group>";
		};
		5AE2EDCB24103C520011A198 /* Assembly */ = {
			isa = PBXGroup;
			children = (
				5AE2EDCC24103C9B0011A198 /* RootModuleAssembly.swift */,
			);
			path = Assembly;
			sourceTree = "<group>";
		};
		5AE2EDCE24103CCC0011A198 /* Configurator */ = {
			isa = PBXGroup;
			children = (
				5AE2EDCF24103CDB0011A198 /* RootConfigurator.swift */,
			);
			path = Configurator;
			sourceTree = "<group>";
		};
		5AE2EDD124103ED20011A198 /* MainTabBar */ = {
			isa = PBXGroup;
			children = (
				5AE2EDDB2410409A0011A198 /* View */,
				5AE2EDD524103F100011A198 /* Assembly */,
				5AE2EDD224103EDC0011A198 /* Configurator */,
			);
			path = MainTabBar;
			sourceTree = "<group>";
		};
		5AE2EDD224103EDC0011A198 /* Configurator */ = {
			isa = PBXGroup;
			children = (
				5AE2EDD324103EED0011A198 /* MainTabBarConfigurator.swift */,
				5AE2EDD9241040420011A198 /* TabBarViewProtocol.swift */,
			);
			path = Configurator;
			sourceTree = "<group>";
		};
		5AE2EDD524103F100011A198 /* Assembly */ = {
			isa = PBXGroup;
			children = (
				5AE2EDD624103F1D0011A198 /* MainTabBarAssembly.swift */,
			);
			path = Assembly;
			sourceTree = "<group>";
		};
		5AE2EDD82410400F0011A198 /* Controllers */ = {
			isa = PBXGroup;
			children = (
				5AE2EDD124103ED20011A198 /* MainTabBar */,
			);
			path = Controllers;
			sourceTree = "<group>";
		};
		5AE2EDDB2410409A0011A198 /* View */ = {
			isa = PBXGroup;
			children = (
				5AE2EDDC241040A40011A198 /* MainTabBarViewController.swift */,
			);
			path = View;
			sourceTree = "<group>";
		};
		5AE2EDDE241043100011A198 /* Old */ = {
			isa = PBXGroup;
			children = (
				381A4BC8216800390084F05B /* TopStories */,
				381A4BD521680AA00084F05B /* NewsStories */,
				381A4BDC21680CBF0084F05B /* AskStories */,
				381A4BE3216810080084F05B /* ShowStories */,
				382F1AA9217E70B1001D89A4 /* Comments */,
			);
			path = Old;
			sourceTree = "<group>";
		};
		78602166658AE59F2654534E /* Configurator */ = {
			isa = PBXGroup;
			children = (
				BB7D49B681E9B168FE7B4F96 /* StoriesConfiguratorTests.swift */,
			);
			path = Configurator;
			sourceTree = "<group>";
		};
		7D87A71A50611BAFAE9E4AAF /* Presenter */ = {
			isa = PBXGroup;
			children = (
				DCED8BB0967B1933D8335489 /* StoriesPresenter.swift */,
			);
			path = Presenter;
			sourceTree = "<group>";
		};
		7F8C1831CD1E27581EABE1F6 /* Frameworks */ = {
			isa = PBXGroup;
			children = (
				02D7A99805FD981F4437D9A7 /* Pods_HackerNews.framework */,
				5A0E81CDA4A0FF01D6CCD1E8 /* Pods_HackerNewsTests.framework */,
			);
			name = Frameworks;
			sourceTree = "<group>";
		};
		86FCBB2F753081B319542B3F /* View */ = {
			isa = PBXGroup;
			children = (
				E25768042F1949ED23D54DF4 /* StoriesViewTests.swift */,
			);
			path = View;
			sourceTree = "<group>";
		};
		9949B397CEE3E580720BE48F /* Assembly */ = {
			isa = PBXGroup;
			children = (
				A8A4FDD125295BD464D56161 /* StoriesAssembly.swift */,
				5A6FF6C224182BDF003F9B9D /* StoriesAssembler.swift */,
			);
			path = Assembly;
			sourceTree = "<group>";
		};
		9C5EF7717DB64AB6F788A9E2 /* Interactor */ = {
			isa = PBXGroup;
			children = (
				7AD3B924ABCD34C1BE81504C /* StoriesInteractorTests.swift */,
			);
			path = Interactor;
			sourceTree = "<group>";
		};
		C2570B1A87F07AE586E2A92C /* Stories */ = {
			isa = PBXGroup;
			children = (
				3F8D45DA94E05083F9573FC9 /* Assembly */,
				86FCBB2F753081B319542B3F /* View */,
				9C5EF7717DB64AB6F788A9E2 /* Interactor */,
				10AF3DE3F260614A7751A18D /* Presenter */,
				408D06C99C4F8E674CC20AC6 /* Router */,
				78602166658AE59F2654534E /* Configurator */,
			);
			path = Stories;
			sourceTree = "<group>";
		};
		D026E85B2131AAB400512C32 /* NewsTableViewCell */ = {
			isa = PBXGroup;
			children = (
				D026E85C2131AB1E00512C32 /* NewsTableViewCell.xib */,
				D026E85E2131AB3500512C32 /* NewsTableViewCell.swift */,
			);
			path = NewsTableViewCell;
			sourceTree = "<group>";
		};
		D026E8602131ADE000512C32 /* Style */ = {
			isa = PBXGroup;
			children = (
				D026E8612131ADED00512C32 /* AppStyles.swift */,
			);
			path = Style;
			sourceTree = "<group>";
		};
		D07204E721309FC600E4B1ED = {
			isa = PBXGroup;
			children = (
				5AE2EDE7241047650011A198 /* R.generated.swift */,
				38BF9C06215D494F0080C57C /* NetworkManager.framework */,
				D07204F221309FC600E4B1ED /* HackerNews */,
				D072050721309FC900E4B1ED /* HackerNewsTests */,
				D072051221309FC900E4B1ED /* HackerNewsUITests */,
				D07204F121309FC600E4B1ED /* Products */,
				4C574C5FE4CA041CD42B23BD /* Pods */,
				7F8C1831CD1E27581EABE1F6 /* Frameworks */,
			);
			sourceTree = "<group>";
		};
		D07204F121309FC600E4B1ED /* Products */ = {
			isa = PBXGroup;
			children = (
				D07204F021309FC600E4B1ED /* Hacker News.app */,
				D072050421309FC900E4B1ED /* HackerNewsTests.xctest */,
				D072050F21309FC900E4B1ED /* HackerNewsUITests.xctest */,
			);
			name = Products;
			sourceTree = "<group>";
		};
		D07204F221309FC600E4B1ED /* HackerNews */ = {
			isa = PBXGroup;
			children = (
				5AE2EDDE241043100011A198 /* Old */,
				5AE2EDC424103B450011A198 /* Classes */,
				D07205332130A23100E4B1ED /* Application */,
				D07205212130A02E00E4B1ED /* Common */,
				D07205322130A21500E4B1ED /* Resources */,
			);
			path = HackerNews;
			sourceTree = "<group>";
		};
		D072050721309FC900E4B1ED /* HackerNewsTests */ = {
			isa = PBXGroup;
			children = (
				D072050821309FC900E4B1ED /* HackerNewsTests.swift */,
				D072050A21309FC900E4B1ED /* Info.plist */,
				C2570B1A87F07AE586E2A92C /* Stories */,
			);
			path = HackerNewsTests;
			sourceTree = "<group>";
		};
		D072051221309FC900E4B1ED /* HackerNewsUITests */ = {
			isa = PBXGroup;
			children = (
				D072051321309FC900E4B1ED /* HackerNewsUITests.swift */,
				D072051521309FC900E4B1ED /* Info.plist */,
			);
			path = HackerNewsUITests;
			sourceTree = "<group>";
		};
		D07205212130A02E00E4B1ED /* Common */ = {
			isa = PBXGroup;
			children = (
				5AE2EDD82410400F0011A198 /* Controllers */,
				381A4BD2216806ED0084F05B /* RootViewController.swift */,
				D07204F721309FC600E4B1ED /* Main.storyboard */,
				38DF2B56218B9AAA00F03B9E /* Helpers */,
				381A4BD4216809300084F05B /* TableViewCells */,
				D026E8602131ADE000512C32 /* Style */,
				D07205222130A03800E4B1ED /* Extensions */,
				D07205232130A03E00E4B1ED /* Utils */,
			);
			path = Common;
			sourceTree = "<group>";
		};
		D07205222130A03800E4B1ED /* Extensions */ = {
			isa = PBXGroup;
			children = (
				D07205242130A09C00E4B1ED /* Color+.swift */,
				3867CB6E215FB264003C0658 /* Date+.swift */,
				38F796992198A2710083EFEF /* String+.swift */,
				D07205262130A0AF00E4B1ED /* UIImage+.swift */,
				5AE2EDE1241046210011A198 /* UINavigationController+.swift */,
			);
			path = Extensions;
			sourceTree = "<group>";
		};
		D07205232130A03E00E4B1ED /* Utils */ = {
			isa = PBXGroup;
			children = (
				384F0820219E07D30029ADDD /* Alertable.swift */,
				D07205282130A10400E4B1ED /* NibLoadableView.swift */,
				5AE2EDDF241045D60011A198 /* Presentable.swift */,
				D072052A2130A11A00E4B1ED /* ReusableView.swift */,
				5AE2EDE3241046730011A198 /* TransitionHandler.swift */,
				D072052C2130A13800E4B1ED /* UITableView+.swift */,
				D072052E2130A15200E4B1ED /* UITableViewCell+.swift */,
				D07205302130A17100E4B1ED /* UIViewControllerFactory.swift */,
			);
			path = Utils;
			sourceTree = "<group>";
		};
		D07205322130A21500E4B1ED /* Resources */ = {
			isa = PBXGroup;
			children = (
				3860B556219F2DD800D2CC03 /* Keys */,
				D07205392130ABA400E4B1ED /* Fonts */,
				D07204FA21309FC900E4B1ED /* Assets.xcassets */,
				D07204FF21309FC900E4B1ED /* Info.plist */,
			);
			path = Resources;
			sourceTree = "<group>";
		};
		D07205332130A23100E4B1ED /* Application */ = {
			isa = PBXGroup;
			children = (
				D07205352130A24F00E4B1ED /* Controller */,
				D07205342130A24200E4B1ED /* View */,
			);
			path = Application;
			sourceTree = "<group>";
		};
		D07205342130A24200E4B1ED /* View */ = {
			isa = PBXGroup;
			children = (
				D07204FC21309FC900E4B1ED /* LaunchScreen.storyboard */,
			);
			path = View;
			sourceTree = "<group>";
		};
		D07205352130A24F00E4B1ED /* Controller */ = {
			isa = PBXGroup;
			children = (
			);
			path = Controller;
			sourceTree = "<group>";
		};
		D07205392130ABA400E4B1ED /* Fonts */ = {
			isa = PBXGroup;
			children = (
				D072053A2130ABAB00E4B1ED /* Open Sans */,
			);
			path = Fonts;
			sourceTree = "<group>";
		};
		D072053A2130ABAB00E4B1ED /* Open Sans */ = {
			isa = PBXGroup;
			children = (
				D072053C2130ABE500E4B1ED /* OpenSans-Light.ttf */,
				D072053D2130ABE500E4B1ED /* OpenSans-Regular.ttf */,
				D07205412130AC6300E4B1ED /* OpenSans-Semibold.ttf */,
				D072053B2130ABE500E4B1ED /* OpenSans-Bold.ttf */,
			);
			path = "Open Sans";
			sourceTree = "<group>";
		};
		F7BBA7FD73C0C57982AF8E1E /* Router */ = {
			isa = PBXGroup;
			children = (
				C58FA4A86F5D21BC625349CD /* StoriesRouterInput.swift */,
				75288D891967908B4B1CF34C /* StoriesRouter.swift */,
			);
			path = Router;
			sourceTree = "<group>";
		};
/* End PBXGroup section */

/* Begin PBXNativeTarget section */
		D07204EF21309FC600E4B1ED /* HackerNews */ = {
			isa = PBXNativeTarget;
			buildConfigurationList = D072051821309FC900E4B1ED /* Build configuration list for PBXNativeTarget "HackerNews" */;
			buildPhases = (
				59709DA8EE71F8AEAF07F7AE /* [CP] Check Pods Manifest.lock */,
				5AE2EDC3241038500011A198 /* ShellScript */,
				D095C042213F22950047AB79 /* ShellScript */,
				D07204EC21309FC600E4B1ED /* Sources */,
				D07204ED21309FC600E4B1ED /* Frameworks */,
				D07204EE21309FC600E4B1ED /* Resources */,
				E4D508F19C5AA4D97D5A06BB /* [CP] Embed Pods Frameworks */,
				D02555AC213C6F7400822BFE /* Embed Frameworks */,
				3860B553219F0B8300D2CC03 /* ShellScript */,
				3860B554219F132500D2CC03 /* ShellScript */,
			);
			buildRules = (
			);
			dependencies = (
			);
			name = HackerNews;
			productName = HackerNews;
			productReference = D07204F021309FC600E4B1ED /* Hacker News.app */;
			productType = "com.apple.product-type.application";
		};
		D072050321309FC900E4B1ED /* HackerNewsTests */ = {
			isa = PBXNativeTarget;
			buildConfigurationList = D072051B21309FC900E4B1ED /* Build configuration list for PBXNativeTarget "HackerNewsTests" */;
			buildPhases = (
				760CC1C0A49C2F6AC758EB8B /* [CP] Check Pods Manifest.lock */,
				D072050021309FC900E4B1ED /* Sources */,
				D072050121309FC900E4B1ED /* Frameworks */,
				D072050221309FC900E4B1ED /* Resources */,
				6D6A4E5696AFF6F7999A7E29 /* [CP] Embed Pods Frameworks */,
			);
			buildRules = (
			);
			dependencies = (
				D072050621309FC900E4B1ED /* PBXTargetDependency */,
			);
			name = HackerNewsTests;
			productName = HackerNewsTests;
			productReference = D072050421309FC900E4B1ED /* HackerNewsTests.xctest */;
			productType = "com.apple.product-type.bundle.unit-test";
		};
		D072050E21309FC900E4B1ED /* HackerNewsUITests */ = {
			isa = PBXNativeTarget;
			buildConfigurationList = D072051E21309FC900E4B1ED /* Build configuration list for PBXNativeTarget "HackerNewsUITests" */;
			buildPhases = (
				D072050B21309FC900E4B1ED /* Sources */,
				D072050C21309FC900E4B1ED /* Frameworks */,
				D072050D21309FC900E4B1ED /* Resources */,
			);
			buildRules = (
			);
			dependencies = (
				D072051121309FC900E4B1ED /* PBXTargetDependency */,
			);
			name = HackerNewsUITests;
			productName = HackerNewsUITests;
			productReference = D072050F21309FC900E4B1ED /* HackerNewsUITests.xctest */;
			productType = "com.apple.product-type.bundle.ui-testing";
		};
/* End PBXNativeTarget section */

/* Begin PBXProject section */
		D07204E821309FC600E4B1ED /* Project object */ = {
			isa = PBXProject;
			attributes = {
				LastSwiftUpdateCheck = 0940;
				LastUpgradeCheck = 0940;
				ORGANIZATIONNAME = "Никита Васильев";
				TargetAttributes = {
					D07204EF21309FC600E4B1ED = {
						CreatedOnToolsVersion = 9.4.1;
					};
					D072050321309FC900E4B1ED = {
						CreatedOnToolsVersion = 9.4.1;
						TestTargetID = D07204EF21309FC600E4B1ED;
					};
					D072050E21309FC900E4B1ED = {
						CreatedOnToolsVersion = 9.4.1;
						TestTargetID = D07204EF21309FC600E4B1ED;
					};
				};
			};
			buildConfigurationList = D07204EB21309FC600E4B1ED /* Build configuration list for PBXProject "HackerNews" */;
			compatibilityVersion = "Xcode 9.3";
			developmentRegion = en;
			hasScannedForEncodings = 0;
			knownRegions = (
				en,
				Base,
			);
			mainGroup = D07204E721309FC600E4B1ED;
			productRefGroup = D07204F121309FC600E4B1ED /* Products */;
			projectDirPath = "";
			projectRoot = "";
			targets = (
				D07204EF21309FC600E4B1ED /* HackerNews */,
				D072050321309FC900E4B1ED /* HackerNewsTests */,
				D072050E21309FC900E4B1ED /* HackerNewsUITests */,
			);
		};
/* End PBXProject section */

/* Begin PBXResourcesBuildPhase section */
		D07204EE21309FC600E4B1ED /* Resources */ = {
			isa = PBXResourcesBuildPhase;
			buildActionMask = 2147483647;
			files = (
				3860B55A219F2DD800D2CC03 /* fabric.apikey in Resources */,
				D07204FE21309FC900E4B1ED /* LaunchScreen.storyboard in Resources */,
				381A4BD921680ADE0084F05B /* NewsStories.storyboard in Resources */,
				D07204FB21309FC900E4B1ED /* Assets.xcassets in Resources */,
				381A4BEA216810520084F05B /* ShowStories.storyboard in Resources */,
				381A4BCC216800790084F05B /* TopStories.storyboard in Resources */,
				D072053E2130ABE600E4B1ED /* OpenSans-Bold.ttf in Resources */,
				385CCA602188F24F0025AC42 /* LoadingTableViewCell.xib in Resources */,
				D072053F2130ABE600E4B1ED /* OpenSans-Light.ttf in Resources */,
				381A4BE021680CEF0084F05B /* AskStories.storyboard in Resources */,
				D07205402130ABE600E4B1ED /* OpenSans-Regular.ttf in Resources */,
				D07205422130AC6300E4B1ED /* OpenSans-Semibold.ttf in Resources */,
				D07204F921309FC600E4B1ED /* Main.storyboard in Resources */,
				382F1AB4217E7201001D89A4 /* CommentTableViewCell.xib in Resources */,
				3860B559219F2DD800D2CC03 /* fabric.buildsecret in Resources */,
				D026E85D2131AB1E00512C32 /* NewsTableViewCell.xib in Resources */,
				5AE2EDEA241048000011A198 /* Stories.storyboard in Resources */,
				382F1AB1217E7105001D89A4 /* Comments.storyboard in Resources */,
			);
			runOnlyForDeploymentPostprocessing = 0;
		};
		D072050221309FC900E4B1ED /* Resources */ = {
			isa = PBXResourcesBuildPhase;
			buildActionMask = 2147483647;
			files = (
			);
			runOnlyForDeploymentPostprocessing = 0;
		};
		D072050D21309FC900E4B1ED /* Resources */ = {
			isa = PBXResourcesBuildPhase;
			buildActionMask = 2147483647;
			files = (
			);
			runOnlyForDeploymentPostprocessing = 0;
		};
/* End PBXResourcesBuildPhase section */

/* Begin PBXShellScriptBuildPhase section */
		3860B553219F0B8300D2CC03 /* ShellScript */ = {
			isa = PBXShellScriptBuildPhase;
			buildActionMask = 2147483647;
			files = (
			);
			inputFileListPaths = (
			);
			inputPaths = (
				"$(BUILT_PRODUCTS_DIR)/$(INFOPLIST_PATH)",
			);
			outputFileListPaths = (
			);
			outputPaths = (
			);
			runOnlyForDeploymentPostprocessing = 0;
			shellPath = /bin/sh;
			shellScript = "FABRIC_APIKEY_FILE=\"${SRCROOT}/HackerNews/Resources/Keys/fabric.apikey\"\nFABRIC_BUILDSECRET_FILE=\"${SRCROOT}/HackerNews/Resources/Keys/fabric.buildsecret\"\n\nif [ \"${CONFIGURATION}\" = \"Release\" ]; then\nif test ! -f \"$FABRIC_APIKEY_FILE\" -o ! -f \"$FABRIC_BUILDSECRET_FILE\"; then\necho \"This build wants to upload dSYM files to Crashlytics.\"\necho \"Uploading is possible only if a Fabric API key and a Fabric build secret are\"\necho \"available. This build is failing because at least one of these pieces of\"\necho \"information is missing.\"\necho \"\"\necho \"To fix the problem, create the following files and store the API key and\"\necho \"build secret, respectively, within those files:\"\necho \"\"\necho \"  $FABRIC_APIKEY_FILE\"\necho \"  $FABRIC_BUILDSECRET_FILE\"\necho \"\"\necho \"If you forked the project then you must register with Crashlytics and\"\necho \"get your own API key and build secret.\"\n\n# Let the build fail\nexit 1\nfi\n\nFABRIC_APIKEY=$(cat \"$FABRIC_APIKEY_FILE\")\nif test $? -ne 0; then\necho \"Cannot read $FABRIC_APIKEY_FILE\"\nexit 1\nfi\n\nFABRIC_BUILDSECRET=$(cat \"$FABRIC_BUILDSECRET_FILE\")\nif test $? -ne 0; then\necho \"Cannot read $FABRIC_BUILDSECRET_FILE\"\nexit 1\nfi\n\necho \"Uploading dSYM files to Crashlytics\"\n\"${PODS_ROOT}/Fabric/run\" \"$FABRIC_APIKEY\" \"$FABRIC_BUILDSECRET\"\nfi\n";
		};
		3860B554219F132500D2CC03 /* ShellScript */ = {
			isa = PBXShellScriptBuildPhase;
			buildActionMask = 2147483647;
			files = (
			);
			inputFileListPaths = (
			);
			inputPaths = (
			);
			outputFileListPaths = (
			);
			outputPaths = (
			);
			runOnlyForDeploymentPostprocessing = 0;
			shellPath = /bin/sh;
			shellScript = "#!/bin/bash\nbuildNumber=$(/usr/libexec/PlistBuddy -c \"Print CFBundleVersion\" \"$INFOPLIST_FILE\")\nbuildNumber=$(($buildNumber + 1))\n/usr/libexec/PlistBuddy -c \"Set :CFBundleVersion $buildNumber\" \"$INFOPLIST_FILE\"\n";
		};
		59709DA8EE71F8AEAF07F7AE /* [CP] Check Pods Manifest.lock */ = {
			isa = PBXShellScriptBuildPhase;
			buildActionMask = 2147483647;
			files = (
			);
			inputPaths = (
				"${PODS_PODFILE_DIR_PATH}/Podfile.lock",
				"${PODS_ROOT}/Manifest.lock",
			);
			name = "[CP] Check Pods Manifest.lock";
			outputPaths = (
				"$(DERIVED_FILE_DIR)/Pods-HackerNews-checkManifestLockResult.txt",
			);
			runOnlyForDeploymentPostprocessing = 0;
			shellPath = /bin/sh;
			shellScript = "diff \"${PODS_PODFILE_DIR_PATH}/Podfile.lock\" \"${PODS_ROOT}/Manifest.lock\" > /dev/null\nif [ $? != 0 ] ; then\n    # print error to STDERR\n    echo \"error: The sandbox is not in sync with the Podfile.lock. Run 'pod install' or update your CocoaPods installation.\" >&2\n    exit 1\nfi\n# This output is used by Xcode 'outputs' to avoid re-running this script phase.\necho \"SUCCESS\" > \"${SCRIPT_OUTPUT_FILE_0}\"\n";
			showEnvVarsInLog = 0;
		};
		5AE2EDC3241038500011A198 /* ShellScript */ = {
			isa = PBXShellScriptBuildPhase;
			buildActionMask = 2147483647;
			files = (
			);
			inputFileListPaths = (
			);
			inputPaths = (
				"$TEMP_DIR/rswift-lastrun",
			);
			outputFileListPaths = (
			);
			outputPaths = (
				$SRCROOT/R.generated.swift,
			);
			runOnlyForDeploymentPostprocessing = 0;
			shellPath = /bin/sh;
			shellScript = "\"$PODS_ROOT/R.swift/rswift\" generate \"$SRCROOT/R.generated.swift\"\n";
		};
		6D6A4E5696AFF6F7999A7E29 /* [CP] Embed Pods Frameworks */ = {
			isa = PBXShellScriptBuildPhase;
			buildActionMask = 2147483647;
			files = (
			);
			inputFileListPaths = (
				"${PODS_ROOT}/Target Support Files/Pods-HackerNewsTests/Pods-HackerNewsTests-frameworks-${CONFIGURATION}-input-files.xcfilelist",
			);
			name = "[CP] Embed Pods Frameworks";
			outputFileListPaths = (
				"${PODS_ROOT}/Target Support Files/Pods-HackerNewsTests/Pods-HackerNewsTests-frameworks-${CONFIGURATION}-output-files.xcfilelist",
			);
			runOnlyForDeploymentPostprocessing = 0;
			shellPath = /bin/sh;
			shellScript = "\"${PODS_ROOT}/Target Support Files/Pods-HackerNewsTests/Pods-HackerNewsTests-frameworks.sh\"\n";
			showEnvVarsInLog = 0;
		};
		760CC1C0A49C2F6AC758EB8B /* [CP] Check Pods Manifest.lock */ = {
			isa = PBXShellScriptBuildPhase;
			buildActionMask = 2147483647;
			files = (
			);
			inputFileListPaths = (
			);
			inputPaths = (
				"${PODS_PODFILE_DIR_PATH}/Podfile.lock",
				"${PODS_ROOT}/Manifest.lock",
			);
			name = "[CP] Check Pods Manifest.lock";
			outputFileListPaths = (
			);
			outputPaths = (
				"$(DERIVED_FILE_DIR)/Pods-HackerNewsTests-checkManifestLockResult.txt",
			);
			runOnlyForDeploymentPostprocessing = 0;
			shellPath = /bin/sh;
			shellScript = "diff \"${PODS_PODFILE_DIR_PATH}/Podfile.lock\" \"${PODS_ROOT}/Manifest.lock\" > /dev/null\nif [ $? != 0 ] ; then\n    # print error to STDERR\n    echo \"error: The sandbox is not in sync with the Podfile.lock. Run 'pod install' or update your CocoaPods installation.\" >&2\n    exit 1\nfi\n# This output is used by Xcode 'outputs' to avoid re-running this script phase.\necho \"SUCCESS\" > \"${SCRIPT_OUTPUT_FILE_0}\"\n";
			showEnvVarsInLog = 0;
		};
		D095C042213F22950047AB79 /* ShellScript */ = {
			isa = PBXShellScriptBuildPhase;
			buildActionMask = 2147483647;
			files = (
			);
			inputPaths = (
			);
			outputPaths = (
			);
			runOnlyForDeploymentPostprocessing = 0;
			shellPath = /bin/sh;
			shellScript = "\"${PODS_ROOT}/SwiftLint/swiftlint\"\n";
		};
		E4D508F19C5AA4D97D5A06BB /* [CP] Embed Pods Frameworks */ = {
			isa = PBXShellScriptBuildPhase;
			buildActionMask = 2147483647;
			files = (
			);
			inputFileListPaths = (
				"${PODS_ROOT}/Target Support Files/Pods-HackerNews/Pods-HackerNews-frameworks-${CONFIGURATION}-input-files.xcfilelist",
			);
			name = "[CP] Embed Pods Frameworks";
			outputFileListPaths = (
				"${PODS_ROOT}/Target Support Files/Pods-HackerNews/Pods-HackerNews-frameworks-${CONFIGURATION}-output-files.xcfilelist",
			);
			runOnlyForDeploymentPostprocessing = 0;
			shellPath = /bin/sh;
			shellScript = "\"${PODS_ROOT}/Target Support Files/Pods-HackerNews/Pods-HackerNews-frameworks.sh\"\n";
			showEnvVarsInLog = 0;
		};
/* End PBXShellScriptBuildPhase section */

/* Begin PBXSourcesBuildPhase section */
		D07204EC21309FC600E4B1ED /* Sources */ = {
			isa = PBXSourcesBuildPhase;
			buildActionMask = 2147483647;
			files = (
				385CCA5E2188F23A0025AC42 /* LoadingTableViewCell.swift in Sources */,
				D07205252130A09C00E4B1ED /* Color+.swift in Sources */,
				5AE2EDE8241047660011A198 /* R.generated.swift in Sources */,
				D07205292130A10400E4B1ED /* NibLoadableView.swift in Sources */,
				384F0821219E07D30029ADDD /* Alertable.swift in Sources */,
				D07205272130A0AF00E4B1ED /* UIImage+.swift in Sources */,
				389F80AB218F8EC8003F2A55 /* StoriesListDataSource.swift in Sources */,
				5AE2EDDD241040A40011A198 /* MainTabBarViewController.swift in Sources */,
				382F1AAD217E70E4001D89A4 /* CommentsViewController.swift in Sources */,
				381A4BE7216810340084F05B /* ShowStoriesViewController.swift in Sources */,
				3867CB6F215FB264003C0658 /* Date+.swift in Sources */,
				D07205312130A17100E4B1ED /* UIViewControllerFactory.swift in Sources */,
				5AE2EDCD24103C9B0011A198 /* RootModuleAssembly.swift in Sources */,
				381A4BDB21680AEF0084F05B /* NewsStoriesViewController.swift in Sources */,
				D072052D2130A13800E4B1ED /* UITableView+.swift in Sources */,
				38DF2B58218B9ACA00F03B9E /* StoriesLoader.swift in Sources */,
				5AE2EDE4241046730011A198 /* TransitionHandler.swift in Sources */,
				5AE2EDE2241046210011A198 /* UINavigationController+.swift in Sources */,
				D072052B2130A11A00E4B1ED /* ReusableView.swift in Sources */,
				D072052F2130A15200E4B1ED /* UITableViewCell+.swift in Sources */,
				D026E8622131ADED00512C32 /* AppStyles.swift in Sources */,
				D026E85F2131AB3500512C32 /* NewsTableViewCell.swift in Sources */,
				382F1AB6217E7225001D89A4 /* CommentTableViewCell.swift in Sources */,
				5AE2EDD724103F1D0011A198 /* MainTabBarAssembly.swift in Sources */,
				5AE2EDD024103CDB0011A198 /* RootConfigurator.swift in Sources */,
				381A4BE221680CFB0084F05B /* AskStoriesViewController.swift in Sources */,
				5A6FF6C324182BDF003F9B9D /* StoriesAssembler.swift in Sources */,
				38F7969A2198A2710083EFEF /* String+.swift in Sources */,
				381A4BD3216806ED0084F05B /* RootViewController.swift in Sources */,
				5AE2EDDA241040420011A198 /* TabBarViewProtocol.swift in Sources */,
				381A4BCE2168009F0084F05B /* TopStoriesViewController.swift in Sources */,
				5AE2EDD424103EED0011A198 /* MainTabBarConfigurator.swift in Sources */,
				D07204F421309FC600E4B1ED /* AppDelegate.swift in Sources */,
				4FBF586447B5D27D3FFE8695 /* StoriesViewInput.swift in Sources */,
				D746902D625B40CF3177A9A3 /* StoriesViewOutput.swift in Sources */,
				CB02B826066E9E278B544AB0 /* StoriesViewController.swift in Sources */,
				D078561297ACC3EAD4FC08EA /* StoriesPresenter.swift in Sources */,
				9217DDCCAA0BF7EACAFA0B62 /* StoriesInteractorInput.swift in Sources */,
				B2A18F8423F3459CE46FDCE1 /* StoriesInteractorOutput.swift in Sources */,
				FAEE86FF44686D0C9C73A091 /* StoriesInteractor.swift in Sources */,
				A2973A58E5B273EFDDA3199A /* StoriesRouterInput.swift in Sources */,
				2C5287CA0F51E7CC0998F056 /* StoriesRouter.swift in Sources */,
				5A6FF6C124182107003F9B9D /* ApplicationAssembler.swift in Sources */,
				C72C67A3801D1099E2E78982 /* StoriesAssembly.swift in Sources */,
				2EA036539C9497D818D984D6 /* StoriesConfigurator.swift in Sources */,
				5AE2EDE0241045D60011A198 /* Presentable.swift in Sources */,
			);
			runOnlyForDeploymentPostprocessing = 0;
		};
		D072050021309FC900E4B1ED /* Sources */ = {
			isa = PBXSourcesBuildPhase;
			buildActionMask = 2147483647;
			files = (
				D072050921309FC900E4B1ED /* HackerNewsTests.swift in Sources */,
				EDE03E5231E7355B1352B22D /* StoriesAssemblyTests.swift in Sources */,
				87235FA1D54F1BBD55496993 /* StoriesViewTests.swift in Sources */,
				EF595E98A7E35C576C647499 /* StoriesInteractorTests.swift in Sources */,
				223CB8777BF3B1F04F665350 /* StoriesPresenterTests.swift in Sources */,
				7ACEA30CDD9C2EC5E4304163 /* StoriesRouterTests.swift in Sources */,
				3C63C91DAA87693F4AF304FD /* StoriesConfiguratorTests.swift in Sources */,
			);
			runOnlyForDeploymentPostprocessing = 0;
		};
		D072050B21309FC900E4B1ED /* Sources */ = {
			isa = PBXSourcesBuildPhase;
			buildActionMask = 2147483647;
			files = (
				D072051421309FC900E4B1ED /* HackerNewsUITests.swift in Sources */,
			);
			runOnlyForDeploymentPostprocessing = 0;
		};
/* End PBXSourcesBuildPhase section */

/* Begin PBXTargetDependency section */
		D072050621309FC900E4B1ED /* PBXTargetDependency */ = {
			isa = PBXTargetDependency;
			target = D07204EF21309FC600E4B1ED /* HackerNews */;
			targetProxy = D072050521309FC900E4B1ED /* PBXContainerItemProxy */;
		};
		D072051121309FC900E4B1ED /* PBXTargetDependency */ = {
			isa = PBXTargetDependency;
			target = D07204EF21309FC600E4B1ED /* HackerNews */;
			targetProxy = D072051021309FC900E4B1ED /* PBXContainerItemProxy */;
		};
/* End PBXTargetDependency section */

/* Begin PBXVariantGroup section */
		D07204F721309FC600E4B1ED /* Main.storyboard */ = {
			isa = PBXVariantGroup;
			children = (
				D07204F821309FC600E4B1ED /* Base */,
			);
			name = Main.storyboard;
			sourceTree = "<group>";
		};
		D07204FC21309FC900E4B1ED /* LaunchScreen.storyboard */ = {
			isa = PBXVariantGroup;
			children = (
				D07204FD21309FC900E4B1ED /* Base */,
			);
			name = LaunchScreen.storyboard;
			sourceTree = "<group>";
		};
/* End PBXVariantGroup section */

/* Begin XCBuildConfiguration section */
		D072051621309FC900E4B1ED /* Debug */ = {
			isa = XCBuildConfiguration;
			buildSettings = {
				ALWAYS_SEARCH_USER_PATHS = NO;
				CLANG_ANALYZER_NONNULL = YES;
				CLANG_ANALYZER_NUMBER_OBJECT_CONVERSION = YES_AGGRESSIVE;
				CLANG_CXX_LANGUAGE_STANDARD = "gnu++14";
				CLANG_CXX_LIBRARY = "libc++";
				CLANG_ENABLE_MODULES = YES;
				CLANG_ENABLE_OBJC_ARC = YES;
				CLANG_ENABLE_OBJC_WEAK = YES;
				CLANG_WARN_BLOCK_CAPTURE_AUTORELEASING = YES;
				CLANG_WARN_BOOL_CONVERSION = YES;
				CLANG_WARN_COMMA = YES;
				CLANG_WARN_CONSTANT_CONVERSION = YES;
				CLANG_WARN_DEPRECATED_OBJC_IMPLEMENTATIONS = YES;
				CLANG_WARN_DIRECT_OBJC_ISA_USAGE = YES_ERROR;
				CLANG_WARN_DOCUMENTATION_COMMENTS = YES;
				CLANG_WARN_EMPTY_BODY = YES;
				CLANG_WARN_ENUM_CONVERSION = YES;
				CLANG_WARN_INFINITE_RECURSION = YES;
				CLANG_WARN_INT_CONVERSION = YES;
				CLANG_WARN_NON_LITERAL_NULL_CONVERSION = YES;
				CLANG_WARN_OBJC_IMPLICIT_RETAIN_SELF = YES;
				CLANG_WARN_OBJC_LITERAL_CONVERSION = YES;
				CLANG_WARN_OBJC_ROOT_CLASS = YES_ERROR;
				CLANG_WARN_RANGE_LOOP_ANALYSIS = YES;
				CLANG_WARN_STRICT_PROTOTYPES = YES;
				CLANG_WARN_SUSPICIOUS_MOVE = YES;
				CLANG_WARN_UNGUARDED_AVAILABILITY = YES_AGGRESSIVE;
				CLANG_WARN_UNREACHABLE_CODE = YES;
				CLANG_WARN__DUPLICATE_METHOD_MATCH = YES;
				CODE_SIGN_IDENTITY = "iPhone Developer";
				COPY_PHASE_STRIP = NO;
				DEBUG_INFORMATION_FORMAT = dwarf;
				ENABLE_STRICT_OBJC_MSGSEND = YES;
				ENABLE_TESTABILITY = YES;
				GCC_C_LANGUAGE_STANDARD = gnu11;
				GCC_DYNAMIC_NO_PIC = NO;
				GCC_NO_COMMON_BLOCKS = YES;
				GCC_OPTIMIZATION_LEVEL = 0;
				GCC_PREPROCESSOR_DEFINITIONS = (
					"DEBUG=1",
					"$(inherited)",
				);
				GCC_WARN_64_TO_32_BIT_CONVERSION = YES;
				GCC_WARN_ABOUT_RETURN_TYPE = YES_ERROR;
				GCC_WARN_UNDECLARED_SELECTOR = YES;
				GCC_WARN_UNINITIALIZED_AUTOS = YES_AGGRESSIVE;
				GCC_WARN_UNUSED_FUNCTION = YES;
				GCC_WARN_UNUSED_VARIABLE = YES;
				IPHONEOS_DEPLOYMENT_TARGET = 10.0;
				MTL_ENABLE_DEBUG_INFO = YES;
				ONLY_ACTIVE_ARCH = YES;
				SDKROOT = iphoneos;
				SWIFT_ACTIVE_COMPILATION_CONDITIONS = DEBUG;
				SWIFT_OPTIMIZATION_LEVEL = "-Onone";
			};
			name = Debug;
		};
		D072051721309FC900E4B1ED /* Release */ = {
			isa = XCBuildConfiguration;
			buildSettings = {
				ALWAYS_SEARCH_USER_PATHS = NO;
				CLANG_ANALYZER_NONNULL = YES;
				CLANG_ANALYZER_NUMBER_OBJECT_CONVERSION = YES_AGGRESSIVE;
				CLANG_CXX_LANGUAGE_STANDARD = "gnu++14";
				CLANG_CXX_LIBRARY = "libc++";
				CLANG_ENABLE_MODULES = YES;
				CLANG_ENABLE_OBJC_ARC = YES;
				CLANG_ENABLE_OBJC_WEAK = YES;
				CLANG_WARN_BLOCK_CAPTURE_AUTORELEASING = YES;
				CLANG_WARN_BOOL_CONVERSION = YES;
				CLANG_WARN_COMMA = YES;
				CLANG_WARN_CONSTANT_CONVERSION = YES;
				CLANG_WARN_DEPRECATED_OBJC_IMPLEMENTATIONS = YES;
				CLANG_WARN_DIRECT_OBJC_ISA_USAGE = YES_ERROR;
				CLANG_WARN_DOCUMENTATION_COMMENTS = YES;
				CLANG_WARN_EMPTY_BODY = YES;
				CLANG_WARN_ENUM_CONVERSION = YES;
				CLANG_WARN_INFINITE_RECURSION = YES;
				CLANG_WARN_INT_CONVERSION = YES;
				CLANG_WARN_NON_LITERAL_NULL_CONVERSION = YES;
				CLANG_WARN_OBJC_IMPLICIT_RETAIN_SELF = YES;
				CLANG_WARN_OBJC_LITERAL_CONVERSION = YES;
				CLANG_WARN_OBJC_ROOT_CLASS = YES_ERROR;
				CLANG_WARN_RANGE_LOOP_ANALYSIS = YES;
				CLANG_WARN_STRICT_PROTOTYPES = YES;
				CLANG_WARN_SUSPICIOUS_MOVE = YES;
				CLANG_WARN_UNGUARDED_AVAILABILITY = YES_AGGRESSIVE;
				CLANG_WARN_UNREACHABLE_CODE = YES;
				CLANG_WARN__DUPLICATE_METHOD_MATCH = YES;
				CODE_SIGN_IDENTITY = "iPhone Developer";
				COPY_PHASE_STRIP = NO;
				DEBUG_INFORMATION_FORMAT = "dwarf-with-dsym";
				ENABLE_NS_ASSERTIONS = NO;
				ENABLE_STRICT_OBJC_MSGSEND = YES;
				GCC_C_LANGUAGE_STANDARD = gnu11;
				GCC_NO_COMMON_BLOCKS = YES;
				GCC_WARN_64_TO_32_BIT_CONVERSION = YES;
				GCC_WARN_ABOUT_RETURN_TYPE = YES_ERROR;
				GCC_WARN_UNDECLARED_SELECTOR = YES;
				GCC_WARN_UNINITIALIZED_AUTOS = YES_AGGRESSIVE;
				GCC_WARN_UNUSED_FUNCTION = YES;
				GCC_WARN_UNUSED_VARIABLE = YES;
				IPHONEOS_DEPLOYMENT_TARGET = 10.0;
				MTL_ENABLE_DEBUG_INFO = NO;
				SDKROOT = iphoneos;
				SWIFT_COMPILATION_MODE = wholemodule;
				SWIFT_OPTIMIZATION_LEVEL = "-O";
				VALIDATE_PRODUCT = YES;
			};
			name = Release;
		};
		D072051921309FC900E4B1ED /* Debug */ = {
			isa = XCBuildConfiguration;
			baseConfigurationReference = 299EE547094A059831FA6535 /* Pods-HackerNews.debug.xcconfig */;
			buildSettings = {
				ASSETCATALOG_COMPILER_APPICON_NAME = AppIcon;
				CODE_SIGN_STYLE = Automatic;
				DEVELOPMENT_TEAM = A8WE5LL2GU;
				INFOPLIST_FILE = "$(SRCROOT)/HackerNews/Resources/Info.plist";
				IPHONEOS_DEPLOYMENT_TARGET = 10.0;
				LD_RUNPATH_SEARCH_PATHS = (
					"$(inherited)",
					"@executable_path/Frameworks",
				);
				PRODUCT_BUNDLE_IDENTIFIER = com.nikitavasilev.HackerNews;
				PRODUCT_NAME = "Hacker News";
				SWIFT_VERSION = 5.0;
				TARGETED_DEVICE_FAMILY = "1,2";
			};
			name = Debug;
		};
		D072051A21309FC900E4B1ED /* Release */ = {
			isa = XCBuildConfiguration;
			baseConfigurationReference = 63100782525D8A733AA59448 /* Pods-HackerNews.release.xcconfig */;
			buildSettings = {
				ASSETCATALOG_COMPILER_APPICON_NAME = AppIcon;
				CODE_SIGN_STYLE = Automatic;
				DEVELOPMENT_TEAM = A8WE5LL2GU;
				INFOPLIST_FILE = "$(SRCROOT)/HackerNews/Resources/Info.plist";
				IPHONEOS_DEPLOYMENT_TARGET = 10.0;
				LD_RUNPATH_SEARCH_PATHS = (
					"$(inherited)",
					"@executable_path/Frameworks",
				);
				PRODUCT_BUNDLE_IDENTIFIER = com.nikitavasilev.HackerNews;
				PRODUCT_NAME = "Hacker News";
				SWIFT_VERSION = 5.0;
				TARGETED_DEVICE_FAMILY = "1,2";
			};
			name = Release;
		};
		D072051C21309FC900E4B1ED /* Debug */ = {
			isa = XCBuildConfiguration;
			baseConfigurationReference = 80C50257A3CF7985CE1154CA /* Pods-HackerNewsTests.debug.xcconfig */;
			buildSettings = {
				ALWAYS_EMBED_SWIFT_STANDARD_LIBRARIES = YES;
				BUNDLE_LOADER = "$(TEST_HOST)";
				CODE_SIGN_STYLE = Automatic;
				DEVELOPMENT_TEAM = A8WE5LL2GU;
				INFOPLIST_FILE = HackerNewsTests/Info.plist;
				LD_RUNPATH_SEARCH_PATHS = (
					"$(inherited)",
					"@executable_path/Frameworks",
					"@loader_path/Frameworks",
				);
				PRODUCT_BUNDLE_IDENTIFIER = com.nikitavasilev.HackerNewsTests;
				PRODUCT_NAME = "$(TARGET_NAME)";
				SWIFT_VERSION = 5.0;
				TARGETED_DEVICE_FAMILY = "1,2";
				TEST_HOST = "$(BUILT_PRODUCTS_DIR)/HackerNews.app/HackerNews";
			};
			name = Debug;
		};
		D072051D21309FC900E4B1ED /* Release */ = {
			isa = XCBuildConfiguration;
			baseConfigurationReference = 8F48832D434CE5F88A42D814 /* Pods-HackerNewsTests.release.xcconfig */;
			buildSettings = {
				ALWAYS_EMBED_SWIFT_STANDARD_LIBRARIES = YES;
				BUNDLE_LOADER = "$(TEST_HOST)";
				CODE_SIGN_STYLE = Automatic;
				DEVELOPMENT_TEAM = A8WE5LL2GU;
				INFOPLIST_FILE = HackerNewsTests/Info.plist;
				LD_RUNPATH_SEARCH_PATHS = (
					"$(inherited)",
					"@executable_path/Frameworks",
					"@loader_path/Frameworks",
				);
				PRODUCT_BUNDLE_IDENTIFIER = com.nikitavasilev.HackerNewsTests;
				PRODUCT_NAME = "$(TARGET_NAME)";
				SWIFT_VERSION = 5.0;
				TARGETED_DEVICE_FAMILY = "1,2";
				TEST_HOST = "$(BUILT_PRODUCTS_DIR)/HackerNews.app/HackerNews";
			};
			name = Release;
		};
		D072051F21309FC900E4B1ED /* Debug */ = {
			isa = XCBuildConfiguration;
			buildSettings = {
				ALWAYS_EMBED_SWIFT_STANDARD_LIBRARIES = YES;
				CODE_SIGN_STYLE = Automatic;
				DEVELOPMENT_TEAM = A8WE5LL2GU;
				INFOPLIST_FILE = HackerNewsUITests/Info.plist;
				LD_RUNPATH_SEARCH_PATHS = (
					"$(inherited)",
					"@executable_path/Frameworks",
					"@loader_path/Frameworks",
				);
				PRODUCT_BUNDLE_IDENTIFIER = com.nikitavasilev.HackerNewsUITests;
				PRODUCT_NAME = "$(TARGET_NAME)";
				SWIFT_VERSION = 5.0;
				TARGETED_DEVICE_FAMILY = "1,2";
				TEST_TARGET_NAME = HackerNews;
			};
			name = Debug;
		};
		D072052021309FC900E4B1ED /* Release */ = {
			isa = XCBuildConfiguration;
			buildSettings = {
				ALWAYS_EMBED_SWIFT_STANDARD_LIBRARIES = YES;
				CODE_SIGN_STYLE = Automatic;
				DEVELOPMENT_TEAM = A8WE5LL2GU;
				INFOPLIST_FILE = HackerNewsUITests/Info.plist;
				LD_RUNPATH_SEARCH_PATHS = (
					"$(inherited)",
					"@executable_path/Frameworks",
					"@loader_path/Frameworks",
				);
				PRODUCT_BUNDLE_IDENTIFIER = com.nikitavasilev.HackerNewsUITests;
				PRODUCT_NAME = "$(TARGET_NAME)";
				SWIFT_VERSION = 5.0;
				TARGETED_DEVICE_FAMILY = "1,2";
				TEST_TARGET_NAME = HackerNews;
			};
			name = Release;
		};
/* End XCBuildConfiguration section */

/* Begin XCConfigurationList section */
		D07204EB21309FC600E4B1ED /* Build configuration list for PBXProject "HackerNews" */ = {
			isa = XCConfigurationList;
			buildConfigurations = (
				D072051621309FC900E4B1ED /* Debug */,
				D072051721309FC900E4B1ED /* Release */,
			);
			defaultConfigurationIsVisible = 0;
			defaultConfigurationName = Release;
		};
		D072051821309FC900E4B1ED /* Build configuration list for PBXNativeTarget "HackerNews" */ = {
			isa = XCConfigurationList;
			buildConfigurations = (
				D072051921309FC900E4B1ED /* Debug */,
				D072051A21309FC900E4B1ED /* Release */,
			);
			defaultConfigurationIsVisible = 0;
			defaultConfigurationName = Release;
		};
		D072051B21309FC900E4B1ED /* Build configuration list for PBXNativeTarget "HackerNewsTests" */ = {
			isa = XCConfigurationList;
			buildConfigurations = (
				D072051C21309FC900E4B1ED /* Debug */,
				D072051D21309FC900E4B1ED /* Release */,
			);
			defaultConfigurationIsVisible = 0;
			defaultConfigurationName = Release;
		};
		D072051E21309FC900E4B1ED /* Build configuration list for PBXNativeTarget "HackerNewsUITests" */ = {
			isa = XCConfigurationList;
			buildConfigurations = (
				D072051F21309FC900E4B1ED /* Debug */,
				D072052021309FC900E4B1ED /* Release */,
			);
			defaultConfigurationIsVisible = 0;
			defaultConfigurationName = Release;
		};
/* End XCConfigurationList section */
	};
	rootObject = D07204E821309FC600E4B1ED /* Project object */;
}
