// !$*UTF8*$!
{
	archiveVersion = 1;
	classes = {
	};
	objectVersion = 50;
	objects = {

/* Begin PBXBuildFile section */
		38BF9C07215D494F0080C57C /* NetworkManager.framework in Frameworks */ = {isa = PBXBuildFile; fileRef = 38BF9C06215D494F0080C57C /* NetworkManager.framework */; };
		38BF9C08215D494F0080C57C /* NetworkManager.framework in Embed Frameworks */ = {isa = PBXBuildFile; fileRef = 38BF9C06215D494F0080C57C /* NetworkManager.framework */; settings = {ATTRIBUTES = (CodeSignOnCopy, RemoveHeadersOnCopy, ); }; };
		8E22CEE5F617BD33744CA6BA /* Pods_HackerNews.framework in Frameworks */ = {isa = PBXBuildFile; fileRef = 02D7A99805FD981F4437D9A7 /* Pods_HackerNews.framework */; };
		D026E85D2131AB1E00512C32 /* NewsTableCell.xib in Resources */ = {isa = PBXBuildFile; fileRef = D026E85C2131AB1E00512C32 /* NewsTableCell.xib */; };
		D026E85F2131AB3500512C32 /* NewsTableCell.swift in Sources */ = {isa = PBXBuildFile; fileRef = D026E85E2131AB3500512C32 /* NewsTableCell.swift */; };
		D026E8622131ADED00512C32 /* AppStyles.swift in Sources */ = {isa = PBXBuildFile; fileRef = D026E8612131ADED00512C32 /* AppStyles.swift */; };
		D07204F421309FC600E4B1ED /* AppDelegate.swift in Sources */ = {isa = PBXBuildFile; fileRef = D07204F321309FC600E4B1ED /* AppDelegate.swift */; };
		D07204F621309FC600E4B1ED /* NewsViewController.swift in Sources */ = {isa = PBXBuildFile; fileRef = D07204F521309FC600E4B1ED /* NewsViewController.swift */; };
		D07204F921309FC600E4B1ED /* Main.storyboard in Resources */ = {isa = PBXBuildFile; fileRef = D07204F721309FC600E4B1ED /* Main.storyboard */; };
		D07204FB21309FC900E4B1ED /* Assets.xcassets in Resources */ = {isa = PBXBuildFile; fileRef = D07204FA21309FC900E4B1ED /* Assets.xcassets */; };
		D07204FE21309FC900E4B1ED /* LaunchScreen.storyboard in Resources */ = {isa = PBXBuildFile; fileRef = D07204FC21309FC900E4B1ED /* LaunchScreen.storyboard */; };
		D072050921309FC900E4B1ED /* HackerNewsTests.swift in Sources */ = {isa = PBXBuildFile; fileRef = D072050821309FC900E4B1ED /* HackerNewsTests.swift */; };
		D072051421309FC900E4B1ED /* HackerNewsUITests.swift in Sources */ = {isa = PBXBuildFile; fileRef = D072051321309FC900E4B1ED /* HackerNewsUITests.swift */; };
		D07205252130A09C00E4B1ED /* Color+.swift in Sources */ = {isa = PBXBuildFile; fileRef = D07205242130A09C00E4B1ED /* Color+.swift */; };
		D07205272130A0AF00E4B1ED /* UIImage+.swift in Sources */ = {isa = PBXBuildFile; fileRef = D07205262130A0AF00E4B1ED /* UIImage+.swift */; };
		D07205292130A10400E4B1ED /* NibLoadableView.swift in Sources */ = {isa = PBXBuildFile; fileRef = D07205282130A10400E4B1ED /* NibLoadableView.swift */; };
		D072052B2130A11A00E4B1ED /* ReusableView.swift in Sources */ = {isa = PBXBuildFile; fileRef = D072052A2130A11A00E4B1ED /* ReusableView.swift */; };
		D072052D2130A13800E4B1ED /* UITableView+.swift in Sources */ = {isa = PBXBuildFile; fileRef = D072052C2130A13800E4B1ED /* UITableView+.swift */; };
		D072052F2130A15200E4B1ED /* UITableViewCell+.swift in Sources */ = {isa = PBXBuildFile; fileRef = D072052E2130A15200E4B1ED /* UITableViewCell+.swift */; };
		D07205312130A17100E4B1ED /* UIViewControllerFactory.swift in Sources */ = {isa = PBXBuildFile; fileRef = D07205302130A17100E4B1ED /* UIViewControllerFactory.swift */; };
		D072053E2130ABE600E4B1ED /* OpenSans-Bold.ttf in Resources */ = {isa = PBXBuildFile; fileRef = D072053B2130ABE500E4B1ED /* OpenSans-Bold.ttf */; };
		D072053F2130ABE600E4B1ED /* OpenSans-Light.ttf in Resources */ = {isa = PBXBuildFile; fileRef = D072053C2130ABE500E4B1ED /* OpenSans-Light.ttf */; };
		D07205402130ABE600E4B1ED /* OpenSans-Regular.ttf in Resources */ = {isa = PBXBuildFile; fileRef = D072053D2130ABE500E4B1ED /* OpenSans-Regular.ttf */; };
		D07205422130AC6300E4B1ED /* OpenSans-Semibold.ttf in Resources */ = {isa = PBXBuildFile; fileRef = D07205412130AC6300E4B1ED /* OpenSans-Semibold.ttf */; };
/* End PBXBuildFile section */

/* Begin PBXContainerItemProxy section */
		D072050521309FC900E4B1ED /* PBXContainerItemProxy */ = {
			isa = PBXContainerItemProxy;
			containerPortal = D07204E821309FC600E4B1ED /* Project object */;
			proxyType = 1;
			remoteGlobalIDString = D07204EF21309FC600E4B1ED;
			remoteInfo = HackerNews;
		};
		D072051021309FC900E4B1ED /* PBXContainerItemProxy */ = {
			isa = PBXContainerItemProxy;
			containerPortal = D07204E821309FC600E4B1ED /* Project object */;
			proxyType = 1;
			remoteGlobalIDString = D07204EF21309FC600E4B1ED;
			remoteInfo = HackerNews;
		};
/* End PBXContainerItemProxy section */

/* Begin PBXCopyFilesBuildPhase section */
		D02555AC213C6F7400822BFE /* Embed Frameworks */ = {
			isa = PBXCopyFilesBuildPhase;
			buildActionMask = 2147483647;
			dstPath = "";
			dstSubfolderSpec = 10;
			files = (
				38BF9C08215D494F0080C57C /* NetworkManager.framework in Embed Frameworks */,
			);
			name = "Embed Frameworks";
			runOnlyForDeploymentPostprocessing = 0;
		};
/* End PBXCopyFilesBuildPhase section */

/* Begin PBXFileReference section */
		02D7A99805FD981F4437D9A7 /* Pods_HackerNews.framework */ = {isa = PBXFileReference; explicitFileType = wrapper.framework; includeInIndex = 0; path = Pods_HackerNews.framework; sourceTree = BUILT_PRODUCTS_DIR; };
		299EE547094A059831FA6535 /* Pods-HackerNews.debug.xcconfig */ = {isa = PBXFileReference; includeInIndex = 1; lastKnownFileType = text.xcconfig; name = "Pods-HackerNews.debug.xcconfig"; path = "Pods/Target Support Files/Pods-HackerNews/Pods-HackerNews.debug.xcconfig"; sourceTree = "<group>"; };
		38BF9C06215D494F0080C57C /* NetworkManager.framework */ = {isa = PBXFileReference; explicitFileType = wrapper.framework; path = NetworkManager.framework; sourceTree = BUILT_PRODUCTS_DIR; };
		63100782525D8A733AA59448 /* Pods-HackerNews.release.xcconfig */ = {isa = PBXFileReference; includeInIndex = 1; lastKnownFileType = text.xcconfig; name = "Pods-HackerNews.release.xcconfig"; path = "Pods/Target Support Files/Pods-HackerNews/Pods-HackerNews.release.xcconfig"; sourceTree = "<group>"; };
		D026E85C2131AB1E00512C32 /* NewsTableCell.xib */ = {isa = PBXFileReference; lastKnownFileType = file.xib; path = NewsTableCell.xib; sourceTree = "<group>"; };
		D026E85E2131AB3500512C32 /* NewsTableCell.swift */ = {isa = PBXFileReference; lastKnownFileType = sourcecode.swift; path = NewsTableCell.swift; sourceTree = "<group>"; };
		D026E8612131ADED00512C32 /* AppStyles.swift */ = {isa = PBXFileReference; lastKnownFileType = sourcecode.swift; path = AppStyles.swift; sourceTree = "<group>"; };
		D07204F021309FC600E4B1ED /* HackerNews.app */ = {isa = PBXFileReference; explicitFileType = wrapper.application; includeInIndex = 0; path = HackerNews.app; sourceTree = BUILT_PRODUCTS_DIR; };
		D07204F321309FC600E4B1ED /* AppDelegate.swift */ = {isa = PBXFileReference; lastKnownFileType = sourcecode.swift; path = AppDelegate.swift; sourceTree = "<group>"; };
		D07204F521309FC600E4B1ED /* NewsViewController.swift */ = {isa = PBXFileReference; lastKnownFileType = sourcecode.swift; path = NewsViewController.swift; sourceTree = "<group>"; };
		D07204F821309FC600E4B1ED /* Base */ = {isa = PBXFileReference; lastKnownFileType = file.storyboard; name = Base; path = Base.lproj/Main.storyboard; sourceTree = "<group>"; };
		D07204FA21309FC900E4B1ED /* Assets.xcassets */ = {isa = PBXFileReference; lastKnownFileType = folder.assetcatalog; path = Assets.xcassets; sourceTree = "<group>"; };
		D07204FD21309FC900E4B1ED /* Base */ = {isa = PBXFileReference; lastKnownFileType = file.storyboard; name = Base; path = Base.lproj/LaunchScreen.storyboard; sourceTree = "<group>"; };
		D07204FF21309FC900E4B1ED /* Info.plist */ = {isa = PBXFileReference; lastKnownFileType = text.plist.xml; path = Info.plist; sourceTree = "<group>"; };
		D072050421309FC900E4B1ED /* HackerNewsTests.xctest */ = {isa = PBXFileReference; explicitFileType = wrapper.cfbundle; includeInIndex = 0; path = HackerNewsTests.xctest; sourceTree = BUILT_PRODUCTS_DIR; };
		D072050821309FC900E4B1ED /* HackerNewsTests.swift */ = {isa = PBXFileReference; lastKnownFileType = sourcecode.swift; path = HackerNewsTests.swift; sourceTree = "<group>"; };
		D072050A21309FC900E4B1ED /* Info.plist */ = {isa = PBXFileReference; lastKnownFileType = text.plist.xml; path = Info.plist; sourceTree = "<group>"; };
		D072050F21309FC900E4B1ED /* HackerNewsUITests.xctest */ = {isa = PBXFileReference; explicitFileType = wrapper.cfbundle; includeInIndex = 0; path = HackerNewsUITests.xctest; sourceTree = BUILT_PRODUCTS_DIR; };
		D072051321309FC900E4B1ED /* HackerNewsUITests.swift */ = {isa = PBXFileReference; lastKnownFileType = sourcecode.swift; path = HackerNewsUITests.swift; sourceTree = "<group>"; };
		D072051521309FC900E4B1ED /* Info.plist */ = {isa = PBXFileReference; lastKnownFileType = text.plist.xml; path = Info.plist; sourceTree = "<group>"; };
		D07205242130A09C00E4B1ED /* Color+.swift */ = {isa = PBXFileReference; lastKnownFileType = sourcecode.swift; path = "Color+.swift"; sourceTree = "<group>"; };
		D07205262130A0AF00E4B1ED /* UIImage+.swift */ = {isa = PBXFileReference; lastKnownFileType = sourcecode.swift; path = "UIImage+.swift"; sourceTree = "<group>"; };
		D07205282130A10400E4B1ED /* NibLoadableView.swift */ = {isa = PBXFileReference; lastKnownFileType = sourcecode.swift; path = NibLoadableView.swift; sourceTree = "<group>"; };
		D072052A2130A11A00E4B1ED /* ReusableView.swift */ = {isa = PBXFileReference; lastKnownFileType = sourcecode.swift; path = ReusableView.swift; sourceTree = "<group>"; };
		D072052C2130A13800E4B1ED /* UITableView+.swift */ = {isa = PBXFileReference; lastKnownFileType = sourcecode.swift; path = "UITableView+.swift"; sourceTree = "<group>"; };
		D072052E2130A15200E4B1ED /* UITableViewCell+.swift */ = {isa = PBXFileReference; lastKnownFileType = sourcecode.swift; path = "UITableViewCell+.swift"; sourceTree = "<group>"; };
		D07205302130A17100E4B1ED /* UIViewControllerFactory.swift */ = {isa = PBXFileReference; lastKnownFileType = sourcecode.swift; path = UIViewControllerFactory.swift; sourceTree = "<group>"; };
		D072053B2130ABE500E4B1ED /* OpenSans-Bold.ttf */ = {isa = PBXFileReference; lastKnownFileType = file; path = "OpenSans-Bold.ttf"; sourceTree = "<group>"; };
		D072053C2130ABE500E4B1ED /* OpenSans-Light.ttf */ = {isa = PBXFileReference; lastKnownFileType = file; path = "OpenSans-Light.ttf"; sourceTree = "<group>"; };
		D072053D2130ABE500E4B1ED /* OpenSans-Regular.ttf */ = {isa = PBXFileReference; lastKnownFileType = file; path = "OpenSans-Regular.ttf"; sourceTree = "<group>"; };
		D07205412130AC6300E4B1ED /* OpenSans-Semibold.ttf */ = {isa = PBXFileReference; lastKnownFileType = file; path = "OpenSans-Semibold.ttf"; sourceTree = "<group>"; };
/* End PBXFileReference section */

/* Begin PBXFrameworksBuildPhase section */
		D07204ED21309FC600E4B1ED /* Frameworks */ = {
			isa = PBXFrameworksBuildPhase;
			buildActionMask = 2147483647;
			files = (
				8E22CEE5F617BD33744CA6BA /* Pods_HackerNews.framework in Frameworks */,
				38BF9C07215D494F0080C57C /* NetworkManager.framework in Frameworks */,
			);
			runOnlyForDeploymentPostprocessing = 0;
		};
		D072050121309FC900E4B1ED /* Frameworks */ = {
			isa = PBXFrameworksBuildPhase;
			buildActionMask = 2147483647;
			files = (
			);
			runOnlyForDeploymentPostprocessing = 0;
		};
		D072050C21309FC900E4B1ED /* Frameworks */ = {
			isa = PBXFrameworksBuildPhase;
			buildActionMask = 2147483647;
			files = (
			);
			runOnlyForDeploymentPostprocessing = 0;
		};
/* End PBXFrameworksBuildPhase section */

/* Begin PBXGroup section */
		4C574C5FE4CA041CD42B23BD /* Pods */ = {
			isa = PBXGroup;
			children = (
				299EE547094A059831FA6535 /* Pods-HackerNews.debug.xcconfig */,
				63100782525D8A733AA59448 /* Pods-HackerNews.release.xcconfig */,
			);
			name = Pods;
			sourceTree = "<group>";
		};
		7F8C1831CD1E27581EABE1F6 /* Frameworks */ = {
			isa = PBXGroup;
			children = (
				02D7A99805FD981F4437D9A7 /* Pods_HackerNews.framework */,
			);
			name = Frameworks;
			sourceTree = "<group>";
		};
		D026E85B2131AAB400512C32 /* Cell */ = {
			isa = PBXGroup;
			children = (
				D026E85C2131AB1E00512C32 /* NewsTableCell.xib */,
				D026E85E2131AB3500512C32 /* NewsTableCell.swift */,
			);
			path = Cell;
			sourceTree = "<group>";
		};
		D026E8602131ADE000512C32 /* Style */ = {
			isa = PBXGroup;
			children = (
				D026E8612131ADED00512C32 /* AppStyles.swift */,
			);
			path = Style;
			sourceTree = "<group>";
		};
		D07204E721309FC600E4B1ED = {
			isa = PBXGroup;
			children = (
				38BF9C06215D494F0080C57C /* NetworkManager.framework */,
				D07204F221309FC600E4B1ED /* HackerNews */,
				D072050721309FC900E4B1ED /* HackerNewsTests */,
				D072051221309FC900E4B1ED /* HackerNewsUITests */,
				D07204F121309FC600E4B1ED /* Products */,
				4C574C5FE4CA041CD42B23BD /* Pods */,
				7F8C1831CD1E27581EABE1F6 /* Frameworks */,
			);
			sourceTree = "<group>";
		};
		D07204F121309FC600E4B1ED /* Products */ = {
			isa = PBXGroup;
			children = (
				D07204F021309FC600E4B1ED /* HackerNews.app */,
				D072050421309FC900E4B1ED /* HackerNewsTests.xctest */,
				D072050F21309FC900E4B1ED /* HackerNewsUITests.xctest */,
			);
			name = Products;
			sourceTree = "<group>";
		};
		D07204F221309FC600E4B1ED /* HackerNews */ = {
			isa = PBXGroup;
			children = (
				D07205332130A23100E4B1ED /* Application */,
				D07205362130A26200E4B1ED /* NewsReader */,
				D07205212130A02E00E4B1ED /* Commons */,
				D07205322130A21500E4B1ED /* Resources */,
			);
			path = HackerNews;
			sourceTree = "<group>";
		};
		D072050721309FC900E4B1ED /* HackerNewsTests */ = {
			isa = PBXGroup;
			children = (
				D072050821309FC900E4B1ED /* HackerNewsTests.swift */,
				D072050A21309FC900E4B1ED /* Info.plist */,
			);
			path = HackerNewsTests;
			sourceTree = "<group>";
		};
		D072051221309FC900E4B1ED /* HackerNewsUITests */ = {
			isa = PBXGroup;
			children = (
				D072051321309FC900E4B1ED /* HackerNewsUITests.swift */,
				D072051521309FC900E4B1ED /* Info.plist */,
			);
			path = HackerNewsUITests;
			sourceTree = "<group>";
		};
		D07205212130A02E00E4B1ED /* Commons */ = {
			isa = PBXGroup;
			children = (
				D026E8602131ADE000512C32 /* Style */,
				D07205222130A03800E4B1ED /* Extensions */,
				D07205232130A03E00E4B1ED /* Utils */,
			);
			path = Commons;
			sourceTree = "<group>";
		};
		D07205222130A03800E4B1ED /* Extensions */ = {
			isa = PBXGroup;
			children = (
				D07205242130A09C00E4B1ED /* Color+.swift */,
				D07205262130A0AF00E4B1ED /* UIImage+.swift */,
			);
			path = Extensions;
			sourceTree = "<group>";
		};
		D07205232130A03E00E4B1ED /* Utils */ = {
			isa = PBXGroup;
			children = (
				D07205282130A10400E4B1ED /* NibLoadableView.swift */,
				D072052A2130A11A00E4B1ED /* ReusableView.swift */,
				D072052C2130A13800E4B1ED /* UITableView+.swift */,
				D072052E2130A15200E4B1ED /* UITableViewCell+.swift */,
				D07205302130A17100E4B1ED /* UIViewControllerFactory.swift */,
			);
			path = Utils;
			sourceTree = "<group>";
		};
		D07205322130A21500E4B1ED /* Resources */ = {
			isa = PBXGroup;
			children = (
				D07205392130ABA400E4B1ED /* Fonts */,
				D07204FA21309FC900E4B1ED /* Assets.xcassets */,
				D07204FF21309FC900E4B1ED /* Info.plist */,
			);
			path = Resources;
			sourceTree = "<group>";
		};
		D07205332130A23100E4B1ED /* Application */ = {
			isa = PBXGroup;
			children = (
				D07205352130A24F00E4B1ED /* Controller */,
				D07205342130A24200E4B1ED /* View */,
			);
			path = Application;
			sourceTree = "<group>";
		};
		D07205342130A24200E4B1ED /* View */ = {
			isa = PBXGroup;
			children = (
				D07204FC21309FC900E4B1ED /* LaunchScreen.storyboard */,
			);
			path = View;
			sourceTree = "<group>";
		};
		D07205352130A24F00E4B1ED /* Controller */ = {
			isa = PBXGroup;
			children = (
				D07204F321309FC600E4B1ED /* AppDelegate.swift */,
			);
			path = Controller;
			sourceTree = "<group>";
		};
		D07205362130A26200E4B1ED /* NewsReader */ = {
			isa = PBXGroup;
			children = (
				D07205382130A27C00E4B1ED /* Controller */,
				D07205372130A27000E4B1ED /* View */,
			);
			path = NewsReader;
			sourceTree = "<group>";
		};
		D07205372130A27000E4B1ED /* View */ = {
			isa = PBXGroup;
			children = (
				D026E85B2131AAB400512C32 /* Cell */,
				D07204F721309FC600E4B1ED /* Main.storyboard */,
			);
			path = View;
			sourceTree = "<group>";
		};
		D07205382130A27C00E4B1ED /* Controller */ = {
			isa = PBXGroup;
			children = (
				D07204F521309FC600E4B1ED /* NewsViewController.swift */,
			);
			path = Controller;
			sourceTree = "<group>";
		};
		D07205392130ABA400E4B1ED /* Fonts */ = {
			isa = PBXGroup;
			children = (
				D072053A2130ABAB00E4B1ED /* Open Sans */,
			);
			path = Fonts;
			sourceTree = "<group>";
		};
		D072053A2130ABAB00E4B1ED /* Open Sans */ = {
			isa = PBXGroup;
			children = (
				D072053C2130ABE500E4B1ED /* OpenSans-Light.ttf */,
				D072053D2130ABE500E4B1ED /* OpenSans-Regular.ttf */,
				D07205412130AC6300E4B1ED /* OpenSans-Semibold.ttf */,
				D072053B2130ABE500E4B1ED /* OpenSans-Bold.ttf */,
			);
			path = "Open Sans";
			sourceTree = "<group>";
		};
/* End PBXGroup section */

/* Begin PBXNativeTarget section */
		D07204EF21309FC600E4B1ED /* HackerNews */ = {
			isa = PBXNativeTarget;
			buildConfigurationList = D072051821309FC900E4B1ED /* Build configuration list for PBXNativeTarget "HackerNews" */;
			buildPhases = (
				59709DA8EE71F8AEAF07F7AE /* [CP] Check Pods Manifest.lock */,
				D095C042213F22950047AB79 /* ShellScript */,
				D07204EC21309FC600E4B1ED /* Sources */,
				D07204ED21309FC600E4B1ED /* Frameworks */,
				D07204EE21309FC600E4B1ED /* Resources */,
				E4D508F19C5AA4D97D5A06BB /* [CP] Embed Pods Frameworks */,
				D02555AC213C6F7400822BFE /* Embed Frameworks */,
			);
			buildRules = (
			);
			dependencies = (
			);
			name = HackerNews;
			productName = HackerNews;
			productReference = D07204F021309FC600E4B1ED /* HackerNews.app */;
			productType = "com.apple.product-type.application";
		};
		D072050321309FC900E4B1ED /* HackerNewsTests */ = {
			isa = PBXNativeTarget;
			buildConfigurationList = D072051B21309FC900E4B1ED /* Build configuration list for PBXNativeTarget "HackerNewsTests" */;
			buildPhases = (
				D072050021309FC900E4B1ED /* Sources */,
				D072050121309FC900E4B1ED /* Frameworks */,
				D072050221309FC900E4B1ED /* Resources */,
			);
			buildRules = (
			);
			dependencies = (
				D072050621309FC900E4B1ED /* PBXTargetDependency */,
			);
			name = HackerNewsTests;
			productName = HackerNewsTests;
			productReference = D072050421309FC900E4B1ED /* HackerNewsTests.xctest */;
			productType = "com.apple.product-type.bundle.unit-test";
		};
		D072050E21309FC900E4B1ED /* HackerNewsUITests */ = {
			isa = PBXNativeTarget;
			buildConfigurationList = D072051E21309FC900E4B1ED /* Build configuration list for PBXNativeTarget "HackerNewsUITests" */;
			buildPhases = (
				D072050B21309FC900E4B1ED /* Sources */,
				D072050C21309FC900E4B1ED /* Frameworks */,
				D072050D21309FC900E4B1ED /* Resources */,
			);
			buildRules = (
			);
			dependencies = (
				D072051121309FC900E4B1ED /* PBXTargetDependency */,
			);
			name = HackerNewsUITests;
			productName = HackerNewsUITests;
			productReference = D072050F21309FC900E4B1ED /* HackerNewsUITests.xctest */;
			productType = "com.apple.product-type.bundle.ui-testing";
		};
/* End PBXNativeTarget section */

/* Begin PBXProject section */
		D07204E821309FC600E4B1ED /* Project object */ = {
			isa = PBXProject;
			attributes = {
				LastSwiftUpdateCheck = 0940;
				LastUpgradeCheck = 0940;
				ORGANIZATIONNAME = "Никита Васильев";
				TargetAttributes = {
					D07204EF21309FC600E4B1ED = {
						CreatedOnToolsVersion = 9.4.1;
					};
					D072050321309FC900E4B1ED = {
						CreatedOnToolsVersion = 9.4.1;
						TestTargetID = D07204EF21309FC600E4B1ED;
					};
					D072050E21309FC900E4B1ED = {
						CreatedOnToolsVersion = 9.4.1;
						TestTargetID = D07204EF21309FC600E4B1ED;
					};
				};
			};
			buildConfigurationList = D07204EB21309FC600E4B1ED /* Build configuration list for PBXProject "HackerNews" */;
			compatibilityVersion = "Xcode 9.3";
			developmentRegion = en;
			hasScannedForEncodings = 0;
			knownRegions = (
				en,
				Base,
			);
			mainGroup = D07204E721309FC600E4B1ED;
			productRefGroup = D07204F121309FC600E4B1ED /* Products */;
			projectDirPath = "";
			projectRoot = "";
			targets = (
				D07204EF21309FC600E4B1ED /* HackerNews */,
				D072050321309FC900E4B1ED /* HackerNewsTests */,
				D072050E21309FC900E4B1ED /* HackerNewsUITests */,
			);
		};
/* End PBXProject section */

/* Begin PBXResourcesBuildPhase section */
		D07204EE21309FC600E4B1ED /* Resources */ = {
			isa = PBXResourcesBuildPhase;
			buildActionMask = 2147483647;
			files = (
				D07204FE21309FC900E4B1ED /* LaunchScreen.storyboard in Resources */,
				D07204FB21309FC900E4B1ED /* Assets.xcassets in Resources */,
				D072053E2130ABE600E4B1ED /* OpenSans-Bold.ttf in Resources */,
				D072053F2130ABE600E4B1ED /* OpenSans-Light.ttf in Resources */,
				D07205402130ABE600E4B1ED /* OpenSans-Regular.ttf in Resources */,
				D07205422130AC6300E4B1ED /* OpenSans-Semibold.ttf in Resources */,
				D07204F921309FC600E4B1ED /* Main.storyboard in Resources */,
				D026E85D2131AB1E00512C32 /* NewsTableCell.xib in Resources */,
			);
			runOnlyForDeploymentPostprocessing = 0;
		};
		D072050221309FC900E4B1ED /* Resources */ = {
			isa = PBXResourcesBuildPhase;
			buildActionMask = 2147483647;
			files = (
			);
			runOnlyForDeploymentPostprocessing = 0;
		};
		D072050D21309FC900E4B1ED /* Resources */ = {
			isa = PBXResourcesBuildPhase;
			buildActionMask = 2147483647;
			files = (
			);
			runOnlyForDeploymentPostprocessing = 0;
		};
/* End PBXResourcesBuildPhase section */

/* Begin PBXShellScriptBuildPhase section */
		59709DA8EE71F8AEAF07F7AE /* [CP] Check Pods Manifest.lock */ = {
			isa = PBXShellScriptBuildPhase;
			buildActionMask = 2147483647;
			files = (
			);
			inputPaths = (
				"${PODS_PODFILE_DIR_PATH}/Podfile.lock",
				"${PODS_ROOT}/Manifest.lock",
			);
			name = "[CP] Check Pods Manifest.lock";
			outputPaths = (
				"$(DERIVED_FILE_DIR)/Pods-HackerNews-checkManifestLockResult.txt",
			);
			runOnlyForDeploymentPostprocessing = 0;
			shellPath = /bin/sh;
			shellScript = "diff \"${PODS_PODFILE_DIR_PATH}/Podfile.lock\" \"${PODS_ROOT}/Manifest.lock\" > /dev/null\nif [ $? != 0 ] ; then\n    # print error to STDERR\n    echo \"error: The sandbox is not in sync with the Podfile.lock. Run 'pod install' or update your CocoaPods installation.\" >&2\n    exit 1\nfi\n# This output is used by Xcode 'outputs' to avoid re-running this script phase.\necho \"SUCCESS\" > \"${SCRIPT_OUTPUT_FILE_0}\"\n";
			showEnvVarsInLog = 0;
		};
		D095C042213F22950047AB79 /* ShellScript */ = {
			isa = PBXShellScriptBuildPhase;
			buildActionMask = 2147483647;
			files = (
			);
			inputPaths = (
			);
			outputPaths = (
			);
			runOnlyForDeploymentPostprocessing = 0;
			shellPath = /bin/sh;
			shellScript = "\"${PODS_ROOT}/SwiftLint/swiftlint\"";
		};
		E4D508F19C5AA4D97D5A06BB /* [CP] Embed Pods Frameworks */ = {
			isa = PBXShellScriptBuildPhase;
			buildActionMask = 2147483647;
			files = (
			);
			inputPaths = (
				"${SRCROOT}/Pods/Target Support Files/Pods-HackerNews/Pods-HackerNews-frameworks.sh",
				"${BUILT_PRODUCTS_DIR}/Firebase/Firebase.framework",
				"${BUILT_PRODUCTS_DIR}/MXSegmentedControl/MXSegmentedControl.framework",
			);
			name = "[CP] Embed Pods Frameworks";
			outputPaths = (
				"${TARGET_BUILD_DIR}/${FRAMEWORKS_FOLDER_PATH}/Firebase.framework",
				"${TARGET_BUILD_DIR}/${FRAMEWORKS_FOLDER_PATH}/MXSegmentedControl.framework",
			);
			runOnlyForDeploymentPostprocessing = 0;
			shellPath = /bin/sh;
			shellScript = "\"${SRCROOT}/Pods/Target Support Files/Pods-HackerNews/Pods-HackerNews-frameworks.sh\"\n";
			showEnvVarsInLog = 0;
		};
/* End PBXShellScriptBuildPhase section */

/* Begin PBXSourcesBuildPhase section */
		D07204EC21309FC600E4B1ED /* Sources */ = {
			isa = PBXSourcesBuildPhase;
			buildActionMask = 2147483647;
			files = (
				D07205252130A09C00E4B1ED /* Color+.swift in Sources */,
				D07205292130A10400E4B1ED /* NibLoadableView.swift in Sources */,
				D07205272130A0AF00E4B1ED /* UIImage+.swift in Sources */,
				D07205312130A17100E4B1ED /* UIViewControllerFactory.swift in Sources */,
				D072052D2130A13800E4B1ED /* UITableView+.swift in Sources */,
				D072052B2130A11A00E4B1ED /* ReusableView.swift in Sources */,
				D072052F2130A15200E4B1ED /* UITableViewCell+.swift in Sources */,
				D026E8622131ADED00512C32 /* AppStyles.swift in Sources */,
				D026E85F2131AB3500512C32 /* NewsTableCell.swift in Sources */,
				D07204F621309FC600E4B1ED /* NewsViewController.swift in Sources */,
				D07204F421309FC600E4B1ED /* AppDelegate.swift in Sources */,
			);
			runOnlyForDeploymentPostprocessing = 0;
		};
		D072050021309FC900E4B1ED /* Sources */ = {
			isa = PBXSourcesBuildPhase;
			buildActionMask = 2147483647;
			files = (
				D072050921309FC900E4B1ED /* HackerNewsTests.swift in Sources */,
			);
			runOnlyForDeploymentPostprocessing = 0;
		};
		D072050B21309FC900E4B1ED /* Sources */ = {
			isa = PBXSourcesBuildPhase;
			buildActionMask = 2147483647;
			files = (
				D072051421309FC900E4B1ED /* HackerNewsUITests.swift in Sources */,
			);
			runOnlyForDeploymentPostprocessing = 0;
		};
/* End PBXSourcesBuildPhase section */

/* Begin PBXTargetDependency section */
		D072050621309FC900E4B1ED /* PBXTargetDependency */ = {
			isa = PBXTargetDependency;
			target = D07204EF21309FC600E4B1ED /* HackerNews */;
			targetProxy = D072050521309FC900E4B1ED /* PBXContainerItemProxy */;
		};
		D072051121309FC900E4B1ED /* PBXTargetDependency */ = {
			isa = PBXTargetDependency;
			target = D07204EF21309FC600E4B1ED /* HackerNews */;
			targetProxy = D072051021309FC900E4B1ED /* PBXContainerItemProxy */;
		};
/* End PBXTargetDependency section */

/* Begin PBXVariantGroup section */
		D07204F721309FC600E4B1ED /* Main.storyboard */ = {
			isa = PBXVariantGroup;
			children = (
				D07204F821309FC600E4B1ED /* Base */,
			);
			name = Main.storyboard;
			sourceTree = "<group>";
		};
		D07204FC21309FC900E4B1ED /* LaunchScreen.storyboard */ = {
			isa = PBXVariantGroup;
			children = (
				D07204FD21309FC900E4B1ED /* Base */,
			);
			name = LaunchScreen.storyboard;
			sourceTree = "<group>";
		};
/* End PBXVariantGroup section */

/* Begin XCBuildConfiguration section */
		D072051621309FC900E4B1ED /* Debug */ = {
			isa = XCBuildConfiguration;
			buildSettings = {
				ALWAYS_SEARCH_USER_PATHS = NO;
				CLANG_ANALYZER_NONNULL = YES;
				CLANG_ANALYZER_NUMBER_OBJECT_CONVERSION = YES_AGGRESSIVE;
				CLANG_CXX_LANGUAGE_STANDARD = "gnu++14";
				CLANG_CXX_LIBRARY = "libc++";
				CLANG_ENABLE_MODULES = YES;
				CLANG_ENABLE_OBJC_ARC = YES;
				CLANG_ENABLE_OBJC_WEAK = YES;
				CLANG_WARN_BLOCK_CAPTURE_AUTORELEASING = YES;
				CLANG_WARN_BOOL_CONVERSION = YES;
				CLANG_WARN_COMMA = YES;
				CLANG_WARN_CONSTANT_CONVERSION = YES;
				CLANG_WARN_DEPRECATED_OBJC_IMPLEMENTATIONS = YES;
				CLANG_WARN_DIRECT_OBJC_ISA_USAGE = YES_ERROR;
				CLANG_WARN_DOCUMENTATION_COMMENTS = YES;
				CLANG_WARN_EMPTY_BODY = YES;
				CLANG_WARN_ENUM_CONVERSION = YES;
				CLANG_WARN_INFINITE_RECURSION = YES;
				CLANG_WARN_INT_CONVERSION = YES;
				CLANG_WARN_NON_LITERAL_NULL_CONVERSION = YES;
				CLANG_WARN_OBJC_IMPLICIT_RETAIN_SELF = YES;
				CLANG_WARN_OBJC_LITERAL_CONVERSION = YES;
				CLANG_WARN_OBJC_ROOT_CLASS = YES_ERROR;
				CLANG_WARN_RANGE_LOOP_ANALYSIS = YES;
				CLANG_WARN_STRICT_PROTOTYPES = YES;
				CLANG_WARN_SUSPICIOUS_MOVE = YES;
				CLANG_WARN_UNGUARDED_AVAILABILITY = YES_AGGRESSIVE;
				CLANG_WARN_UNREACHABLE_CODE = YES;
				CLANG_WARN__DUPLICATE_METHOD_MATCH = YES;
				CODE_SIGN_IDENTITY = "iPhone Developer";
				COPY_PHASE_STRIP = NO;
				DEBUG_INFORMATION_FORMAT = dwarf;
				ENABLE_STRICT_OBJC_MSGSEND = YES;
				ENABLE_TESTABILITY = YES;
				GCC_C_LANGUAGE_STANDARD = gnu11;
				GCC_DYNAMIC_NO_PIC = NO;
				GCC_NO_COMMON_BLOCKS = YES;
				GCC_OPTIMIZATION_LEVEL = 0;
				GCC_PREPROCESSOR_DEFINITIONS = (
					"DEBUG=1",
					"$(inherited)",
				);
				GCC_WARN_64_TO_32_BIT_CONVERSION = YES;
				GCC_WARN_ABOUT_RETURN_TYPE = YES_ERROR;
				GCC_WARN_UNDECLARED_SELECTOR = YES;
				GCC_WARN_UNINITIALIZED_AUTOS = YES_AGGRESSIVE;
				GCC_WARN_UNUSED_FUNCTION = YES;
				GCC_WARN_UNUSED_VARIABLE = YES;
				IPHONEOS_DEPLOYMENT_TARGET = 10.0;
				MTL_ENABLE_DEBUG_INFO = YES;
				ONLY_ACTIVE_ARCH = YES;
				SDKROOT = iphoneos;
				SWIFT_ACTIVE_COMPILATION_CONDITIONS = DEBUG;
				SWIFT_OPTIMIZATION_LEVEL = "-Onone";
			};
			name = Debug;
		};
		D072051721309FC900E4B1ED /* Release */ = {
			isa = XCBuildConfiguration;
			buildSettings = {
				ALWAYS_SEARCH_USER_PATHS = NO;
				CLANG_ANALYZER_NONNULL = YES;
				CLANG_ANALYZER_NUMBER_OBJECT_CONVERSION = YES_AGGRESSIVE;
				CLANG_CXX_LANGUAGE_STANDARD = "gnu++14";
				CLANG_CXX_LIBRARY = "libc++";
				CLANG_ENABLE_MODULES = YES;
				CLANG_ENABLE_OBJC_ARC = YES;
				CLANG_ENABLE_OBJC_WEAK = YES;
				CLANG_WARN_BLOCK_CAPTURE_AUTORELEASING = YES;
				CLANG_WARN_BOOL_CONVERSION = YES;
				CLANG_WARN_COMMA = YES;
				CLANG_WARN_CONSTANT_CONVERSION = YES;
				CLANG_WARN_DEPRECATED_OBJC_IMPLEMENTATIONS = YES;
				CLANG_WARN_DIRECT_OBJC_ISA_USAGE = YES_ERROR;
				CLANG_WARN_DOCUMENTATION_COMMENTS = YES;
				CLANG_WARN_EMPTY_BODY = YES;
				CLANG_WARN_ENUM_CONVERSION = YES;
				CLANG_WARN_INFINITE_RECURSION = YES;
				CLANG_WARN_INT_CONVERSION = YES;
				CLANG_WARN_NON_LITERAL_NULL_CONVERSION = YES;
				CLANG_WARN_OBJC_IMPLICIT_RETAIN_SELF = YES;
				CLANG_WARN_OBJC_LITERAL_CONVERSION = YES;
				CLANG_WARN_OBJC_ROOT_CLASS = YES_ERROR;
				CLANG_WARN_RANGE_LOOP_ANALYSIS = YES;
				CLANG_WARN_STRICT_PROTOTYPES = YES;
				CLANG_WARN_SUSPICIOUS_MOVE = YES;
				CLANG_WARN_UNGUARDED_AVAILABILITY = YES_AGGRESSIVE;
				CLANG_WARN_UNREACHABLE_CODE = YES;
				CLANG_WARN__DUPLICATE_METHOD_MATCH = YES;
				CODE_SIGN_IDENTITY = "iPhone Developer";
				COPY_PHASE_STRIP = NO;
				DEBUG_INFORMATION_FORMAT = "dwarf-with-dsym";
				ENABLE_NS_ASSERTIONS = NO;
				ENABLE_STRICT_OBJC_MSGSEND = YES;
				GCC_C_LANGUAGE_STANDARD = gnu11;
				GCC_NO_COMMON_BLOCKS = YES;
				GCC_WARN_64_TO_32_BIT_CONVERSION = YES;
				GCC_WARN_ABOUT_RETURN_TYPE = YES_ERROR;
				GCC_WARN_UNDECLARED_SELECTOR = YES;
				GCC_WARN_UNINITIALIZED_AUTOS = YES_AGGRESSIVE;
				GCC_WARN_UNUSED_FUNCTION = YES;
				GCC_WARN_UNUSED_VARIABLE = YES;
				IPHONEOS_DEPLOYMENT_TARGET = 10.0;
				MTL_ENABLE_DEBUG_INFO = NO;
				SDKROOT = iphoneos;
				SWIFT_COMPILATION_MODE = wholemodule;
				SWIFT_OPTIMIZATION_LEVEL = "-O";
				VALIDATE_PRODUCT = YES;
			};
			name = Release;
		};
		D072051921309FC900E4B1ED /* Debug */ = {
			isa = XCBuildConfiguration;
			baseConfigurationReference = 299EE547094A059831FA6535 /* Pods-HackerNews.debug.xcconfig */;
			buildSettings = {
				ASSETCATALOG_COMPILER_APPICON_NAME = AppIcon;
				CODE_SIGN_STYLE = Automatic;
				DEVELOPMENT_TEAM = A8WE5LL2GU;
				INFOPLIST_FILE = "$(SRCROOT)/HackerNews/Resources/Info.plist";
				IPHONEOS_DEPLOYMENT_TARGET = 10.0;
				LD_RUNPATH_SEARCH_PATHS = (
					"$(inherited)",
					"@executable_path/Frameworks",
				);
				PRODUCT_BUNDLE_IDENTIFIER = com.nikitavasilev.HackerNews;
				PRODUCT_NAME = "$(TARGET_NAME)";
				SWIFT_VERSION = 4.0;
				TARGETED_DEVICE_FAMILY = 1;
			};
			name = Debug;
		};
		D072051A21309FC900E4B1ED /* Release */ = {
			isa = XCBuildConfiguration;
			baseConfigurationReference = 63100782525D8A733AA59448 /* Pods-HackerNews.release.xcconfig */;
			buildSettings = {
				ASSETCATALOG_COMPILER_APPICON_NAME = AppIcon;
				CODE_SIGN_STYLE = Automatic;
				DEVELOPMENT_TEAM = A8WE5LL2GU;
				INFOPLIST_FILE = "$(SRCROOT)/HackerNews/Resources/Info.plist";
				IPHONEOS_DEPLOYMENT_TARGET = 10.0;
				LD_RUNPATH_SEARCH_PATHS = (
					"$(inherited)",
					"@executable_path/Frameworks",
				);
				PRODUCT_BUNDLE_IDENTIFIER = com.nikitavasilev.HackerNews;
				PRODUCT_NAME = "$(TARGET_NAME)";
				SWIFT_VERSION = 4.0;
				TARGETED_DEVICE_FAMILY = 1;
			};
			name = Release;
		};
		D072051C21309FC900E4B1ED /* Debug */ = {
			isa = XCBuildConfiguration;
			buildSettings = {
				ALWAYS_EMBED_SWIFT_STANDARD_LIBRARIES = YES;
				BUNDLE_LOADER = "$(TEST_HOST)";
				CODE_SIGN_STYLE = Automatic;
				DEVELOPMENT_TEAM = A8WE5LL2GU;
				INFOPLIST_FILE = HackerNewsTests/Info.plist;
				LD_RUNPATH_SEARCH_PATHS = (
					"$(inherited)",
					"@executable_path/Frameworks",
					"@loader_path/Frameworks",
				);
				PRODUCT_BUNDLE_IDENTIFIER = com.nikitavasilev.HackerNewsTests;
				PRODUCT_NAME = "$(TARGET_NAME)";
				SWIFT_VERSION = 4.0;
				TARGETED_DEVICE_FAMILY = "1,2";
				TEST_HOST = "$(BUILT_PRODUCTS_DIR)/HackerNews.app/HackerNews";
			};
			name = Debug;
		};
		D072051D21309FC900E4B1ED /* Release */ = {
			isa = XCBuildConfiguration;
			buildSettings = {
				ALWAYS_EMBED_SWIFT_STANDARD_LIBRARIES = YES;
				BUNDLE_LOADER = "$(TEST_HOST)";
				CODE_SIGN_STYLE = Automatic;
				DEVELOPMENT_TEAM = A8WE5LL2GU;
				INFOPLIST_FILE = HackerNewsTests/Info.plist;
				LD_RUNPATH_SEARCH_PATHS = (
					"$(inherited)",
					"@executable_path/Frameworks",
					"@loader_path/Frameworks",
				);
				PRODUCT_BUNDLE_IDENTIFIER = com.nikitavasilev.HackerNewsTests;
				PRODUCT_NAME = "$(TARGET_NAME)";
				SWIFT_VERSION = 4.0;
				TARGETED_DEVICE_FAMILY = "1,2";
				TEST_HOST = "$(BUILT_PRODUCTS_DIR)/HackerNews.app/HackerNews";
			};
			name = Release;
		};
		D072051F21309FC900E4B1ED /* Debug */ = {
			isa = XCBuildConfiguration;
			buildSettings = {
				ALWAYS_EMBED_SWIFT_STANDARD_LIBRARIES = YES;
				CODE_SIGN_STYLE = Automatic;
				DEVELOPMENT_TEAM = A8WE5LL2GU;
				INFOPLIST_FILE = HackerNewsUITests/Info.plist;
				LD_RUNPATH_SEARCH_PATHS = (
					"$(inherited)",
					"@executable_path/Frameworks",
					"@loader_path/Frameworks",
				);
				PRODUCT_BUNDLE_IDENTIFIER = com.nikitavasilev.HackerNewsUITests;
				PRODUCT_NAME = "$(TARGET_NAME)";
				SWIFT_VERSION = 4.0;
				TARGETED_DEVICE_FAMILY = "1,2";
				TEST_TARGET_NAME = HackerNews;
			};
			name = Debug;
		};
		D072052021309FC900E4B1ED /* Release */ = {
			isa = XCBuildConfiguration;
			buildSettings = {
				ALWAYS_EMBED_SWIFT_STANDARD_LIBRARIES = YES;
				CODE_SIGN_STYLE = Automatic;
				DEVELOPMENT_TEAM = A8WE5LL2GU;
				INFOPLIST_FILE = HackerNewsUITests/Info.plist;
				LD_RUNPATH_SEARCH_PATHS = (
					"$(inherited)",
					"@executable_path/Frameworks",
					"@loader_path/Frameworks",
				);
				PRODUCT_BUNDLE_IDENTIFIER = com.nikitavasilev.HackerNewsUITests;
				PRODUCT_NAME = "$(TARGET_NAME)";
				SWIFT_VERSION = 4.0;
				TARGETED_DEVICE_FAMILY = "1,2";
				TEST_TARGET_NAME = HackerNews;
			};
			name = Release;
		};
/* End XCBuildConfiguration section */

/* Begin XCConfigurationList section */
		D07204EB21309FC600E4B1ED /* Build configuration list for PBXProject "HackerNews" */ = {
			isa = XCConfigurationList;
			buildConfigurations = (
				D072051621309FC900E4B1ED /* Debug */,
				D072051721309FC900E4B1ED /* Release */,
			);
			defaultConfigurationIsVisible = 0;
			defaultConfigurationName = Release;
		};
		D072051821309FC900E4B1ED /* Build configuration list for PBXNativeTarget "HackerNews" */ = {
			isa = XCConfigurationList;
			buildConfigurations = (
				D072051921309FC900E4B1ED /* Debug */,
				D072051A21309FC900E4B1ED /* Release */,
			);
			defaultConfigurationIsVisible = 0;
			defaultConfigurationName = Release;
		};
		D072051B21309FC900E4B1ED /* Build configuration list for PBXNativeTarget "HackerNewsTests" */ = {
			isa = XCConfigurationList;
			buildConfigurations = (
				D072051C21309FC900E4B1ED /* Debug */,
				D072051D21309FC900E4B1ED /* Release */,
			);
			defaultConfigurationIsVisible = 0;
			defaultConfigurationName = Release;
		};
		D072051E21309FC900E4B1ED /* Build configuration list for PBXNativeTarget "HackerNewsUITests" */ = {
			isa = XCConfigurationList;
			buildConfigurations = (
				D072051F21309FC900E4B1ED /* Debug */,
				D072052021309FC900E4B1ED /* Release */,
			);
			defaultConfigurationIsVisible = 0;
			defaultConfigurationName = Release;
		};
/* End XCConfigurationList section */
	};
	rootObject = D07204E821309FC600E4B1ED /* Project object */;
}
