// !$*UTF8*$!
{
	archiveVersion = 1;
	classes = {
	};
	objectVersion = 56;
	objects = {

/* Begin PBXBuildFile section */
		041ECB03686B5D5B4306641C /* Assets.xcassets in Resources */ = {isa = PBXBuildFile; fileRef = E56EB397703756815DC8EA08 /* Assets.xcassets */; };
		3AD6C9775413AA00C24F7100 /* ContentView.swift in Sources */ = {isa = PBXBuildFile; fileRef = 20A46925E63EAD787F121E9E /* ContentView.swift */; };
		50711886D6FFBF343E1A0798 /* Preview Assets.xcassets in Resources */ = {isa = PBXBuildFile; fileRef = 800E467B85586102FD4E2761 /* Preview Assets.xcassets */; };
		8B0723874E74D88AE02723BE /* HackerNewsTests.swift in Sources */ = {isa = PBXBuildFile; fileRef = D41D0E066840C47A090C1511 /* HackerNewsTests.swift */; };
		9262C62F3C9BC9D67B4498CF /* HackerNewsApp.swift in Sources */ = {isa = PBXBuildFile; fileRef = E6B756D034FAA6CA3786EE00 /* HackerNewsApp.swift */; };
/* End PBXBuildFile section */

/* Begin PBXContainerItemProxy section */
		672C1D68A34B0DCA5163C7B7 /* PBXContainerItemProxy */ = {
			isa = PBXContainerItemProxy;
			containerPortal = 43E359E9B8306AC62BC3CC16 /* Project object */;
			proxyType = 1;
			remoteGlobalIDString = 1EA42FC82146D03BE171BC36;
			remoteInfo = HackerNews;
		};
/* End PBXContainerItemProxy section */

/* Begin PBXFileReference section */
		10D2A825DDEE69978E5EF20C /* Debug.xcconfig */ = {isa = PBXFileReference; lastKnownFileType = text.xcconfig; path = Debug.xcconfig; sourceTree = "<group>"; };
		20A46925E63EAD787F121E9E /* ContentView.swift */ = {isa = PBXFileReference; lastKnownFileType = sourcecode.swift; path = ContentView.swift; sourceTree = "<group>"; };
		2CA7A2381D7F7EF683F7AB11 /* Info.plist */ = {isa = PBXFileReference; lastKnownFileType = text.plist; path = Info.plist; sourceTree = "<group>"; };
		6F906F12DF421D1E29577C4E /* HackerNews.app */ = {isa = PBXFileReference; explicitFileType = wrapper.application; includeInIndex = 0; path = HackerNews.app; sourceTree = BUILT_PRODUCTS_DIR; };
		800E467B85586102FD4E2761 /* Preview Assets.xcassets */ = {isa = PBXFileReference; lastKnownFileType = folder.assetcatalog; path = "Preview Assets.xcassets"; sourceTree = "<group>"; };
		9854DF605EDA565D4CAC58E3 /* Release.xcconfig */ = {isa = PBXFileReference; lastKnownFileType = text.xcconfig; path = Release.xcconfig; sourceTree = "<group>"; };
		9BC38B6C4FCA7FC3511A90BF /* Base.xcconfig */ = {isa = PBXFileReference; lastKnownFileType = text.xcconfig; path = Base.xcconfig; sourceTree = "<group>"; };
		9D91C72C8E4266537A2B72EE /* Beta.xcconfig */ = {isa = PBXFileReference; lastKnownFileType = text.xcconfig; path = Beta.xcconfig; sourceTree = "<group>"; };
		D22D45891AA0ACD14C043D05 /* HackerNewsTests.xctest */ = {isa = PBXFileReference; includeInIndex = 0; lastKnownFileType = wrapper.cfbundle; path = HackerNewsTests.xctest; sourceTree = BUILT_PRODUCTS_DIR; };
		D41D0E066840C47A090C1511 /* HackerNewsTests.swift */ = {isa = PBXFileReference; lastKnownFileType = sourcecode.swift; path = HackerNewsTests.swift; sourceTree = "<group>"; };
		E56EB397703756815DC8EA08 /* Assets.xcassets */ = {isa = PBXFileReference; lastKnownFileType = folder.assetcatalog; path = Assets.xcassets; sourceTree = "<group>"; };
		E6B756D034FAA6CA3786EE00 /* HackerNewsApp.swift */ = {isa = PBXFileReference; lastKnownFileType = sourcecode.swift; path = HackerNewsApp.swift; sourceTree = "<group>"; };
/* End PBXFileReference section */

/* Begin PBXGroup section */
		576DCAD0ED894BE744341BB7 /* Resources */ = {
			isa = PBXGroup;
			children = (
				E56EB397703756815DC8EA08 /* Assets.xcassets */,
				2CA7A2381D7F7EF683F7AB11 /* Info.plist */,
				9A92742F0474A0572EA3FE73 /* Configurations */,
			);
			path = Resources;
			sourceTree = "<group>";
		};
		77EA97E8FED0128BB8D8C6BE = {
			isa = PBXGroup;
			children = (
				A9796A0C30A0786A3291C486 /* HackerNews */,
				F33C582B00CFE9E0B4B57FC8 /* HackerNewsTests */,
				EA92AB24154C5CA4164DA0DB /* Products */,
			);
			sourceTree = "<group>";
		};
		91198159BF3E0553CB12016D /* Classes */ = {
			isa = PBXGroup;
			children = (
				20A46925E63EAD787F121E9E /* ContentView.swift */,
				E6B756D034FAA6CA3786EE00 /* HackerNewsApp.swift */,
				E159320885A133D28D6B2EAA /* Preview Content */,
			);
			path = Classes;
			sourceTree = "<group>";
		};
		9A92742F0474A0572EA3FE73 /* Configurations */ = {
			isa = PBXGroup;
			children = (
				9BC38B6C4FCA7FC3511A90BF /* Base.xcconfig */,
				9D91C72C8E4266537A2B72EE /* Beta.xcconfig */,
				10D2A825DDEE69978E5EF20C /* Debug.xcconfig */,
				9854DF605EDA565D4CAC58E3 /* Release.xcconfig */,
			);
			path = Configurations;
			sourceTree = "<group>";
		};
		A9796A0C30A0786A3291C486 /* HackerNews */ = {
			isa = PBXGroup;
			children = (
				91198159BF3E0553CB12016D /* Classes */,
				576DCAD0ED894BE744341BB7 /* Resources */,
			);
			path = HackerNews;
			sourceTree = "<group>";
		};
		E159320885A133D28D6B2EAA /* Preview Content */ = {
			isa = PBXGroup;
			children = (
				800E467B85586102FD4E2761 /* Preview Assets.xcassets */,
			);
			path = "Preview Content";
			sourceTree = "<group>";
		};
		EA92AB24154C5CA4164DA0DB /* Products */ = {
			isa = PBXGroup;
			children = (
				6F906F12DF421D1E29577C4E /* HackerNews.app */,
				D22D45891AA0ACD14C043D05 /* HackerNewsTests.xctest */,
			);
			name = Products;
			sourceTree = "<group>";
		};
		F33C582B00CFE9E0B4B57FC8 /* HackerNewsTests */ = {
			isa = PBXGroup;
			children = (
				D41D0E066840C47A090C1511 /* HackerNewsTests.swift */,
			);
			path = HackerNewsTests;
			sourceTree = "<group>";
		};
/* End PBXGroup section */

/* Begin PBXNativeTarget section */
		1EA42FC82146D03BE171BC36 /* HackerNews */ = {
			isa = PBXNativeTarget;
			buildConfigurationList = 0865E67EEA591584CDECA572 /* Build configuration list for PBXNativeTarget "HackerNews" */;
			buildPhases = (
				45C0B6E68B05EA9DEE695A77 /* SwiftGen */,
				0BFD8FCC9D597A1EEAFFB9D3 /* SwiftLint */,
				A32246A57A47FEF9CCDD2F3C /* Sources */,
				7ECC37E6456AF07E06D68D90 /* Resources */,
			);
			buildRules = (
			);
			dependencies = (
			);
			name = HackerNews;
			productName = HackerNews;
			productReference = 6F906F12DF421D1E29577C4E /* HackerNews.app */;
			productType = "com.apple.product-type.application";
		};
		34B7AB0E02916C071531C8F5 /* HackerNewsTests */ = {
			isa = PBXNativeTarget;
			buildConfigurationList = 3893A294E275A07954697441 /* Build configuration list for PBXNativeTarget "HackerNewsTests" */;
			buildPhases = (
				803C8CC3B1F4623DDF9999E1 /* Sources */,
			);
			buildRules = (
			);
			dependencies = (
				08B80A103616B88A972304B2 /* PBXTargetDependency */,
			);
			name = HackerNewsTests;
			productName = HackerNewsTests;
			productReference = D22D45891AA0ACD14C043D05 /* HackerNewsTests.xctest */;
			productType = "com.apple.product-type.bundle.unit-test";
		};
/* End PBXNativeTarget section */

/* Begin PBXProject section */
		43E359E9B8306AC62BC3CC16 /* Project object */ = {
			isa = PBXProject;
			attributes = {
				BuildIndependentTargetsInParallel = YES;
				LastUpgradeCheck = 1430;
				ORGANIZATIONNAME = "Nikita Vasilev";
				TargetAttributes = {
					1EA42FC82146D03BE171BC36 = {
						DevelopmentTeam = A8WE5LL2GU;
					};
					34B7AB0E02916C071531C8F5 = {
						DevelopmentTeam = A8WE5LL2GU;
					};
				};
			};
			buildConfigurationList = 9F3E08AAF98F6D673A1BA605 /* Build configuration list for PBXProject "HackerNews" */;
			compatibilityVersion = "Xcode 14.0";
			developmentRegion = en;
			hasScannedForEncodings = 0;
			knownRegions = (
				Base,
				en,
			);
			mainGroup = 77EA97E8FED0128BB8D8C6BE;
			projectDirPath = "";
			projectRoot = "";
			targets = (
				1EA42FC82146D03BE171BC36 /* HackerNews */,
				34B7AB0E02916C071531C8F5 /* HackerNewsTests */,
			);
		};
/* End PBXProject section */

/* Begin PBXResourcesBuildPhase section */
		7ECC37E6456AF07E06D68D90 /* Resources */ = {
			isa = PBXResourcesBuildPhase;
			buildActionMask = 2147483647;
			files = (
				041ECB03686B5D5B4306641C /* Assets.xcassets in Resources */,
				50711886D6FFBF343E1A0798 /* Preview Assets.xcassets in Resources */,
			);
			runOnlyForDeploymentPostprocessing = 0;
		};
/* End PBXResourcesBuildPhase section */

/* Begin PBXShellScriptBuildPhase section */
		0BFD8FCC9D597A1EEAFFB9D3 /* SwiftLint */ = {
			isa = PBXShellScriptBuildPhase;
			buildActionMask = 2147483647;
			files = (
			);
			inputFileListPaths = (
			);
			inputPaths = (
			);
			name = SwiftLint;
			outputFileListPaths = (
			);
			outputPaths = (
			);
			runOnlyForDeploymentPostprocessing = 0;
			shellPath = /bin/sh;
			shellScript = "if [[ \"${CONFIGURATION}\" == \"Debug\" || \"${CONFIGURATION}\" == \"Beta\" ]]; then\n  export PATH=\"$PATH:/opt/homebrew/bin\"\n\n  echo \"[Swiftlint] Run\"\n\n  if which mint >/dev/null; then\n    xcrun --sdk macosx make lint\n\n    echo \"[Swiftlint] Complete\"\n  else\n    echo \"[Swiftlint] Bootstrap mint\"\n  fi\nfi\n";
		};
		45C0B6E68B05EA9DEE695A77 /* SwiftGen */ = {
			isa = PBXShellScriptBuildPhase;
			buildActionMask = 2147483647;
			files = (
			);
			inputFileListPaths = (
			);
			inputPaths = (
			);
			name = SwiftGen;
			outputFileListPaths = (
			);
			outputPaths = (
			);
			runOnlyForDeploymentPostprocessing = 0;
			shellPath = /bin/sh;
			shellScript = "make swiftgen\n";
		};
/* End PBXShellScriptBuildPhase section */

/* Begin PBXSourcesBuildPhase section */
		803C8CC3B1F4623DDF9999E1 /* Sources */ = {
			isa = PBXSourcesBuildPhase;
			buildActionMask = 2147483647;
			files = (
				8B0723874E74D88AE02723BE /* HackerNewsTests.swift in Sources */,
			);
			runOnlyForDeploymentPostprocessing = 0;
		};
		A32246A57A47FEF9CCDD2F3C /* Sources */ = {
			isa = PBXSourcesBuildPhase;
			buildActionMask = 2147483647;
			files = (
				3AD6C9775413AA00C24F7100 /* ContentView.swift in Sources */,
				9262C62F3C9BC9D67B4498CF /* HackerNewsApp.swift in Sources */,
			);
			runOnlyForDeploymentPostprocessing = 0;
		};
/* End PBXSourcesBuildPhase section */

/* Begin PBXTargetDependency section */
		08B80A103616B88A972304B2 /* PBXTargetDependency */ = {
			isa = PBXTargetDependency;
			target = 1EA42FC82146D03BE171BC36 /* HackerNews */;
			targetProxy = 672C1D68A34B0DCA5163C7B7 /* PBXContainerItemProxy */;
		};
/* End PBXTargetDependency section */

/* Begin XCBuildConfiguration section */
		019ACD7ABA18F02DB1C95286 /* Beta */ = {
			isa = XCBuildConfiguration;
			baseConfigurationReference = 9D91C72C8E4266537A2B72EE /* Beta.xcconfig */;
			buildSettings = {
				DEVELOPMENT_TEAM = A8WE5LL2GU;
				GCC_OPTIMIZATION_LEVEL = 1;
				IPHONEOS_DEPLOYMENT_TARGET = 16.0;
				OTHER_SWIFT_FLAGS = "-D DEBUG";
				SDKROOT = iphoneos;
				SWIFT_COMPILATION_MODE = incremental;
				SWIFT_OPTIMIZATION_LEVEL = "-O";
				SWIFT_VERSION = 5.7;
			};
			name = Beta;
		};
		1CFBBDAEC536BC32E1488D65 /* Beta */ = {
			isa = XCBuildConfiguration;
			buildSettings = {
				BUNDLE_LOADER = "$(BUILT_PRODUCTS_DIR)/HackerNews.app/$(BUNDLE_EXECUTABLE_FOLDER_PATH)/HackerNews";
				GENERATE_INFOPLIST_FILE = YES;
				LD_RUNPATH_SEARCH_PATHS = (
					"$(inherited)",
					"@executable_path/Frameworks",
					"@loader_path/Frameworks",
				);
				SDKROOT = iphoneos;
				TARGETED_DEVICE_FAMILY = "1,2";
				TEST_HOST = "$(BUILT_PRODUCTS_DIR)/HackerNews.app/HackerNews";
			};
			name = Beta;
		};
		1EB4DFF9C3280CBF4F41A6BF /* Debug */ = {
			isa = XCBuildConfiguration;
			buildSettings = {
				BUNDLE_LOADER = "$(BUILT_PRODUCTS_DIR)/HackerNews.app/$(BUNDLE_EXECUTABLE_FOLDER_PATH)/HackerNews";
				GENERATE_INFOPLIST_FILE = YES;
				LD_RUNPATH_SEARCH_PATHS = (
					"$(inherited)",
					"@executable_path/Frameworks",
					"@loader_path/Frameworks",
				);
				SDKROOT = iphoneos;
				TARGETED_DEVICE_FAMILY = "1,2";
				TEST_HOST = "$(BUILT_PRODUCTS_DIR)/HackerNews.app/HackerNews";
			};
			name = Debug;
		};
		569DD3294506D847FD3B16FA /* Release */ = {
			isa = XCBuildConfiguration;
			buildSettings = {
				ASSETCATALOG_COMPILER_APPICON_NAME = AppIcon;
				CODE_SIGN_IDENTITY = "iPhone Distribution";
				CURRENT_PROJECT_VERSION = 1;
				INFOPLIST_FILE = HackerNews/Resources/Info.plist;
				IPHONEOS_DEPLOYMENT_TARGET = 17.0;
				LD_RUNPATH_SEARCH_PATHS = (
					"$(inherited)",
					"@executable_path/Frameworks",
				);
				MARKETING_VERSION = 3.0.0;
				PRODUCT_BUNDLE_IDENTIFIER = com.nikitavasilev.HackerNews;
				PRODUCT_NAME = HackerNews;
				PROVISIONING_PROFILE_SPECIFIER = "match AppStore com.nikitavasilev.HackerNews";
				SDKROOT = iphoneos;
				TARGETED_DEVICE_FAMILY = 1;
			};
			name = Release;
		};
		5BFBE9FF158DCACDFBE113B7 /* Debug */ = {
			isa = XCBuildConfiguration;
			baseConfigurationReference = 10D2A825DDEE69978E5EF20C /* Debug.xcconfig */;
			buildSettings = {
				ALWAYS_SEARCH_USER_PATHS = NO;
				CLANG_ANALYZER_NONNULL = YES;
				CLANG_ANALYZER_NUMBER_OBJECT_CONVERSION = YES_AGGRESSIVE;
				CLANG_CXX_LANGUAGE_STANDARD = "gnu++14";
				CLANG_CXX_LIBRARY = "libc++";
				CLANG_ENABLE_MODULES = YES;
				CLANG_ENABLE_OBJC_ARC = YES;
				CLANG_ENABLE_OBJC_WEAK = YES;
				CLANG_WARN_BLOCK_CAPTURE_AUTORELEASING = YES;
				CLANG_WARN_BOOL_CONVERSION = YES;
				CLANG_WARN_COMMA = YES;
				CLANG_WARN_CONSTANT_CONVERSION = YES;
				CLANG_WARN_DEPRECATED_OBJC_IMPLEMENTATIONS = YES;
				CLANG_WARN_DIRECT_OBJC_ISA_USAGE = YES_ERROR;
				CLANG_WARN_DOCUMENTATION_COMMENTS = YES;
				CLANG_WARN_EMPTY_BODY = YES;
				CLANG_WARN_ENUM_CONVERSION = YES;
				CLANG_WARN_INFINITE_RECURSION = YES;
				CLANG_WARN_INT_CONVERSION = YES;
				CLANG_WARN_NON_LITERAL_NULL_CONVERSION = YES;
				CLANG_WARN_OBJC_IMPLICIT_RETAIN_SELF = YES;
				CLANG_WARN_OBJC_LITERAL_CONVERSION = YES;
				CLANG_WARN_OBJC_ROOT_CLASS = YES_ERROR;
				CLANG_WARN_QUOTED_INCLUDE_IN_FRAMEWORK_HEADER = YES;
				CLANG_WARN_RANGE_LOOP_ANALYSIS = YES;
				CLANG_WARN_STRICT_PROTOTYPES = YES;
				CLANG_WARN_SUSPICIOUS_MOVE = YES;
				CLANG_WARN_UNGUARDED_AVAILABILITY = YES_AGGRESSIVE;
				CLANG_WARN_UNREACHABLE_CODE = YES;
				CLANG_WARN__DUPLICATE_METHOD_MATCH = YES;
				COPY_PHASE_STRIP = NO;
				DEBUG_INFORMATION_FORMAT = dwarf;
				DEVELOPMENT_TEAM = A8WE5LL2GU;
				ENABLE_STRICT_OBJC_MSGSEND = YES;
				ENABLE_TESTABILITY = YES;
				GCC_C_LANGUAGE_STANDARD = gnu11;
				GCC_DYNAMIC_NO_PIC = NO;
				GCC_NO_COMMON_BLOCKS = YES;
				GCC_OPTIMIZATION_LEVEL = 1;
				GCC_PREPROCESSOR_DEFINITIONS = (
					"$(inherited)",
					"DEBUG=1",
				);
				GCC_WARN_64_TO_32_BIT_CONVERSION = YES;
				GCC_WARN_ABOUT_RETURN_TYPE = YES_ERROR;
				GCC_WARN_UNDECLARED_SELECTOR = YES;
				GCC_WARN_UNINITIALIZED_AUTOS = YES_AGGRESSIVE;
				GCC_WARN_UNUSED_FUNCTION = YES;
				GCC_WARN_UNUSED_VARIABLE = YES;
				IPHONEOS_DEPLOYMENT_TARGET = 16.0;
				MTL_ENABLE_DEBUG_INFO = INCLUDE_SOURCE;
				MTL_FAST_MATH = YES;
				ONLY_ACTIVE_ARCH = YES;
				OTHER_SWIFT_FLAGS = "-D DEBUG";
				PRODUCT_NAME = "$(TARGET_NAME)";
				SDKROOT = iphoneos;
				SWIFT_ACTIVE_COMPILATION_CONDITIONS = DEBUG;
				SWIFT_COMPILATION_MODE = incremental;
				SWIFT_OPTIMIZATION_LEVEL = "-Onone";
				SWIFT_VERSION = 5.7;
			};
			name = Debug;
		};
		932A55BDA4744AF52382FD40 /* Release */ = {
			isa = XCBuildConfiguration;
			buildSettings = {
				BUNDLE_LOADER = "$(BUILT_PRODUCTS_DIR)/HackerNews.app/$(BUNDLE_EXECUTABLE_FOLDER_PATH)/HackerNews";
				GENERATE_INFOPLIST_FILE = YES;
				LD_RUNPATH_SEARCH_PATHS = (
					"$(inherited)",
					"@executable_path/Frameworks",
					"@loader_path/Frameworks",
				);
				SDKROOT = iphoneos;
				TARGETED_DEVICE_FAMILY = "1,2";
				TEST_HOST = "$(BUILT_PRODUCTS_DIR)/HackerNews.app/HackerNews";
			};
			name = Release;
		};
		9D0296EE3509C4E84867E525 /* Release */ = {
			isa = XCBuildConfiguration;
			baseConfigurationReference = 9854DF605EDA565D4CAC58E3 /* Release.xcconfig */;
			buildSettings = {
				ALWAYS_SEARCH_USER_PATHS = NO;
				CLANG_ANALYZER_NONNULL = YES;
				CLANG_ANALYZER_NUMBER_OBJECT_CONVERSION = YES_AGGRESSIVE;
				CLANG_CXX_LANGUAGE_STANDARD = "gnu++14";
				CLANG_CXX_LIBRARY = "libc++";
				CLANG_ENABLE_MODULES = YES;
				CLANG_ENABLE_OBJC_ARC = YES;
				CLANG_ENABLE_OBJC_WEAK = YES;
				CLANG_WARN_BLOCK_CAPTURE_AUTORELEASING = YES;
				CLANG_WARN_BOOL_CONVERSION = YES;
				CLANG_WARN_COMMA = YES;
				CLANG_WARN_CONSTANT_CONVERSION = YES;
				CLANG_WARN_DEPRECATED_OBJC_IMPLEMENTATIONS = YES;
				CLANG_WARN_DIRECT_OBJC_ISA_USAGE = YES_ERROR;
				CLANG_WARN_DOCUMENTATION_COMMENTS = YES;
				CLANG_WARN_EMPTY_BODY = YES;
				CLANG_WARN_ENUM_CONVERSION = YES;
				CLANG_WARN_INFINITE_RECURSION = YES;
				CLANG_WARN_INT_CONVERSION = YES;
				CLANG_WARN_NON_LITERAL_NULL_CONVERSION = YES;
				CLANG_WARN_OBJC_IMPLICIT_RETAIN_SELF = YES;
				CLANG_WARN_OBJC_LITERAL_CONVERSION = YES;
				CLANG_WARN_OBJC_ROOT_CLASS = YES_ERROR;
				CLANG_WARN_QUOTED_INCLUDE_IN_FRAMEWORK_HEADER = YES;
				CLANG_WARN_RANGE_LOOP_ANALYSIS = YES;
				CLANG_WARN_STRICT_PROTOTYPES = YES;
				CLANG_WARN_SUSPICIOUS_MOVE = YES;
				CLANG_WARN_UNGUARDED_AVAILABILITY = YES_AGGRESSIVE;
				CLANG_WARN_UNREACHABLE_CODE = YES;
				CLANG_WARN__DUPLICATE_METHOD_MATCH = YES;
				COPY_PHASE_STRIP = NO;
				DEBUG_INFORMATION_FORMAT = "dwarf-with-dsym";
				DEVELOPMENT_TEAM = A8WE5LL2GU;
				ENABLE_NS_ASSERTIONS = NO;
				ENABLE_STRICT_OBJC_MSGSEND = YES;
				GCC_C_LANGUAGE_STANDARD = gnu11;
				GCC_NO_COMMON_BLOCKS = YES;
				GCC_WARN_64_TO_32_BIT_CONVERSION = YES;
				GCC_WARN_ABOUT_RETURN_TYPE = YES_ERROR;
				GCC_WARN_UNDECLARED_SELECTOR = YES;
				GCC_WARN_UNINITIALIZED_AUTOS = YES_AGGRESSIVE;
				GCC_WARN_UNUSED_FUNCTION = YES;
				GCC_WARN_UNUSED_VARIABLE = YES;
				IPHONEOS_DEPLOYMENT_TARGET = 16.0;
				MTL_ENABLE_DEBUG_INFO = NO;
				MTL_FAST_MATH = YES;
				OTHER_LDFLAGS = "-Objc";
				OTHER_SWIFT_FLAGS = "-D RELEASE";
				PRODUCT_NAME = "$(TARGET_NAME)";
				SDKROOT = iphoneos;
				SWIFT_COMPILATION_MODE = wholemodule;
				SWIFT_OPTIMIZATION_LEVEL = "-O";
				SWIFT_VERSION = 5.7;
			};
			name = Release;
		};
		A5D4E08A3A6E053426167977 /* Beta */ = {
			isa = XCBuildConfiguration;
			buildSettings = {
				ASSETCATALOG_COMPILER_APPICON_NAME = AppIcon;
				CODE_SIGN_IDENTITY = "iPhone Developer";
				CURRENT_PROJECT_VERSION = 1;
				INFOPLIST_FILE = HackerNews/Resources/Info.plist;
				IPHONEOS_DEPLOYMENT_TARGET = 17.0;
				LD_RUNPATH_SEARCH_PATHS = (
					"$(inherited)",
					"@executable_path/Frameworks",
				);
				MARKETING_VERSION = 3.0.0;
				PRODUCT_BUNDLE_IDENTIFIER = com.nikitavasilev.HackerNews.beta;
				PRODUCT_NAME = HackerNews;
				PROVISIONING_PROFILE_SPECIFIER = "match Development com.nikitavasilev.HackerNews.beta";
				SDKROOT = iphoneos;
				TARGETED_DEVICE_FAMILY = 1;
			};
			name = Beta;
		};
		F2C43AD656502C60148539AE /* Debug */ = {
			isa = XCBuildConfiguration;
			buildSettings = {
				ASSETCATALOG_COMPILER_APPICON_NAME = AppIcon;
				CODE_SIGN_IDENTITY = "iPhone Developer";
				CURRENT_PROJECT_VERSION = 1;
				INFOPLIST_FILE = HackerNews/Resources/Info.plist;
				IPHONEOS_DEPLOYMENT_TARGET = 17.0;
				LD_RUNPATH_SEARCH_PATHS = (
					"$(inherited)",
					"@executable_path/Frameworks",
				);
				MARKETING_VERSION = 3.0.0;
				PRODUCT_BUNDLE_IDENTIFIER = com.nikitavasilev.HackerNews.debug;
				PRODUCT_NAME = HackerNews;
				PROVISIONING_PROFILE_SPECIFIER = "match Development com.nikitavasilev.HackerNews.debug";
				SDKROOT = iphoneos;
				TARGETED_DEVICE_FAMILY = 1;
			};
			name = Debug;
		};
/* End XCBuildConfiguration section */

/* Begin XCConfigurationList section */
		0865E67EEA591584CDECA572 /* Build configuration list for PBXNativeTarget "HackerNews" */ = {
			isa = XCConfigurationList;
			buildConfigurations = (
				A5D4E08A3A6E053426167977 /* Beta */,
				F2C43AD656502C60148539AE /* Debug */,
				569DD3294506D847FD3B16FA /* Release */,
			);
			defaultConfigurationIsVisible = 0;
			defaultConfigurationName = Beta;
		};
		3893A294E275A07954697441 /* Build configuration list for PBXNativeTarget "HackerNewsTests" */ = {
			isa = XCConfigurationList;
			buildConfigurations = (
				1CFBBDAEC536BC32E1488D65 /* Beta */,
				1EB4DFF9C3280CBF4F41A6BF /* Debug */,
				932A55BDA4744AF52382FD40 /* Release */,
			);
			defaultConfigurationIsVisible = 0;
			defaultConfigurationName = Beta;
		};
		9F3E08AAF98F6D673A1BA605 /* Build configuration list for PBXProject "HackerNews" */ = {
			isa = XCConfigurationList;
			buildConfigurations = (
				019ACD7ABA18F02DB1C95286 /* Beta */,
				5BFBE9FF158DCACDFBE113B7 /* Debug */,
				9D0296EE3509C4E84867E525 /* Release */,
			);
			defaultConfigurationIsVisible = 0;
			defaultConfigurationName = Beta;
		};
/* End XCConfigurationList section */
	};
	rootObject = 43E359E9B8306AC62BC3CC16 /* Project object */;
}
