// !$*UTF8*$!
{
	archiveVersion = 1;
	classes = {
	};
	objectVersion = 50;
	objects = {

/* Begin PBXBuildFile section */
		5A1CADD8244AF3E7002D0114 /* NetworkRequest.swift in Sources */ = {isa = PBXBuildFile; fileRef = 5A1CADD7244AF3E7002D0114 /* NetworkRequest.swift */; };
		5A1CADDA244AF415002D0114 /* APIRequest.swift in Sources */ = {isa = PBXBuildFile; fileRef = 5A1CADD9244AF415002D0114 /* APIRequest.swift */; };
		5A1CADDE244AF461002D0114 /* APIResource.swift in Sources */ = {isa = PBXBuildFile; fileRef = 5A1CADDD244AF461002D0114 /* APIResource.swift */; };
		5A1CADE0244AFB1C002D0114 /* URLParameterEncoder.swift in Sources */ = {isa = PBXBuildFile; fileRef = 5A1CADDF244AFB1B002D0114 /* URLParameterEncoder.swift */; };
		5A1CADE4244B1412002D0114 /* JSONParameterEncoder.swift in Sources */ = {isa = PBXBuildFile; fileRef = 5A1CADE3244B1412002D0114 /* JSONParameterEncoder.swift */; };
		5A1CADE6244B2210002D0114 /* HTTPMethod.swift in Sources */ = {isa = PBXBuildFile; fileRef = 5A1CADE5244B2210002D0114 /* HTTPMethod.swift */; };
		5A1CADE8244B3D8B002D0114 /* HTTPTask.swift in Sources */ = {isa = PBXBuildFile; fileRef = 5A1CADE7244B3D8B002D0114 /* HTTPTask.swift */; };
		5A1CADF6244B598D002D0114 /* JSONParameterEncoderTests.swift in Sources */ = {isa = PBXBuildFile; fileRef = 5A1CADF5244B598D002D0114 /* JSONParameterEncoderTests.swift */; };
		5A5A8115244B82D500BF554D /* URLParameterEncoderTests.swift in Sources */ = {isa = PBXBuildFile; fileRef = 5A5A8114244B82D500BF554D /* URLParameterEncoderTests.swift */; };
		5A5A8118244B89B100BF554D /* APIRequestTests.swift in Sources */ = {isa = PBXBuildFile; fileRef = 5A5A8117244B89B100BF554D /* APIRequestTests.swift */; };
		5A5A811B244B8DF700BF554D /* MockNetworkSession.swift in Sources */ = {isa = PBXBuildFile; fileRef = 5A5A811A244B8DF700BF554D /* MockNetworkSession.swift */; };
		5A5A811D244B8F6700BF554D /* MockDataTask.swift in Sources */ = {isa = PBXBuildFile; fileRef = 5A5A811C244B8F6700BF554D /* MockDataTask.swift */; };
		5A5A811F244B911A00BF554D /* NetworkSession.swift in Sources */ = {isa = PBXBuildFile; fileRef = 5A5A811E244B911A00BF554D /* NetworkSession.swift */; };
		5A5A8121244B95C000BF554D /* MockResource.swift in Sources */ = {isa = PBXBuildFile; fileRef = 5A5A8120244B95C000BF554D /* MockResource.swift */; };
		5A5A8123244B960500BF554D /* MockModel.swift in Sources */ = {isa = PBXBuildFile; fileRef = 5A5A8122244B960500BF554D /* MockModel.swift */; };
		5A5A8125244BA3D800BF554D /* MockCorruptModel.swift in Sources */ = {isa = PBXBuildFile; fileRef = 5A5A8124244BA3D800BF554D /* MockCorruptModel.swift */; };
		5A5A8127244BA5FD00BF554D /* MockCorruptParametersModel.swift in Sources */ = {isa = PBXBuildFile; fileRef = 5A5A8126244BA5FD00BF554D /* MockCorruptParametersModel.swift */; };
		6656BEBD045976CA2CEC4AE3 /* Pods_NetworkManagerTests.framework in Frameworks */ = {isa = PBXBuildFile; fileRef = 7529AD9DE31E87E29A292FBF /* Pods_NetworkManagerTests.framework */; };
		872E5E0096182FF74FFD0912 /* Pods_NetworkManager.framework in Frameworks */ = {isa = PBXBuildFile; fileRef = D6396BAC443EB0FD6D4A57DB /* Pods_NetworkManager.framework */; };
		D0FA2E3D21373CCC00C073A3 /* NetworkManager.framework in Frameworks */ = {isa = PBXBuildFile; fileRef = D0FA2E3321373CCC00C073A3 /* NetworkManager.framework */; };
		D0FA2E4421373CCC00C073A3 /* NetworkManager.h in Headers */ = {isa = PBXBuildFile; fileRef = D0FA2E3621373CCC00C073A3 /* NetworkManager.h */; settings = {ATTRIBUTES = (Public, ); }; };
/* End PBXBuildFile section */

/* Begin PBXContainerItemProxy section */
		D0FA2E3E21373CCC00C073A3 /* PBXContainerItemProxy */ = {
			isa = PBXContainerItemProxy;
			containerPortal = D0FA2E2A21373CCC00C073A3 /* Project object */;
			proxyType = 1;
			remoteGlobalIDString = D0FA2E3221373CCC00C073A3;
			remoteInfo = NetworkManager;
		};
/* End PBXContainerItemProxy section */

/* Begin PBXFileReference section */
		3F35EF52AF6F725871B0D98E /* Pods-NetworkManagerTests.debug.xcconfig */ = {isa = PBXFileReference; includeInIndex = 1; lastKnownFileType = text.xcconfig; name = "Pods-NetworkManagerTests.debug.xcconfig"; path = "../../Pods/Target Support Files/Pods-NetworkManagerTests/Pods-NetworkManagerTests.debug.xcconfig"; sourceTree = "<group>"; };
		56E40017254E0EE6E38E7E99 /* Pods-NetworkManager.debug.xcconfig */ = {isa = PBXFileReference; includeInIndex = 1; lastKnownFileType = text.xcconfig; name = "Pods-NetworkManager.debug.xcconfig"; path = "../../Pods/Target Support Files/Pods-NetworkManager/Pods-NetworkManager.debug.xcconfig"; sourceTree = "<group>"; };
		5A1CADD7244AF3E7002D0114 /* NetworkRequest.swift */ = {isa = PBXFileReference; lastKnownFileType = sourcecode.swift; path = NetworkRequest.swift; sourceTree = "<group>"; };
		5A1CADD9244AF415002D0114 /* APIRequest.swift */ = {isa = PBXFileReference; lastKnownFileType = sourcecode.swift; path = APIRequest.swift; sourceTree = "<group>"; };
		5A1CADDD244AF461002D0114 /* APIResource.swift */ = {isa = PBXFileReference; lastKnownFileType = sourcecode.swift; path = APIResource.swift; sourceTree = "<group>"; };
		5A1CADDF244AFB1B002D0114 /* URLParameterEncoder.swift */ = {isa = PBXFileReference; lastKnownFileType = sourcecode.swift; path = URLParameterEncoder.swift; sourceTree = "<group>"; };
		5A1CADE3244B1412002D0114 /* JSONParameterEncoder.swift */ = {isa = PBXFileReference; lastKnownFileType = sourcecode.swift; path = JSONParameterEncoder.swift; sourceTree = "<group>"; };
		5A1CADE5244B2210002D0114 /* HTTPMethod.swift */ = {isa = PBXFileReference; lastKnownFileType = sourcecode.swift; path = HTTPMethod.swift; sourceTree = "<group>"; };
		5A1CADE7244B3D8B002D0114 /* HTTPTask.swift */ = {isa = PBXFileReference; lastKnownFileType = sourcecode.swift; path = HTTPTask.swift; sourceTree = "<group>"; };
		5A1CADF5244B598D002D0114 /* JSONParameterEncoderTests.swift */ = {isa = PBXFileReference; lastKnownFileType = sourcecode.swift; path = JSONParameterEncoderTests.swift; sourceTree = "<group>"; };
		5A5A8114244B82D500BF554D /* URLParameterEncoderTests.swift */ = {isa = PBXFileReference; lastKnownFileType = sourcecode.swift; path = URLParameterEncoderTests.swift; sourceTree = "<group>"; };
		5A5A8117244B89B100BF554D /* APIRequestTests.swift */ = {isa = PBXFileReference; lastKnownFileType = sourcecode.swift; path = APIRequestTests.swift; sourceTree = "<group>"; };
		5A5A811A244B8DF700BF554D /* MockNetworkSession.swift */ = {isa = PBXFileReference; lastKnownFileType = sourcecode.swift; path = MockNetworkSession.swift; sourceTree = "<group>"; };
		5A5A811C244B8F6700BF554D /* MockDataTask.swift */ = {isa = PBXFileReference; lastKnownFileType = sourcecode.swift; path = MockDataTask.swift; sourceTree = "<group>"; };
		5A5A811E244B911A00BF554D /* NetworkSession.swift */ = {isa = PBXFileReference; lastKnownFileType = sourcecode.swift; path = NetworkSession.swift; sourceTree = "<group>"; };
		5A5A8120244B95C000BF554D /* MockResource.swift */ = {isa = PBXFileReference; lastKnownFileType = sourcecode.swift; path = MockResource.swift; sourceTree = "<group>"; };
		5A5A8122244B960500BF554D /* MockModel.swift */ = {isa = PBXFileReference; lastKnownFileType = sourcecode.swift; path = MockModel.swift; sourceTree = "<group>"; };
		5A5A8124244BA3D800BF554D /* MockCorruptModel.swift */ = {isa = PBXFileReference; lastKnownFileType = sourcecode.swift; path = MockCorruptModel.swift; sourceTree = "<group>"; };
		5A5A8126244BA5FD00BF554D /* MockCorruptParametersModel.swift */ = {isa = PBXFileReference; lastKnownFileType = sourcecode.swift; path = MockCorruptParametersModel.swift; sourceTree = "<group>"; };
		5EA4D6BA42570055750886FD /* Pods-NetworkManagerTests.release.xcconfig */ = {isa = PBXFileReference; includeInIndex = 1; lastKnownFileType = text.xcconfig; name = "Pods-NetworkManagerTests.release.xcconfig"; path = "../../Pods/Target Support Files/Pods-NetworkManagerTests/Pods-NetworkManagerTests.release.xcconfig"; sourceTree = "<group>"; };
		7529AD9DE31E87E29A292FBF /* Pods_NetworkManagerTests.framework */ = {isa = PBXFileReference; explicitFileType = wrapper.framework; includeInIndex = 0; path = Pods_NetworkManagerTests.framework; sourceTree = BUILT_PRODUCTS_DIR; };
		C1326FB6653D5411D03275E7 /* Pods-NetworkManager.release.xcconfig */ = {isa = PBXFileReference; includeInIndex = 1; lastKnownFileType = text.xcconfig; name = "Pods-NetworkManager.release.xcconfig"; path = "../../Pods/Target Support Files/Pods-NetworkManager/Pods-NetworkManager.release.xcconfig"; sourceTree = "<group>"; };
		D0FA2E3321373CCC00C073A3 /* NetworkManager.framework */ = {isa = PBXFileReference; explicitFileType = wrapper.framework; includeInIndex = 0; path = NetworkManager.framework; sourceTree = BUILT_PRODUCTS_DIR; };
		D0FA2E3621373CCC00C073A3 /* NetworkManager.h */ = {isa = PBXFileReference; lastKnownFileType = sourcecode.c.h; path = NetworkManager.h; sourceTree = "<group>"; };
		D0FA2E3721373CCC00C073A3 /* Info.plist */ = {isa = PBXFileReference; lastKnownFileType = text.plist.xml; path = Info.plist; sourceTree = "<group>"; };
		D0FA2E3C21373CCC00C073A3 /* NetworkManagerTests.xctest */ = {isa = PBXFileReference; explicitFileType = wrapper.cfbundle; includeInIndex = 0; path = NetworkManagerTests.xctest; sourceTree = BUILT_PRODUCTS_DIR; };
		D0FA2E4321373CCC00C073A3 /* Info.plist */ = {isa = PBXFileReference; lastKnownFileType = text.plist.xml; path = Info.plist; sourceTree = "<group>"; };
		D6396BAC443EB0FD6D4A57DB /* Pods_NetworkManager.framework */ = {isa = PBXFileReference; explicitFileType = wrapper.framework; includeInIndex = 0; path = Pods_NetworkManager.framework; sourceTree = BUILT_PRODUCTS_DIR; };
/* End PBXFileReference section */

/* Begin PBXFrameworksBuildPhase section */
		D0FA2E2F21373CCC00C073A3 /* Frameworks */ = {
			isa = PBXFrameworksBuildPhase;
			buildActionMask = 2147483647;
			files = (
				872E5E0096182FF74FFD0912 /* Pods_NetworkManager.framework in Frameworks */,
			);
			runOnlyForDeploymentPostprocessing = 0;
		};
		D0FA2E3921373CCC00C073A3 /* Frameworks */ = {
			isa = PBXFrameworksBuildPhase;
			buildActionMask = 2147483647;
			files = (
				D0FA2E3D21373CCC00C073A3 /* NetworkManager.framework in Frameworks */,
				6656BEBD045976CA2CEC4AE3 /* Pods_NetworkManagerTests.framework in Frameworks */,
			);
			runOnlyForDeploymentPostprocessing = 0;
		};
/* End PBXFrameworksBuildPhase section */

/* Begin PBXGroup section */
		5A1CADEB244B4B67002D0114 /* Service */ = {
			isa = PBXGroup;
			children = (
				5A1CADDD244AF461002D0114 /* APIResource.swift */,
				5A1CADE5244B2210002D0114 /* HTTPMethod.swift */,
				5A1CADE7244B3D8B002D0114 /* HTTPTask.swift */,
			);
			path = Service;
			sourceTree = "<group>";
		};
		5A1CADEC244B4BA8002D0114 /* Encoding */ = {
			isa = PBXGroup;
			children = (
				5A1CADE3244B1412002D0114 /* JSONParameterEncoder.swift */,
				5A1CADDF244AFB1B002D0114 /* URLParameterEncoder.swift */,
			);
			path = Encoding;
			sourceTree = "<group>";
		};
		5A1CADED244B4BBC002D0114 /* Request */ = {
			isa = PBXGroup;
			children = (
				5A1CADD9244AF415002D0114 /* APIRequest.swift */,
				5A1CADD7244AF3E7002D0114 /* NetworkRequest.swift */,
				5A5A811E244B911A00BF554D /* NetworkSession.swift */,
			);
			path = Request;
			sourceTree = "<group>";
		};
		5A1CADF7244B5992002D0114 /* Encoding */ = {
			isa = PBXGroup;
			children = (
				5A1CADF5244B598D002D0114 /* JSONParameterEncoderTests.swift */,
				5A5A8114244B82D500BF554D /* URLParameterEncoderTests.swift */,
			);
			path = Encoding;
			sourceTree = "<group>";
		};
		5A5A8116244B899F00BF554D /* Request */ = {
			isa = PBXGroup;
			children = (
				5A5A8117244B89B100BF554D /* APIRequestTests.swift */,
			);
			path = Request;
			sourceTree = "<group>";
		};
		5A5A8119244B8DEA00BF554D /* Mocks */ = {
			isa = PBXGroup;
			children = (
				5A5A812F244BAD5B00BF554D /* Models */,
				5A5A812E244BAD4D00BF554D /* Requests */,
				5A5A812D244BAD3E00BF554D /* Services */,
			);
			path = Mocks;
			sourceTree = "<group>";
		};
		5A5A8128244BAB8E00BF554D /* Tests */ = {
			isa = PBXGroup;
			children = (
				5A5A8116244B899F00BF554D /* Request */,
				5A1CADF7244B5992002D0114 /* Encoding */,
			);
			path = Tests;
			sourceTree = "<group>";
		};
		5A5A812D244BAD3E00BF554D /* Services */ = {
			isa = PBXGroup;
			children = (
				5A5A8124244BA3D800BF554D /* MockCorruptModel.swift */,
				5A5A8126244BA5FD00BF554D /* MockCorruptParametersModel.swift */,
				5A5A8120244B95C000BF554D /* MockResource.swift */,
			);
			path = Services;
			sourceTree = "<group>";
		};
		5A5A812E244BAD4D00BF554D /* Requests */ = {
			isa = PBXGroup;
			children = (
				5A5A811C244B8F6700BF554D /* MockDataTask.swift */,
				5A5A811A244B8DF700BF554D /* MockNetworkSession.swift */,
			);
			path = Requests;
			sourceTree = "<group>";
		};
		5A5A812F244BAD5B00BF554D /* Models */ = {
			isa = PBXGroup;
			children = (
				5A5A8122244B960500BF554D /* MockModel.swift */,
			);
			path = Models;
			sourceTree = "<group>";
		};
		7689145F0EFA253BA66799C6 /* Pods */ = {
			isa = PBXGroup;
			children = (
				56E40017254E0EE6E38E7E99 /* Pods-NetworkManager.debug.xcconfig */,
				C1326FB6653D5411D03275E7 /* Pods-NetworkManager.release.xcconfig */,
				3F35EF52AF6F725871B0D98E /* Pods-NetworkManagerTests.debug.xcconfig */,
				5EA4D6BA42570055750886FD /* Pods-NetworkManagerTests.release.xcconfig */,
			);
			name = Pods;
			sourceTree = "<group>";
		};
		D0FA2E2921373CCC00C073A3 = {
			isa = PBXGroup;
			children = (
				D0FA2E3521373CCC00C073A3 /* NetworkManager */,
				D0FA2E4021373CCC00C073A3 /* NetworkManagerTests */,
				D0FA2E3421373CCC00C073A3 /* Products */,
				7689145F0EFA253BA66799C6 /* Pods */,
				D6A71F658000A3AAD1C84BED /* Frameworks */,
			);
			sourceTree = "<group>";
		};
		D0FA2E3421373CCC00C073A3 /* Products */ = {
			isa = PBXGroup;
			children = (
				D0FA2E3321373CCC00C073A3 /* NetworkManager.framework */,
				D0FA2E3C21373CCC00C073A3 /* NetworkManagerTests.xctest */,
			);
			name = Products;
			sourceTree = "<group>";
		};
		D0FA2E3521373CCC00C073A3 /* NetworkManager */ = {
			isa = PBXGroup;
			children = (
				5A1CADEC244B4BA8002D0114 /* Encoding */,
				5A1CADED244B4BBC002D0114 /* Request */,
				5A1CADEB244B4B67002D0114 /* Service */,
				D0FA2E3721373CCC00C073A3 /* Info.plist */,
				D0FA2E3621373CCC00C073A3 /* NetworkManager.h */,
			);
			path = NetworkManager;
			sourceTree = "<group>";
		};
		D0FA2E4021373CCC00C073A3 /* NetworkManagerTests */ = {
			isa = PBXGroup;
			children = (
				5A5A8119244B8DEA00BF554D /* Mocks */,
				5A5A8128244BAB8E00BF554D /* Tests */,
				D0FA2E4321373CCC00C073A3 /* Info.plist */,
			);
			path = NetworkManagerTests;
			sourceTree = "<group>";
		};
		D6A71F658000A3AAD1C84BED /* Frameworks */ = {
			isa = PBXGroup;
			children = (
				D6396BAC443EB0FD6D4A57DB /* Pods_NetworkManager.framework */,
				7529AD9DE31E87E29A292FBF /* Pods_NetworkManagerTests.framework */,
			);
			name = Frameworks;
			sourceTree = "<group>";
		};
/* End PBXGroup section */

/* Begin PBXHeadersBuildPhase section */
		D0FA2E3021373CCC00C073A3 /* Headers */ = {
			isa = PBXHeadersBuildPhase;
			buildActionMask = 2147483647;
			files = (
				D0FA2E4421373CCC00C073A3 /* NetworkManager.h in Headers */,
			);
			runOnlyForDeploymentPostprocessing = 0;
		};
/* End PBXHeadersBuildPhase section */

/* Begin PBXNativeTarget section */
		D0FA2E3221373CCC00C073A3 /* NetworkManager */ = {
			isa = PBXNativeTarget;
			buildConfigurationList = D0FA2E4721373CCC00C073A3 /* Build configuration list for PBXNativeTarget "NetworkManager" */;
			buildPhases = (
				79C5514A7014DA5F355EF42E /* [CP] Check Pods Manifest.lock */,
				D0FA2E2E21373CCC00C073A3 /* Sources */,
				D0FA2E2F21373CCC00C073A3 /* Frameworks */,
				D0FA2E3021373CCC00C073A3 /* Headers */,
				D0FA2E3121373CCC00C073A3 /* Resources */,
			);
			buildRules = (
			);
			dependencies = (
			);
			name = NetworkManager;
			productName = NetworkManager;
			productReference = D0FA2E3321373CCC00C073A3 /* NetworkManager.framework */;
			productType = "com.apple.product-type.framework";
		};
		D0FA2E3B21373CCC00C073A3 /* NetworkManagerTests */ = {
			isa = PBXNativeTarget;
			buildConfigurationList = D0FA2E4A21373CCC00C073A3 /* Build configuration list for PBXNativeTarget "NetworkManagerTests" */;
			buildPhases = (
				35DEBCB7C67852BAAFA8CD3B /* [CP] Check Pods Manifest.lock */,
				D0FA2E3821373CCC00C073A3 /* Sources */,
				D0FA2E3921373CCC00C073A3 /* Frameworks */,
				D0FA2E3A21373CCC00C073A3 /* Resources */,
			);
			buildRules = (
			);
			dependencies = (
				D0FA2E3F21373CCC00C073A3 /* PBXTargetDependency */,
			);
			name = NetworkManagerTests;
			productName = NetworkManagerTests;
			productReference = D0FA2E3C21373CCC00C073A3 /* NetworkManagerTests.xctest */;
			productType = "com.apple.product-type.bundle.unit-test";
		};
/* End PBXNativeTarget section */

/* Begin PBXProject section */
		D0FA2E2A21373CCC00C073A3 /* Project object */ = {
			isa = PBXProject;
			attributes = {
				LastSwiftUpdateCheck = 0940;
				LastUpgradeCheck = 0940;
				ORGANIZATIONNAME = "Никита Васильев";
				TargetAttributes = {
					D0FA2E3221373CCC00C073A3 = {
						CreatedOnToolsVersion = 9.4.1;
						LastSwiftMigration = 0940;
					};
					D0FA2E3B21373CCC00C073A3 = {
						CreatedOnToolsVersion = 9.4.1;
						LastSwiftMigration = 1130;
					};
				};
			};
			buildConfigurationList = D0FA2E2D21373CCC00C073A3 /* Build configuration list for PBXProject "NetworkManager" */;
			compatibilityVersion = "Xcode 9.3";
			developmentRegion = en;
			hasScannedForEncodings = 0;
			knownRegions = (
				en,
				Base,
			);
			mainGroup = D0FA2E2921373CCC00C073A3;
			productRefGroup = D0FA2E3421373CCC00C073A3 /* Products */;
			projectDirPath = "";
			projectRoot = "";
			targets = (
				D0FA2E3221373CCC00C073A3 /* NetworkManager */,
				D0FA2E3B21373CCC00C073A3 /* NetworkManagerTests */,
			);
		};
/* End PBXProject section */

/* Begin PBXResourcesBuildPhase section */
		D0FA2E3121373CCC00C073A3 /* Resources */ = {
			isa = PBXResourcesBuildPhase;
			buildActionMask = 2147483647;
			files = (
			);
			runOnlyForDeploymentPostprocessing = 0;
		};
		D0FA2E3A21373CCC00C073A3 /* Resources */ = {
			isa = PBXResourcesBuildPhase;
			buildActionMask = 2147483647;
			files = (
			);
			runOnlyForDeploymentPostprocessing = 0;
		};
/* End PBXResourcesBuildPhase section */

/* Begin PBXShellScriptBuildPhase section */
		35DEBCB7C67852BAAFA8CD3B /* [CP] Check Pods Manifest.lock */ = {
			isa = PBXShellScriptBuildPhase;
			buildActionMask = 2147483647;
			files = (
			);
			inputPaths = (
				"${PODS_PODFILE_DIR_PATH}/Podfile.lock",
				"${PODS_ROOT}/Manifest.lock",
			);
			name = "[CP] Check Pods Manifest.lock";
			outputPaths = (
				"$(DERIVED_FILE_DIR)/Pods-NetworkManagerTests-checkManifestLockResult.txt",
			);
			runOnlyForDeploymentPostprocessing = 0;
			shellPath = /bin/sh;
			shellScript = "diff \"${PODS_PODFILE_DIR_PATH}/Podfile.lock\" \"${PODS_ROOT}/Manifest.lock\" > /dev/null\nif [ $? != 0 ] ; then\n    # print error to STDERR\n    echo \"error: The sandbox is not in sync with the Podfile.lock. Run 'pod install' or update your CocoaPods installation.\" >&2\n    exit 1\nfi\n# This output is used by Xcode 'outputs' to avoid re-running this script phase.\necho \"SUCCESS\" > \"${SCRIPT_OUTPUT_FILE_0}\"\n";
			showEnvVarsInLog = 0;
		};
		79C5514A7014DA5F355EF42E /* [CP] Check Pods Manifest.lock */ = {
			isa = PBXShellScriptBuildPhase;
			buildActionMask = 2147483647;
			files = (
			);
			inputPaths = (
				"${PODS_PODFILE_DIR_PATH}/Podfile.lock",
				"${PODS_ROOT}/Manifest.lock",
			);
			name = "[CP] Check Pods Manifest.lock";
			outputPaths = (
				"$(DERIVED_FILE_DIR)/Pods-NetworkManager-checkManifestLockResult.txt",
			);
			runOnlyForDeploymentPostprocessing = 0;
			shellPath = /bin/sh;
			shellScript = "diff \"${PODS_PODFILE_DIR_PATH}/Podfile.lock\" \"${PODS_ROOT}/Manifest.lock\" > /dev/null\nif [ $? != 0 ] ; then\n    # print error to STDERR\n    echo \"error: The sandbox is not in sync with the Podfile.lock. Run 'pod install' or update your CocoaPods installation.\" >&2\n    exit 1\nfi\n# This output is used by Xcode 'outputs' to avoid re-running this script phase.\necho \"SUCCESS\" > \"${SCRIPT_OUTPUT_FILE_0}\"\n";
			showEnvVarsInLog = 0;
		};
/* End PBXShellScriptBuildPhase section */

/* Begin PBXSourcesBuildPhase section */
		D0FA2E2E21373CCC00C073A3 /* Sources */ = {
			isa = PBXSourcesBuildPhase;
			buildActionMask = 2147483647;
			files = (
				5A1CADD8244AF3E7002D0114 /* NetworkRequest.swift in Sources */,
				5A1CADE6244B2210002D0114 /* HTTPMethod.swift in Sources */,
				5A1CADE4244B1412002D0114 /* JSONParameterEncoder.swift in Sources */,
				5A1CADE8244B3D8B002D0114 /* HTTPTask.swift in Sources */,
				5A1CADE0244AFB1C002D0114 /* URLParameterEncoder.swift in Sources */,
				5A5A811F244B911A00BF554D /* NetworkSession.swift in Sources */,
				5A1CADDA244AF415002D0114 /* APIRequest.swift in Sources */,
				5A1CADDE244AF461002D0114 /* APIResource.swift in Sources */,
			);
			runOnlyForDeploymentPostprocessing = 0;
		};
		D0FA2E3821373CCC00C073A3 /* Sources */ = {
			isa = PBXSourcesBuildPhase;
			buildActionMask = 2147483647;
			files = (
				5A1CADF6244B598D002D0114 /* JSONParameterEncoderTests.swift in Sources */,
				5A5A8127244BA5FD00BF554D /* MockCorruptParametersModel.swift in Sources */,
				5A5A8115244B82D500BF554D /* URLParameterEncoderTests.swift in Sources */,
				5A5A811B244B8DF700BF554D /* MockNetworkSession.swift in Sources */,
				5A5A8125244BA3D800BF554D /* MockCorruptModel.swift in Sources */,
				5A5A8123244B960500BF554D /* MockModel.swift in Sources */,
				5A5A811D244B8F6700BF554D /* MockDataTask.swift in Sources */,
				5A5A8118244B89B100BF554D /* APIRequestTests.swift in Sources */,
				5A5A8121244B95C000BF554D /* MockResource.swift in Sources */,
			);
			runOnlyForDeploymentPostprocessing = 0;
		};
/* End PBXSourcesBuildPhase section */

/* Begin PBXTargetDependency section */
		D0FA2E3F21373CCC00C073A3 /* PBXTargetDependency */ = {
			isa = PBXTargetDependency;
			target = D0FA2E3221373CCC00C073A3 /* NetworkManager */;
			targetProxy = D0FA2E3E21373CCC00C073A3 /* PBXContainerItemProxy */;
		};
/* End PBXTargetDependency section */

/* Begin XCBuildConfiguration section */
		D0FA2E4521373CCC00C073A3 /* Debug */ = {
			isa = XCBuildConfiguration;
			buildSettings = {
				ALWAYS_SEARCH_USER_PATHS = NO;
				CLANG_ANALYZER_NONNULL = YES;
				CLANG_ANALYZER_NUMBER_OBJECT_CONVERSION = YES_AGGRESSIVE;
				CLANG_CXX_LANGUAGE_STANDARD = "gnu++14";
				CLANG_CXX_LIBRARY = "libc++";
				CLANG_ENABLE_MODULES = YES;
				CLANG_ENABLE_OBJC_ARC = YES;
				CLANG_ENABLE_OBJC_WEAK = YES;
				CLANG_WARN_BLOCK_CAPTURE_AUTORELEASING = YES;
				CLANG_WARN_BOOL_CONVERSION = YES;
				CLANG_WARN_COMMA = YES;
				CLANG_WARN_CONSTANT_CONVERSION = YES;
				CLANG_WARN_DEPRECATED_OBJC_IMPLEMENTATIONS = YES;
				CLANG_WARN_DIRECT_OBJC_ISA_USAGE = YES_ERROR;
				CLANG_WARN_DOCUMENTATION_COMMENTS = YES;
				CLANG_WARN_EMPTY_BODY = YES;
				CLANG_WARN_ENUM_CONVERSION = YES;
				CLANG_WARN_INFINITE_RECURSION = YES;
				CLANG_WARN_INT_CONVERSION = YES;
				CLANG_WARN_NON_LITERAL_NULL_CONVERSION = YES;
				CLANG_WARN_OBJC_IMPLICIT_RETAIN_SELF = YES;
				CLANG_WARN_OBJC_LITERAL_CONVERSION = YES;
				CLANG_WARN_OBJC_ROOT_CLASS = YES_ERROR;
				CLANG_WARN_RANGE_LOOP_ANALYSIS = YES;
				CLANG_WARN_STRICT_PROTOTYPES = YES;
				CLANG_WARN_SUSPICIOUS_MOVE = YES;
				CLANG_WARN_UNGUARDED_AVAILABILITY = YES_AGGRESSIVE;
				CLANG_WARN_UNREACHABLE_CODE = YES;
				CLANG_WARN__DUPLICATE_METHOD_MATCH = YES;
				CODE_SIGN_IDENTITY = "iPhone Developer";
				COPY_PHASE_STRIP = NO;
				CURRENT_PROJECT_VERSION = 1;
				DEBUG_INFORMATION_FORMAT = dwarf;
				ENABLE_STRICT_OBJC_MSGSEND = YES;
				ENABLE_TESTABILITY = YES;
				GCC_C_LANGUAGE_STANDARD = gnu11;
				GCC_DYNAMIC_NO_PIC = NO;
				GCC_NO_COMMON_BLOCKS = YES;
				GCC_OPTIMIZATION_LEVEL = 0;
				GCC_PREPROCESSOR_DEFINITIONS = (
					"DEBUG=1",
					"$(inherited)",
				);
				GCC_WARN_64_TO_32_BIT_CONVERSION = YES;
				GCC_WARN_ABOUT_RETURN_TYPE = YES_ERROR;
				GCC_WARN_UNDECLARED_SELECTOR = YES;
				GCC_WARN_UNINITIALIZED_AUTOS = YES_AGGRESSIVE;
				GCC_WARN_UNUSED_FUNCTION = YES;
				GCC_WARN_UNUSED_VARIABLE = YES;
				IPHONEOS_DEPLOYMENT_TARGET = 11.4;
				MTL_ENABLE_DEBUG_INFO = YES;
				ONLY_ACTIVE_ARCH = YES;
				SDKROOT = iphoneos;
				SWIFT_ACTIVE_COMPILATION_CONDITIONS = DEBUG;
				SWIFT_OPTIMIZATION_LEVEL = "-Onone";
				VERSIONING_SYSTEM = "apple-generic";
				VERSION_INFO_PREFIX = "";
			};
			name = Debug;
		};
		D0FA2E4621373CCC00C073A3 /* Release */ = {
			isa = XCBuildConfiguration;
			buildSettings = {
				ALWAYS_SEARCH_USER_PATHS = NO;
				CLANG_ANALYZER_NONNULL = YES;
				CLANG_ANALYZER_NUMBER_OBJECT_CONVERSION = YES_AGGRESSIVE;
				CLANG_CXX_LANGUAGE_STANDARD = "gnu++14";
				CLANG_CXX_LIBRARY = "libc++";
				CLANG_ENABLE_MODULES = YES;
				CLANG_ENABLE_OBJC_ARC = YES;
				CLANG_ENABLE_OBJC_WEAK = YES;
				CLANG_WARN_BLOCK_CAPTURE_AUTORELEASING = YES;
				CLANG_WARN_BOOL_CONVERSION = YES;
				CLANG_WARN_COMMA = YES;
				CLANG_WARN_CONSTANT_CONVERSION = YES;
				CLANG_WARN_DEPRECATED_OBJC_IMPLEMENTATIONS = YES;
				CLANG_WARN_DIRECT_OBJC_ISA_USAGE = YES_ERROR;
				CLANG_WARN_DOCUMENTATION_COMMENTS = YES;
				CLANG_WARN_EMPTY_BODY = YES;
				CLANG_WARN_ENUM_CONVERSION = YES;
				CLANG_WARN_INFINITE_RECURSION = YES;
				CLANG_WARN_INT_CONVERSION = YES;
				CLANG_WARN_NON_LITERAL_NULL_CONVERSION = YES;
				CLANG_WARN_OBJC_IMPLICIT_RETAIN_SELF = YES;
				CLANG_WARN_OBJC_LITERAL_CONVERSION = YES;
				CLANG_WARN_OBJC_ROOT_CLASS = YES_ERROR;
				CLANG_WARN_RANGE_LOOP_ANALYSIS = YES;
				CLANG_WARN_STRICT_PROTOTYPES = YES;
				CLANG_WARN_SUSPICIOUS_MOVE = YES;
				CLANG_WARN_UNGUARDED_AVAILABILITY = YES_AGGRESSIVE;
				CLANG_WARN_UNREACHABLE_CODE = YES;
				CLANG_WARN__DUPLICATE_METHOD_MATCH = YES;
				CODE_SIGN_IDENTITY = "iPhone Developer";
				COPY_PHASE_STRIP = NO;
				CURRENT_PROJECT_VERSION = 1;
				DEBUG_INFORMATION_FORMAT = "dwarf-with-dsym";
				ENABLE_NS_ASSERTIONS = NO;
				ENABLE_STRICT_OBJC_MSGSEND = YES;
				GCC_C_LANGUAGE_STANDARD = gnu11;
				GCC_NO_COMMON_BLOCKS = YES;
				GCC_WARN_64_TO_32_BIT_CONVERSION = YES;
				GCC_WARN_ABOUT_RETURN_TYPE = YES_ERROR;
				GCC_WARN_UNDECLARED_SELECTOR = YES;
				GCC_WARN_UNINITIALIZED_AUTOS = YES_AGGRESSIVE;
				GCC_WARN_UNUSED_FUNCTION = YES;
				GCC_WARN_UNUSED_VARIABLE = YES;
				IPHONEOS_DEPLOYMENT_TARGET = 11.4;
				MTL_ENABLE_DEBUG_INFO = NO;
				SDKROOT = iphoneos;
				SWIFT_COMPILATION_MODE = wholemodule;
				SWIFT_OPTIMIZATION_LEVEL = "-O";
				VALIDATE_PRODUCT = YES;
				VERSIONING_SYSTEM = "apple-generic";
				VERSION_INFO_PREFIX = "";
			};
			name = Release;
		};
		D0FA2E4821373CCC00C073A3 /* Debug */ = {
			isa = XCBuildConfiguration;
			baseConfigurationReference = 56E40017254E0EE6E38E7E99 /* Pods-NetworkManager.debug.xcconfig */;
			buildSettings = {
				CLANG_ENABLE_MODULES = YES;
				CODE_SIGN_IDENTITY = "";
				CODE_SIGN_STYLE = Automatic;
				DEFINES_MODULE = YES;
				DEVELOPMENT_TEAM = A8WE5LL2GU;
				DYLIB_COMPATIBILITY_VERSION = 1;
				DYLIB_CURRENT_VERSION = 1;
				DYLIB_INSTALL_NAME_BASE = "@rpath";
				INFOPLIST_FILE = NetworkManager/Info.plist;
				INSTALL_PATH = "$(LOCAL_LIBRARY_DIR)/Frameworks";
				IPHONEOS_DEPLOYMENT_TARGET = 10.0;
				LD_RUNPATH_SEARCH_PATHS = (
					"$(inherited)",
					"@executable_path/Frameworks",
					"@loader_path/Frameworks",
				);
				PRODUCT_BUNDLE_IDENTIFIER = com.nikitavasilev.NetworkManager;
				PRODUCT_NAME = "$(TARGET_NAME:c99extidentifier)";
				SKIP_INSTALL = YES;
				SUPPORTS_MACCATALYST = NO;
				SWIFT_OPTIMIZATION_LEVEL = "-Onone";
				SWIFT_VERSION = 5.0;
				TARGETED_DEVICE_FAMILY = 1;
			};
			name = Debug;
		};
		D0FA2E4921373CCC00C073A3 /* Release */ = {
			isa = XCBuildConfiguration;
			baseConfigurationReference = C1326FB6653D5411D03275E7 /* Pods-NetworkManager.release.xcconfig */;
			buildSettings = {
				CLANG_ENABLE_MODULES = YES;
				CODE_SIGN_IDENTITY = "";
				CODE_SIGN_STYLE = Automatic;
				DEFINES_MODULE = YES;
				DEVELOPMENT_TEAM = A8WE5LL2GU;
				DYLIB_COMPATIBILITY_VERSION = 1;
				DYLIB_CURRENT_VERSION = 1;
				DYLIB_INSTALL_NAME_BASE = "@rpath";
				INFOPLIST_FILE = NetworkManager/Info.plist;
				INSTALL_PATH = "$(LOCAL_LIBRARY_DIR)/Frameworks";
				IPHONEOS_DEPLOYMENT_TARGET = 10.0;
				LD_RUNPATH_SEARCH_PATHS = (
					"$(inherited)",
					"@executable_path/Frameworks",
					"@loader_path/Frameworks",
				);
				PRODUCT_BUNDLE_IDENTIFIER = com.nikitavasilev.NetworkManager;
				PRODUCT_NAME = "$(TARGET_NAME:c99extidentifier)";
				SKIP_INSTALL = YES;
				SUPPORTS_MACCATALYST = NO;
				SWIFT_VERSION = 5.0;
				TARGETED_DEVICE_FAMILY = 1;
			};
			name = Release;
		};
		D0FA2E4B21373CCC00C073A3 /* Debug */ = {
			isa = XCBuildConfiguration;
			baseConfigurationReference = 3F35EF52AF6F725871B0D98E /* Pods-NetworkManagerTests.debug.xcconfig */;
			buildSettings = {
				ALWAYS_EMBED_SWIFT_STANDARD_LIBRARIES = YES;
				CLANG_ENABLE_MODULES = YES;
				CODE_SIGN_STYLE = Automatic;
				DEVELOPMENT_TEAM = A8WE5LL2GU;
				INFOPLIST_FILE = NetworkManagerTests/Info.plist;
				LD_RUNPATH_SEARCH_PATHS = (
					"$(inherited)",
					"@executable_path/Frameworks",
					"@loader_path/Frameworks",
				);
				PRODUCT_BUNDLE_IDENTIFIER = com.nikitavasilev.NetworkManagerTests;
				PRODUCT_NAME = "$(TARGET_NAME)";
				SWIFT_OPTIMIZATION_LEVEL = "-Onone";
				SWIFT_VERSION = 5.0;
				TARGETED_DEVICE_FAMILY = "1,2";
			};
			name = Debug;
		};
		D0FA2E4C21373CCC00C073A3 /* Release */ = {
			isa = XCBuildConfiguration;
			baseConfigurationReference = 5EA4D6BA42570055750886FD /* Pods-NetworkManagerTests.release.xcconfig */;
			buildSettings = {
				ALWAYS_EMBED_SWIFT_STANDARD_LIBRARIES = YES;
				CLANG_ENABLE_MODULES = YES;
				CODE_SIGN_STYLE = Automatic;
				DEVELOPMENT_TEAM = A8WE5LL2GU;
				INFOPLIST_FILE = NetworkManagerTests/Info.plist;
				LD_RUNPATH_SEARCH_PATHS = (
					"$(inherited)",
					"@executable_path/Frameworks",
					"@loader_path/Frameworks",
				);
				PRODUCT_BUNDLE_IDENTIFIER = com.nikitavasilev.NetworkManagerTests;
				PRODUCT_NAME = "$(TARGET_NAME)";
				SWIFT_VERSION = 5.0;
				TARGETED_DEVICE_FAMILY = "1,2";
			};
			name = Release;
		};
/* End XCBuildConfiguration section */

/* Begin XCConfigurationList section */
		D0FA2E2D21373CCC00C073A3 /* Build configuration list for PBXProject "NetworkManager" */ = {
			isa = XCConfigurationList;
			buildConfigurations = (
				D0FA2E4521373CCC00C073A3 /* Debug */,
				D0FA2E4621373CCC00C073A3 /* Release */,
			);
			defaultConfigurationIsVisible = 0;
			defaultConfigurationName = Release;
		};
		D0FA2E4721373CCC00C073A3 /* Build configuration list for PBXNativeTarget "NetworkManager" */ = {
			isa = XCConfigurationList;
			buildConfigurations = (
				D0FA2E4821373CCC00C073A3 /* Debug */,
				D0FA2E4921373CCC00C073A3 /* Release */,
			);
			defaultConfigurationIsVisible = 0;
			defaultConfigurationName = Release;
		};
		D0FA2E4A21373CCC00C073A3 /* Build configuration list for PBXNativeTarget "NetworkManagerTests" */ = {
			isa = XCConfigurationList;
			buildConfigurations = (
				D0FA2E4B21373CCC00C073A3 /* Debug */,
				D0FA2E4C21373CCC00C073A3 /* Release */,
			);
			defaultConfigurationIsVisible = 0;
			defaultConfigurationName = Release;
		};
/* End XCConfigurationList section */
	};
	rootObject = D0FA2E2A21373CCC00C073A3 /* Project object */;
}
